// !$*UTF8*$!
{
	archiveVersion = 1;
	classes = {
	};
	objectVersion = 46;
	objects = {

/* Begin PBXBuildFile section */
		0AC57AEADFC24AD5A5E23D9F /* YfspCategory.swift in Sources */ = {isa = PBXBuildFile; fileRef = 2756E4A10CDFB30FB0A2DE0F /* YfspCategory.swift */; };
		17073710C44A48EF9E33BA50 /* BrowserViewModel.swift in Sources */ = {isa = PBXBuildFile; fileRef = 0C173C6285DF9D611A2103E9 /* BrowserViewModel.swift */; };
		1FE26FE103D69709585AB7FA /* BrowserView.swift in Sources */ = {isa = PBXBuildFile; fileRef = 83ED29EFFC5A478AF4C2EEB3 /* BrowserView.swift */; };
		392640DF04DA7B2587D65F53 /* WebView.swift in Sources */ = {isa = PBXBuildFile; fileRef = B55107C35AD2C86AB474E5BC /* WebView.swift */; };
		49371B762FB4F6AD83EE5FA5 /* Foundation.framework in Frameworks */ = {isa = PBXBuildFile; fileRef = 6B02E2E63F1E5D2C3F59953F /* Foundation.framework */; };
		BC1413AF2B16D3E20A256AB3 /* YfspApp.swift in Sources */ = {isa = PBXBuildFile; fileRef = A5EE37D8C4433AEFE21DED74 /* YfspApp.swift */; };
/* End PBXBuildFile section */

/* Begin PBXFileReference section */
		0C173C6285DF9D611A2103E9 /* BrowserViewModel.swift */ = {isa = PBXFileReference; includeInIndex = 1; lastKnownFileType = sourcecode.swift; path = BrowserViewModel.swift; sourceTree = "<group>"; };
		2756E4A10CDFB30FB0A2DE0F /* YfspCategory.swift */ = {isa = PBXFileReference; includeInIndex = 1; lastKnownFileType = sourcecode.swift; path = YfspCategory.swift; sourceTree = "<group>"; };
		4BEE665B58F171E9CF32112A /* YFSP.entitlements */ = {isa = PBXFileReference; includeInIndex = 1; lastKnownFileType = text.plist.entitlements; path = YFSP.entitlements; sourceTree = "<group>"; };
		4E38CBDD9FAF4E124FBDB86B /* YFSP.app */ = {isa = PBXFileReference; explicitFileType = wrapper.application; includeInIndex = 0; path = YFSP.app; sourceTree = BUILT_PRODUCTS_DIR; };
		6B02E2E63F1E5D2C3F59953F /* Foundation.framework */ = {isa = PBXFileReference; lastKnownFileType = wrapper.framework; name = Foundation.framework; path = Platforms/iPhoneOS.platform/Developer/SDKs/iPhoneOS18.0.sdk/System/Library/Frameworks/Foundation.framework; sourceTree = DEVELOPER_DIR; };
		83ED29EFFC5A478AF4C2EEB3 /* BrowserView.swift */ = {isa = PBXFileReference; includeInIndex = 1; lastKnownFileType = sourcecode.swift; path = BrowserView.swift; sourceTree = "<group>"; };
		A5EE37D8C4433AEFE21DED74 /* YfspApp.swift */ = {isa = PBXFileReference; includeInIndex = 1; lastKnownFileType = sourcecode.swift; path = YfspApp.swift; sourceTree = "<group>"; };
		B55107C35AD2C86AB474E5BC /* WebView.swift */ = {isa = PBXFileReference; includeInIndex = 1; lastKnownFileType = sourcecode.swift; path = WebView.swift; sourceTree = "<group>"; };
		DA89136E4668982DA69505F0 /* Info.plist */ = {isa = PBXFileReference; includeInIndex = 1; lastKnownFileType = text.plist.xml; path = Info.plist; sourceTree = "<group>"; };
/* End PBXFileReference section */

/* Begin PBXFrameworksBuildPhase section */
		0966872E172837B879072C52 /* Frameworks */ = {
			isa = PBXFrameworksBuildPhase;
			buildActionMask = 2147483647;
			files = (
				49371B762FB4F6AD83EE5FA5 /* Foundation.framework in Frameworks */,
			);
			runOnlyForDeploymentPostprocessing = 0;
		};
/* End PBXFrameworksBuildPhase section */

/* Begin PBXGroup section */
		1EB5AC949ECC1FF2C8446B9C /* Resources */ = {
			isa = PBXGroup;
			children = (
				DA89136E4668982DA69505F0 /* Info.plist */,
			);
			name = Resources;
			path = Resources;
			sourceTree = "<group>";
		};
		2D42B59CCBD6891DC66CFE8B = {
			isa = PBXGroup;
			children = (
				A4C4E550932A3025AE7C79FB /* Products */,
				6406D9431F52DC084BD1D595 /* Frameworks */,
				B4289E45F0A0A9D7E2DFB379 /* YFSP */,
			);
			sourceTree = "<group>";
		};
		6406D9431F52DC084BD1D595 /* Frameworks */ = {
			isa = PBXGroup;
			children = (
				A2E53839FCAAB88EB7291608 /* iOS */,
			);
			name = Frameworks;
			sourceTree = "<group>";
		};
		7C19D9F3BDA7E4E7A3E2F98A /* App */ = {
			isa = PBXGroup;
			children = (
				83ED29EFFC5A478AF4C2EEB3 /* BrowserView.swift */,
				0C173C6285DF9D611A2103E9 /* BrowserViewModel.swift */,
				B55107C35AD2C86AB474E5BC /* WebView.swift */,
				A5EE37D8C4433AEFE21DED74 /* YfspApp.swift */,
				2756E4A10CDFB30FB0A2DE0F /* YfspCategory.swift */,
			);
			name = App;
			path = App;
			sourceTree = "<group>";
		};
		A2E53839FCAAB88EB7291608 /* iOS */ = {
			isa = PBXGroup;
			children = (
				6B02E2E63F1E5D2C3F59953F /* Foundation.framework */,
			);
			name = iOS;
			sourceTree = "<group>";
		};
		A4C4E550932A3025AE7C79FB /* Products */ = {
			isa = PBXGroup;
			children = (
				4E38CBDD9FAF4E124FBDB86B /* YFSP.app */,
			);
			name = Products;
			sourceTree = "<group>";
		};
		B4289E45F0A0A9D7E2DFB379 /* YFSP */ = {
			isa = PBXGroup;
			children = (
				7C19D9F3BDA7E4E7A3E2F98A /* App */,
				1EB5AC949ECC1FF2C8446B9C /* Resources */,
				4BEE665B58F171E9CF32112A /* YFSP.entitlements */,
			);
			name = YFSP;
			path = YFSP;
			sourceTree = "<group>";
		};
/* End PBXGroup section */

/* Begin PBXNativeTarget section */
		59BF939CFAF00BE46CA94BC5 /* YFSP */ = {
			isa = PBXNativeTarget;
			buildConfigurationList = D279342561C564BF1C4AD466 /* Build configuration list for PBXNativeTarget "YFSP" */;
			buildPhases = (
				7A506E1D3C131EC630A0261D /* Sources */,
				0966872E172837B879072C52 /* Frameworks */,
				6A1DB94A47FC7F99D42FE90F /* Resources */,
			);
			buildRules = (
			);
			dependencies = (
			);
			name = YFSP;
			productName = YFSP;
			productReference = 4E38CBDD9FAF4E124FBDB86B /* YFSP.app */;
			productType = "com.apple.product-type.application";
		};
/* End PBXNativeTarget section */

/* Begin PBXProject section */
		CCA15E5A8348040A51366D89 /* Project object */ = {
			isa = PBXProject;
			attributes = {
				LastSwiftUpdateCheck = 2620;
				LastUpgradeCheck = 2620;
				TargetAttributes = {
					59BF939CFAF00BE46CA94BC5 = {
						CreatedOnToolsVersion = 26.2;
					};
				};
			};
			buildConfigurationList = E433A5F08B4C1D63EA86A3E5 /* Build configuration list for PBXProject "YFSP" */;
			compatibilityVersion = "Xcode 3.2";
			developmentRegion = en;
			hasScannedForEncodings = 0;
			knownRegions = (
				en,
				Base,
			);
			mainGroup = 2D42B59CCBD6891DC66CFE8B;
			minimizedProjectReferenceProxies = 0;
			preferredProjectObjectVersion = 77;
			productRefGroup = A4C4E550932A3025AE7C79FB /* Products */;
			projectDirPath = "";
			projectRoot = "";
			targets = (
				59BF939CFAF00BE46CA94BC5 /* YFSP */,
			);
		};
/* End PBXProject section */

/* Begin PBXResourcesBuildPhase section */
		6A1DB94A47FC7F99D42FE90F /* Resources */ = {
			isa = PBXResourcesBuildPhase;
			buildActionMask = 2147483647;
			files = (
			);
			runOnlyForDeploymentPostprocessing = 0;
		};
/* End PBXResourcesBuildPhase section */

/* Begin PBXSourcesBuildPhase section */
		7A506E1D3C131EC630A0261D /* Sources */ = {
			isa = PBXSourcesBuildPhase;
			buildActionMask = 2147483647;
			files = (
				1FE26FE103D69709585AB7FA /* BrowserView.swift in Sources */,
				17073710C44A48EF9E33BA50 /* BrowserViewModel.swift in Sources */,
				392640DF04DA7B2587D65F53 /* WebView.swift in Sources */,
				BC1413AF2B16D3E20A256AB3 /* YfspApp.swift in Sources */,
				0AC57AEADFC24AD5A5E23D9F /* YfspCategory.swift in Sources */,
			);
			runOnlyForDeploymentPostprocessing = 0;
		};
/* End PBXSourcesBuildPhase section */

/* Begin XCBuildConfiguration section */
		67F0A63227A2FA39E773DEBF /* Debug */ = {
			isa = XCBuildConfiguration;
			buildSettings = {
				ALWAYS_SEARCH_USER_PATHS = NO;
				CLANG_ANALYZER_NONNULL = YES;
				CLANG_ANALYZER_NUMBER_OBJECT_CONVERSION = YES_AGGRESSIVE;
				CLANG_CXX_LANGUAGE_STANDARD = "gnu++14";
				CLANG_CXX_LIBRARY = "libc++";
				CLANG_ENABLE_MODULES = YES;
				CLANG_ENABLE_OBJC_ARC = YES;
				CLANG_ENABLE_OBJC_WEAK = YES;
				CLANG_WARN_BLOCK_CAPTURE_AUTORELEASING = YES;
				CLANG_WARN_BOOL_CONVERSION = YES;
				CLANG_WARN_COMMA = YES;
				CLANG_WARN_CONSTANT_CONVERSION = YES;
				CLANG_WARN_DEPRECATED_OBJC_IMPLEMENTATIONS = YES;
				CLANG_WARN_DIRECT_OBJC_ISA_USAGE = YES_ERROR;
				CLANG_WARN_DOCUMENTATION_COMMENTS = YES;
				CLANG_WARN_EMPTY_BODY = YES;
				CLANG_WARN_ENUM_CONVERSION = YES;
				CLANG_WARN_INFINITE_RECURSION = YES;
				CLANG_WARN_INT_CONVERSION = YES;
				CLANG_WARN_NON_LITERAL_NULL_CONVERSION = YES;
				CLANG_WARN_OBJC_IMPLICIT_RETAIN_SELF = YES;
				CLANG_WARN_OBJC_LITERAL_CONVERSION = YES;
				CLANG_WARN_OBJC_ROOT_CLASS = YES_ERROR;
				CLANG_WARN_QUOTED_INCLUDE_IN_FRAMEWORK_HEADER = YES;
				CLANG_WARN_RANGE_LOOP_ANALYSIS = YES;
				CLANG_WARN_STRICT_PROTOTYPES = YES;
				CLANG_WARN_SUSPICIOUS_MOVE = YES;
				CLANG_WARN_UNGUARDED_AVAILABILITY = YES_AGGRESSIVE;
				CLANG_WARN_UNREACHABLE_CODE = YES;
				CLANG_WARN__DUPLICATE_METHOD_MATCH = YES;
				COPY_PHASE_STRIP = NO;
				DEBUG_INFORMATION_FORMAT = dwarf;
				ENABLE_STRICT_OBJC_MSGSEND = YES;
				ENABLE_TESTABILITY = YES;
				GCC_C_LANGUAGE_STANDARD = gnu11;
				GCC_DYNAMIC_NO_PIC = NO;
				GCC_NO_COMMON_BLOCKS = YES;
				GCC_OPTIMIZATION_LEVEL = 0;
				GCC_PREPROCESSOR_DEFINITIONS = (
					"DEBUG=1",
					"$(inherited)",
				);
				GCC_WARN_64_TO_32_BIT_CONVERSION = YES;
				GCC_WARN_ABOUT_RETURN_TYPE = YES_ERROR;
				GCC_WARN_UNDECLARED_SELECTOR = YES;
				GCC_WARN_UNINITIALIZED_AUTOS = YES_AGGRESSIVE;
				GCC_WARN_UNUSED_FUNCTION = YES;
				GCC_WARN_UNUSED_VARIABLE = YES;
				IPHONEOS_DEPLOYMENT_TARGET = 17.0;
				MTL_ENABLE_DEBUG_INFO = INCLUDE_SOURCE;
				MTL_FAST_MATH = YES;
				ONLY_ACTIVE_ARCH = YES;
				PRODUCT_NAME = "$(TARGET_NAME)";
				SWIFT_ACTIVE_COMPILATION_CONDITIONS = DEBUG;
				SWIFT_OPTIMIZATION_LEVEL = "-Onone";
				SWIFT_VERSION = 6.0;
			};
			name = Debug;
		};
		6B0AC5D83EC72EB5AC69BD48 /* Release */ = {
			isa = XCBuildConfiguration;
			buildSettings = {
				ASSETCATALOG_COMPILER_APPICON_NAME = "";
				ASSETCATALOG_COMPILER_GLOBAL_ACCENT_COLOR_NAME = AccentColor;
				CLANG_ENABLE_OBJC_WEAK = NO;
				CODE_SIGN_ENTITLEMENTS = YFSP/YFSP.entitlements;
				CODE_SIGN_STYLE = Automatic;
				CURRENT_PROJECT_VERSION = 1;
				DEVELOPMENT_TEAM = VGGZ34H2PS;
				GENERATE_INFOPLIST_FILE = NO;
				INFOPLIST_FILE = YFSP/Resources/Info.plist;
				IPHONEOS_DEPLOYMENT_TARGET = 17.0;
				LD_RUNPATH_SEARCH_PATHS = "$(inherited) @executable_path/Frameworks";
				MARKETING_VERSION = 1.0;
				PRODUCT_BUNDLE_IDENTIFIER = com.john.yfsp;
				PRODUCT_NAME = "$(TARGET_NAME)";
				SDKROOT = iphoneos;
				SUPPORTED_PLATFORMS = "iphoneos iphonesimulator";
				SUPPORTS_MACCATALYST = NO;
				SWIFT_VERSION = 6.0;
				TARGETED_DEVICE_FAMILY = "1,2";
				VALIDATE_PRODUCT = YES;
			};
			name = Release;
		};
		8E7E089871E3C010E440F387 /* Debug */ = {
			isa = XCBuildConfiguration;
			buildSettings = {
				ASSETCATALOG_COMPILER_APPICON_NAME = "";
				ASSETCATALOG_COMPILER_GLOBAL_ACCENT_COLOR_NAME = AccentColor;
				CLANG_ENABLE_OBJC_WEAK = NO;
				CODE_SIGN_ENTITLEMENTS = YFSP/YFSP.entitlements;
				CODE_SIGN_STYLE = Automatic;
				CURRENT_PROJECT_VERSION = 1;
				DEVELOPMENT_TEAM = VGGZ34H2PS;
				GENERATE_INFOPLIST_FILE = NO;
				INFOPLIST_FILE = YFSP/Resources/Info.plist;
				IPHONEOS_DEPLOYMENT_TARGET = 17.0;
				LD_RUNPATH_SEARCH_PATHS = "$(inherited) @executable_path/Frameworks";
				MARKETING_VERSION = 1.0;
				PRODUCT_BUNDLE_IDENTIFIER = com.john.yfsp;
				PRODUCT_NAME = "$(TARGET_NAME)";
				SDKROOT = iphoneos;
				SUPPORTED_PLATFORMS = "iphoneos iphonesimulator";
				SUPPORTS_MACCATALYST = NO;
				SWIFT_VERSION = 6.0;
				TARGETED_DEVICE_FAMILY = "1,2";
			};
			name = Debug;
		};
		E383118A12C9967BA52D71E1 /* Release */ = {
			isa = XCBuildConfiguration;
			buildSettings = {
				ALWAYS_SEARCH_USER_PATHS = NO;
				CLANG_ANALYZER_NONNULL = YES;
				CLANG_ANALYZER_NUMBER_OBJECT_CONVERSION = YES_AGGRESSIVE;
				CLANG_CXX_LANGUAGE_STANDARD = "gnu++14";
				CLANG_CXX_LIBRARY = "libc++";
				CLANG_ENABLE_MODULES = YES;
				CLANG_ENABLE_OBJC_ARC = YES;
				CLANG_ENABLE_OBJC_WEAK = YES;
				CLANG_WARN_BLOCK_CAPTURE_AUTORELEASING = YES;
				CLANG_WARN_BOOL_CONVERSION = YES;
				CLANG_WARN_COMMA = YES;
				CLANG_WARN_CONSTANT_CONVERSION = YES;
				CLANG_WARN_DEPRECATED_OBJC_IMPLEMENTATIONS = YES;
				CLANG_WARN_DIRECT_OBJC_ISA_USAGE = YES_ERROR;
				CLANG_WARN_DOCUMENTATION_COMMENTS = YES;
				CLANG_WARN_EMPTY_BODY = YES;
				CLANG_WARN_ENUM_CONVERSION = YES;
				CLANG_WARN_INFINITE_RECURSION = YES;
				CLANG_WARN_INT_CONVERSION = YES;
				CLANG_WARN_NON_LITERAL_NULL_CONVERSION = YES;
				CLANG_WARN_OBJC_IMPLICIT_RETAIN_SELF = YES;
				CLANG_WARN_OBJC_LITERAL_CONVERSION = YES;
				CLANG_WARN_OBJC_ROOT_CLASS = YES_ERROR;
				CLANG_WARN_QUOTED_INCLUDE_IN_FRAMEWORK_HEADER = YES;
				CLANG_WARN_RANGE_LOOP_ANALYSIS = YES;
				CLANG_WARN_STRICT_PROTOTYPES = YES;
				CLANG_WARN_SUSPICIOUS_MOVE = YES;
				CLANG_WARN_UNGUARDED_AVAILABILITY = YES_AGGRESSIVE;
				CLANG_WARN_UNREACHABLE_CODE = YES;
				CLANG_WARN__DUPLICATE_METHOD_MATCH = YES;
				COPY_PHASE_STRIP = NO;
				DEBUG_INFORMATION_FORMAT = "dwarf-with-dsym";
				ENABLE_NS_ASSERTIONS = NO;
				ENABLE_STRICT_OBJC_MSGSEND = YES;
				GCC_C_LANGUAGE_STANDARD = gnu11;
				GCC_NO_COMMON_BLOCKS = YES;
				GCC_WARN_64_TO_32_BIT_CONVERSION = YES;
				GCC_WARN_ABOUT_RETURN_TYPE = YES_ERROR;
				GCC_WARN_UNDECLARED_SELECTOR = YES;
				GCC_WARN_UNINITIALIZED_AUTOS = YES_AGGRESSIVE;
				GCC_WARN_UNUSED_FUNCTION = YES;
				GCC_WARN_UNUSED_VARIABLE = YES;
				IPHONEOS_DEPLOYMENT_TARGET = 17.0;
				MTL_ENABLE_DEBUG_INFO = NO;
				MTL_FAST_MATH = YES;
				PRODUCT_NAME = "$(TARGET_NAME)";
				SWIFT_COMPILATION_MODE = wholemodule;
				SWIFT_OPTIMIZATION_LEVEL = "-O";
				SWIFT_VERSION = 6.0;
			};
			name = Release;
		};
/* End XCBuildConfiguration section */

/* Begin XCConfigurationList section */
		D279342561C564BF1C4AD466 /* Build configuration list for PBXNativeTarget "YFSP" */ = {
			isa = XCConfigurationList;
			buildConfigurations = (
				6B0AC5D83EC72EB5AC69BD48 /* Release */,
				8E7E089871E3C010E440F387 /* Debug */,
			);
			defaultConfigurationIsVisible = 0;
			defaultConfigurationName = Release;
		};
		E433A5F08B4C1D63EA86A3E5 /* Build configuration list for PBXProject "YFSP" */ = {
			isa = XCConfigurationList;
			buildConfigurations = (
				67F0A63227A2FA39E773DEBF /* Debug */,
				E383118A12C9967BA52D71E1 /* Release */,
			);
			defaultConfigurationIsVisible = 0;
			defaultConfigurationName = Release;
		};
/* End XCConfigurationList section */
	};
	rootObject = CCA15E5A8348040A51366D89 /* Project object */;
}
