// !$*UTF8*$!
{
	archiveVersion = 1;
	classes = {
	};
	objectVersion = 46;
	objects = {

/* Begin PBXBuildFile section */
		2344897C2FE788A4BF58D19A /* Foundation.framework in Frameworks */ = {isa = PBXBuildFile; fileRef = CC7C821E64A53280AA464C29 /* Foundation.framework */; };
		54A3F3B8674D609A36788F43 /* BrowserViewModel.swift in Sources */ = {isa = PBXBuildFile; fileRef = 3E2DB4E6CDA3F4054D65EC9E /* BrowserViewModel.swift */; };
		6A9C3D65015B0E2760A2CB01 /* BrowserView.swift in Sources */ = {isa = PBXBuildFile; fileRef = 3088B7657614AD8B713533B8 /* BrowserView.swift */; };
		81F09D320B320475BA6B5FE7 /* WebView.swift in Sources */ = {isa = PBXBuildFile; fileRef = 01E5B4AFBB292D2AA6A60621 /* WebView.swift */; };
		C85DE0401ABFA0151D07FF40 /* YfspApp.swift in Sources */ = {isa = PBXBuildFile; fileRef = 785C7CF11944C31AA0319AC3 /* YfspApp.swift */; };
/* End PBXBuildFile section */

/* Begin PBXFileReference section */
		01E5B4AFBB292D2AA6A60621 /* WebView.swift */ = {isa = PBXFileReference; includeInIndex = 1; lastKnownFileType = sourcecode.swift; path = WebView.swift; sourceTree = "<group>"; };
		3088B7657614AD8B713533B8 /* BrowserView.swift */ = {isa = PBXFileReference; includeInIndex = 1; lastKnownFileType = sourcecode.swift; path = BrowserView.swift; sourceTree = "<group>"; };
		3E2DB4E6CDA3F4054D65EC9E /* BrowserViewModel.swift */ = {isa = PBXFileReference; includeInIndex = 1; lastKnownFileType = sourcecode.swift; path = BrowserViewModel.swift; sourceTree = "<group>"; };
		6CEC43339B2DED9E52DB507C /* Info.plist */ = {isa = PBXFileReference; includeInIndex = 1; lastKnownFileType = text.plist.xml; path = Info.plist; sourceTree = "<group>"; };
		785C7CF11944C31AA0319AC3 /* YfspApp.swift */ = {isa = PBXFileReference; includeInIndex = 1; lastKnownFileType = sourcecode.swift; path = YfspApp.swift; sourceTree = "<group>"; };
		79699742AB6318D6F8527668 /* YFSP.entitlements */ = {isa = PBXFileReference; includeInIndex = 1; lastKnownFileType = text.plist.entitlements; path = YFSP.entitlements; sourceTree = "<group>"; };
		B725113CC5D1340A65CA46AA /* YFSP.app */ = {isa = PBXFileReference; explicitFileType = wrapper.application; includeInIndex = 0; path = YFSP.app; sourceTree = BUILT_PRODUCTS_DIR; };
		CC7C821E64A53280AA464C29 /* Foundation.framework */ = {isa = PBXFileReference; lastKnownFileType = wrapper.framework; name = Foundation.framework; path = Platforms/iPhoneOS.platform/Developer/SDKs/iPhoneOS18.0.sdk/System/Library/Frameworks/Foundation.framework; sourceTree = DEVELOPER_DIR; };
/* End PBXFileReference section */

/* Begin PBXFrameworksBuildPhase section */
		9B23A0783FE59342DC27F128 /* Frameworks */ = {
			isa = PBXFrameworksBuildPhase;
			buildActionMask = 2147483647;
			files = (
				2344897C2FE788A4BF58D19A /* Foundation.framework in Frameworks */,
			);
			runOnlyForDeploymentPostprocessing = 0;
		};
/* End PBXFrameworksBuildPhase section */

/* Begin PBXGroup section */
		36D4E60B4A88BF7968026351 /* Resources */ = {
			isa = PBXGroup;
			children = (
				6CEC43339B2DED9E52DB507C /* Info.plist */,
			);
			name = Resources;
			path = Resources;
			sourceTree = "<group>";
		};
		687B78E1F1D21536CCF9EA14 /* iOS */ = {
			isa = PBXGroup;
			children = (
				CC7C821E64A53280AA464C29 /* Foundation.framework */,
			);
			name = iOS;
			sourceTree = "<group>";
		};
		6B419C54AC957AA0C0D9F5C5 /* YFSP */ = {
			isa = PBXGroup;
			children = (
				D6F211A7E54AAAC0BD4E4C95 /* App */,
				36D4E60B4A88BF7968026351 /* Resources */,
				79699742AB6318D6F8527668 /* YFSP.entitlements */,
			);
			name = YFSP;
			path = YFSP;
			sourceTree = "<group>";
		};
		A0DEEC9ADA2C4CC07AA20919 = {
			isa = PBXGroup;
			children = (
				C5B64CC2AF3516F35C66AFF2 /* Products */,
				EDE0F63A99F05F12F723596D /* Frameworks */,
				6B419C54AC957AA0C0D9F5C5 /* YFSP */,
			);
			sourceTree = "<group>";
		};
		C5B64CC2AF3516F35C66AFF2 /* Products */ = {
			isa = PBXGroup;
			children = (
				B725113CC5D1340A65CA46AA /* YFSP.app */,
			);
			name = Products;
			sourceTree = "<group>";
		};
		D6F211A7E54AAAC0BD4E4C95 /* App */ = {
			isa = PBXGroup;
			children = (
				3088B7657614AD8B713533B8 /* BrowserView.swift */,
				3E2DB4E6CDA3F4054D65EC9E /* BrowserViewModel.swift */,
				01E5B4AFBB292D2AA6A60621 /* WebView.swift */,
				785C7CF11944C31AA0319AC3 /* YfspApp.swift */,
			);
			name = App;
			path = App;
			sourceTree = "<group>";
		};
		EDE0F63A99F05F12F723596D /* Frameworks */ = {
			isa = PBXGroup;
			children = (
				687B78E1F1D21536CCF9EA14 /* iOS */,
			);
			name = Frameworks;
			sourceTree = "<group>";
		};
/* End PBXGroup section */

/* Begin PBXNativeTarget section */
		24945C0AEA9B1F476C257B43 /* YFSP */ = {
			isa = PBXNativeTarget;
			buildConfigurationList = 03F1211C116AF64020CD6F10 /* Build configuration list for PBXNativeTarget "YFSP" */;
			buildPhases = (
				FAB8364BCA9600A82DCD5BA5 /* Sources */,
				9B23A0783FE59342DC27F128 /* Frameworks */,
				85FA396ED678CEAB9E35C5B9 /* Resources */,
			);
			buildRules = (
			);
			dependencies = (
			);
			name = YFSP;
			productName = YFSP;
			productReference = B725113CC5D1340A65CA46AA /* YFSP.app */;
			productType = "com.apple.product-type.application";
		};
/* End PBXNativeTarget section */

/* Begin PBXProject section */
		5120DE019BE618B8EC6A2C7B /* Project object */ = {
			isa = PBXProject;
			attributes = {
				LastSwiftUpdateCheck = 2620;
				LastUpgradeCheck = 2620;
				TargetAttributes = {
					24945C0AEA9B1F476C257B43 = {
						CreatedOnToolsVersion = 26.2;
					};
				};
			};
			buildConfigurationList = 999F000D810A42B52770F279 /* Build configuration list for PBXProject "YFSP" */;
			compatibilityVersion = "Xcode 3.2";
			developmentRegion = en;
			hasScannedForEncodings = 0;
			knownRegions = (
				en,
				Base,
			);
			mainGroup = A0DEEC9ADA2C4CC07AA20919;
			minimizedProjectReferenceProxies = 0;
			preferredProjectObjectVersion = 77;
			productRefGroup = C5B64CC2AF3516F35C66AFF2 /* Products */;
			projectDirPath = "";
			projectRoot = "";
			targets = (
				24945C0AEA9B1F476C257B43 /* YFSP */,
			);
		};
/* End PBXProject section */

/* Begin PBXResourcesBuildPhase section */
		85FA396ED678CEAB9E35C5B9 /* Resources */ = {
			isa = PBXResourcesBuildPhase;
			buildActionMask = 2147483647;
			files = (
			);
			runOnlyForDeploymentPostprocessing = 0;
		};
/* End PBXResourcesBuildPhase section */

/* Begin PBXSourcesBuildPhase section */
		FAB8364BCA9600A82DCD5BA5 /* Sources */ = {
			isa = PBXSourcesBuildPhase;
			buildActionMask = 2147483647;
			files = (
				6A9C3D65015B0E2760A2CB01 /* BrowserView.swift in Sources */,
				54A3F3B8674D609A36788F43 /* BrowserViewModel.swift in Sources */,
				81F09D320B320475BA6B5FE7 /* WebView.swift in Sources */,
				C85DE0401ABFA0151D07FF40 /* YfspApp.swift in Sources */,
			);
			runOnlyForDeploymentPostprocessing = 0;
		};
/* End PBXSourcesBuildPhase section */

/* Begin XCBuildConfiguration section */
		6E9DB5F999B834CEC0982BF5 /* Debug */ = {
			isa = XCBuildConfiguration;
			buildSettings = {
				ASSETCATALOG_COMPILER_APPICON_NAME = "";
				ASSETCATALOG_COMPILER_GLOBAL_ACCENT_COLOR_NAME = AccentColor;
				CLANG_ENABLE_OBJC_WEAK = NO;
				CODE_SIGN_ENTITLEMENTS = YFSP/YFSP.entitlements;
				CODE_SIGN_STYLE = Automatic;
				CURRENT_PROJECT_VERSION = 1;
				DEVELOPMENT_TEAM = VGGZ34H2PS;
				GENERATE_INFOPLIST_FILE = NO;
				INFOPLIST_FILE = YFSP/Resources/Info.plist;
				IPHONEOS_DEPLOYMENT_TARGET = 17.0;
				LD_RUNPATH_SEARCH_PATHS = "$(inherited) @executable_path/Frameworks";
				MARKETING_VERSION = 1.0;
				PRODUCT_BUNDLE_IDENTIFIER = com.john.yfsp;
				PRODUCT_NAME = "$(TARGET_NAME)";
				SDKROOT = iphoneos;
				SUPPORTED_PLATFORMS = "iphoneos iphonesimulator";
				SUPPORTS_MACCATALYST = NO;
				SWIFT_VERSION = 6.0;
				TARGETED_DEVICE_FAMILY = "1,2";
			};
			name = Debug;
		};
		8B13C5F4241AD6DB4AA7C3CE /* Release */ = {
			isa = XCBuildConfiguration;
			buildSettings = {
				ASSETCATALOG_COMPILER_APPICON_NAME = "";
				ASSETCATALOG_COMPILER_GLOBAL_ACCENT_COLOR_NAME = AccentColor;
				CLANG_ENABLE_OBJC_WEAK = NO;
				CODE_SIGN_ENTITLEMENTS = YFSP/YFSP.entitlements;
				CODE_SIGN_STYLE = Automatic;
				CURRENT_PROJECT_VERSION = 1;
				DEVELOPMENT_TEAM = VGGZ34H2PS;
				GENERATE_INFOPLIST_FILE = NO;
				INFOPLIST_FILE = YFSP/Resources/Info.plist;
				IPHONEOS_DEPLOYMENT_TARGET = 17.0;
				LD_RUNPATH_SEARCH_PATHS = "$(inherited) @executable_path/Frameworks";
				MARKETING_VERSION = 1.0;
				PRODUCT_BUNDLE_IDENTIFIER = com.john.yfsp;
				PRODUCT_NAME = "$(TARGET_NAME)";
				SDKROOT = iphoneos;
				SUPPORTED_PLATFORMS = "iphoneos iphonesimulator";
				SUPPORTS_MACCATALYST = NO;
				SWIFT_VERSION = 6.0;
				TARGETED_DEVICE_FAMILY = "1,2";
				VALIDATE_PRODUCT = YES;
			};
			name = Release;
		};
		A59201E43A3D6D915F29DEB5 /* Debug */ = {
			isa = XCBuildConfiguration;
			buildSettings = {
				ALWAYS_SEARCH_USER_PATHS = NO;
				CLANG_ANALYZER_NONNULL = YES;
				CLANG_ANALYZER_NUMBER_OBJECT_CONVERSION = YES_AGGRESSIVE;
				CLANG_CXX_LANGUAGE_STANDARD = "gnu++14";
				CLANG_CXX_LIBRARY = "libc++";
				CLANG_ENABLE_MODULES = YES;
				CLANG_ENABLE_OBJC_ARC = YES;
				CLANG_ENABLE_OBJC_WEAK = YES;
				CLANG_WARN_BLOCK_CAPTURE_AUTORELEASING = YES;
				CLANG_WARN_BOOL_CONVERSION = YES;
				CLANG_WARN_COMMA = YES;
				CLANG_WARN_CONSTANT_CONVERSION = YES;
				CLANG_WARN_DEPRECATED_OBJC_IMPLEMENTATIONS = YES;
				CLANG_WARN_DIRECT_OBJC_ISA_USAGE = YES_ERROR;
				CLANG_WARN_DOCUMENTATION_COMMENTS = YES;
				CLANG_WARN_EMPTY_BODY = YES;
				CLANG_WARN_ENUM_CONVERSION = YES;
				CLANG_WARN_INFINITE_RECURSION = YES;
				CLANG_WARN_INT_CONVERSION = YES;
				CLANG_WARN_NON_LITERAL_NULL_CONVERSION = YES;
				CLANG_WARN_OBJC_IMPLICIT_RETAIN_SELF = YES;
				CLANG_WARN_OBJC_LITERAL_CONVERSION = YES;
				CLANG_WARN_OBJC_ROOT_CLASS = YES_ERROR;
				CLANG_WARN_QUOTED_INCLUDE_IN_FRAMEWORK_HEADER = YES;
				CLANG_WARN_RANGE_LOOP_ANALYSIS = YES;
				CLANG_WARN_STRICT_PROTOTYPES = YES;
				CLANG_WARN_SUSPICIOUS_MOVE = YES;
				CLANG_WARN_UNGUARDED_AVAILABILITY = YES_AGGRESSIVE;
				CLANG_WARN_UNREACHABLE_CODE = YES;
				CLANG_WARN__DUPLICATE_METHOD_MATCH = YES;
				COPY_PHASE_STRIP = NO;
				DEBUG_INFORMATION_FORMAT = dwarf;
				ENABLE_STRICT_OBJC_MSGSEND = YES;
				ENABLE_TESTABILITY = YES;
				GCC_C_LANGUAGE_STANDARD = gnu11;
				GCC_DYNAMIC_NO_PIC = NO;
				GCC_NO_COMMON_BLOCKS = YES;
				GCC_OPTIMIZATION_LEVEL = 0;
				GCC_PREPROCESSOR_DEFINITIONS = (
					"DEBUG=1",
					"$(inherited)",
				);
				GCC_WARN_64_TO_32_BIT_CONVERSION = YES;
				GCC_WARN_ABOUT_RETURN_TYPE = YES_ERROR;
				GCC_WARN_UNDECLARED_SELECTOR = YES;
				GCC_WARN_UNINITIALIZED_AUTOS = YES_AGGRESSIVE;
				GCC_WARN_UNUSED_FUNCTION = YES;
				GCC_WARN_UNUSED_VARIABLE = YES;
				IPHONEOS_DEPLOYMENT_TARGET = 17.0;
				MTL_ENABLE_DEBUG_INFO = INCLUDE_SOURCE;
				MTL_FAST_MATH = YES;
				ONLY_ACTIVE_ARCH = YES;
				PRODUCT_NAME = "$(TARGET_NAME)";
				SWIFT_ACTIVE_COMPILATION_CONDITIONS = DEBUG;
				SWIFT_OPTIMIZATION_LEVEL = "-Onone";
				SWIFT_VERSION = 6.0;
			};
			name = Debug;
		};
		C0D992E5FB332194D3E5AABD /* Release */ = {
			isa = XCBuildConfiguration;
			buildSettings = {
				ALWAYS_SEARCH_USER_PATHS = NO;
				CLANG_ANALYZER_NONNULL = YES;
				CLANG_ANALYZER_NUMBER_OBJECT_CONVERSION = YES_AGGRESSIVE;
				CLANG_CXX_LANGUAGE_STANDARD = "gnu++14";
				CLANG_CXX_LIBRARY = "libc++";
				CLANG_ENABLE_MODULES = YES;
				CLANG_ENABLE_OBJC_ARC = YES;
				CLANG_ENABLE_OBJC_WEAK = YES;
				CLANG_WARN_BLOCK_CAPTURE_AUTORELEASING = YES;
				CLANG_WARN_BOOL_CONVERSION = YES;
				CLANG_WARN_COMMA = YES;
				CLANG_WARN_CONSTANT_CONVERSION = YES;
				CLANG_WARN_DEPRECATED_OBJC_IMPLEMENTATIONS = YES;
				CLANG_WARN_DIRECT_OBJC_ISA_USAGE = YES_ERROR;
				CLANG_WARN_DOCUMENTATION_COMMENTS = YES;
				CLANG_WARN_EMPTY_BODY = YES;
				CLANG_WARN_ENUM_CONVERSION = YES;
				CLANG_WARN_INFINITE_RECURSION = YES;
				CLANG_WARN_INT_CONVERSION = YES;
				CLANG_WARN_NON_LITERAL_NULL_CONVERSION = YES;
				CLANG_WARN_OBJC_IMPLICIT_RETAIN_SELF = YES;
				CLANG_WARN_OBJC_LITERAL_CONVERSION = YES;
				CLANG_WARN_OBJC_ROOT_CLASS = YES_ERROR;
				CLANG_WARN_QUOTED_INCLUDE_IN_FRAMEWORK_HEADER = YES;
				CLANG_WARN_RANGE_LOOP_ANALYSIS = YES;
				CLANG_WARN_STRICT_PROTOTYPES = YES;
				CLANG_WARN_SUSPICIOUS_MOVE = YES;
				CLANG_WARN_UNGUARDED_AVAILABILITY = YES_AGGRESSIVE;
				CLANG_WARN_UNREACHABLE_CODE = YES;
				CLANG_WARN__DUPLICATE_METHOD_MATCH = YES;
				COPY_PHASE_STRIP = NO;
				DEBUG_INFORMATION_FORMAT = "dwarf-with-dsym";
				ENABLE_NS_ASSERTIONS = NO;
				ENABLE_STRICT_OBJC_MSGSEND = YES;
				GCC_C_LANGUAGE_STANDARD = gnu11;
				GCC_NO_COMMON_BLOCKS = YES;
				GCC_WARN_64_TO_32_BIT_CONVERSION = YES;
				GCC_WARN_ABOUT_RETURN_TYPE = YES_ERROR;
				GCC_WARN_UNDECLARED_SELECTOR = YES;
				GCC_WARN_UNINITIALIZED_AUTOS = YES_AGGRESSIVE;
				GCC_WARN_UNUSED_FUNCTION = YES;
				GCC_WARN_UNUSED_VARIABLE = YES;
				IPHONEOS_DEPLOYMENT_TARGET = 17.0;
				MTL_ENABLE_DEBUG_INFO = NO;
				MTL_FAST_MATH = YES;
				PRODUCT_NAME = "$(TARGET_NAME)";
				SWIFT_COMPILATION_MODE = wholemodule;
				SWIFT_OPTIMIZATION_LEVEL = "-O";
				SWIFT_VERSION = 6.0;
			};
			name = Release;
		};
/* End XCBuildConfiguration section */

/* Begin XCConfigurationList section */
		03F1211C116AF64020CD6F10 /* Build configuration list for PBXNativeTarget "YFSP" */ = {
			isa = XCConfigurationList;
			buildConfigurations = (
				8B13C5F4241AD6DB4AA7C3CE /* Release */,
				6E9DB5F999B834CEC0982BF5 /* Debug */,
			);
			defaultConfigurationIsVisible = 0;
			defaultConfigurationName = Release;
		};
		999F000D810A42B52770F279 /* Build configuration list for PBXProject "YFSP" */ = {
			isa = XCConfigurationList;
			buildConfigurations = (
				A59201E43A3D6D915F29DEB5 /* Debug */,
				C0D992E5FB332194D3E5AABD /* Release */,
			);
			defaultConfigurationIsVisible = 0;
			defaultConfigurationName = Release;
		};
/* End XCConfigurationList section */
	};
	rootObject = 5120DE019BE618B8EC6A2C7B /* Project object */;
}
