// !$*UTF8*$!
{
	archiveVersion = 1;
	classes = {
	};
	objectVersion = 46;
	objects = {

/* Begin PBXBuildFile section */
		0F40D661127596558E20A1F0 /* YfspCategory.swift in Sources */ = {isa = PBXBuildFile; fileRef = A23C113E32E32935FE96A26D /* YfspCategory.swift */; };
		1E5788BF0DBD575EBD3C1D8C /* BrowserViewModel.swift in Sources */ = {isa = PBXBuildFile; fileRef = 250782910B3C6E65371953DE /* BrowserViewModel.swift */; };
		54847EEC7241F3C3BE9C5905 /* YfspFeedService.swift in Sources */ = {isa = PBXBuildFile; fileRef = BEFA03E531E76159C2F1A364 /* YfspFeedService.swift */; };
		5A89995F8161E4C9AF1065F2 /* YfspItem.swift in Sources */ = {isa = PBXBuildFile; fileRef = 0266218726A208C5258513C0 /* YfspItem.swift */; };
		8B691A99E73703A57AEC9C10 /* WebView.swift in Sources */ = {isa = PBXBuildFile; fileRef = 6351C9283BCECA2D6C4FC1DA /* WebView.swift */; };
		9531747C44DD36517174991D /* YfspApp.swift in Sources */ = {isa = PBXBuildFile; fileRef = FD93DD932EA6C17AAC521742 /* YfspApp.swift */; };
		BEE882AF24FD8C8DA26A7792 /* BrowserView.swift in Sources */ = {isa = PBXBuildFile; fileRef = AB68B0D4DCD8774964332EE8 /* BrowserView.swift */; };
		D5811D0D7F65CC99D1EC70ED /* Foundation.framework in Frameworks */ = {isa = PBXBuildFile; fileRef = 147C295598187C8A0C9AD227 /* Foundation.framework */; };
/* End PBXBuildFile section */

/* Begin PBXFileReference section */
		0266218726A208C5258513C0 /* YfspItem.swift */ = {isa = PBXFileReference; includeInIndex = 1; lastKnownFileType = sourcecode.swift; path = YfspItem.swift; sourceTree = "<group>"; };
		147C295598187C8A0C9AD227 /* Foundation.framework */ = {isa = PBXFileReference; lastKnownFileType = wrapper.framework; name = Foundation.framework; path = Platforms/iPhoneOS.platform/Developer/SDKs/iPhoneOS18.0.sdk/System/Library/Frameworks/Foundation.framework; sourceTree = DEVELOPER_DIR; };
		250782910B3C6E65371953DE /* BrowserViewModel.swift */ = {isa = PBXFileReference; includeInIndex = 1; lastKnownFileType = sourcecode.swift; path = BrowserViewModel.swift; sourceTree = "<group>"; };
		2D667F957C0CC6774A3A1C75 /* YFSP.entitlements */ = {isa = PBXFileReference; includeInIndex = 1; lastKnownFileType = text.plist.entitlements; path = YFSP.entitlements; sourceTree = "<group>"; };
		6351C9283BCECA2D6C4FC1DA /* WebView.swift */ = {isa = PBXFileReference; includeInIndex = 1; lastKnownFileType = sourcecode.swift; path = WebView.swift; sourceTree = "<group>"; };
		A23C113E32E32935FE96A26D /* YfspCategory.swift */ = {isa = PBXFileReference; includeInIndex = 1; lastKnownFileType = sourcecode.swift; path = YfspCategory.swift; sourceTree = "<group>"; };
		AB68B0D4DCD8774964332EE8 /* BrowserView.swift */ = {isa = PBXFileReference; includeInIndex = 1; lastKnownFileType = sourcecode.swift; path = BrowserView.swift; sourceTree = "<group>"; };
		BEBE5FD4EEAC0957BAA4FF43 /* YFSP.app */ = {isa = PBXFileReference; explicitFileType = wrapper.application; includeInIndex = 0; path = YFSP.app; sourceTree = BUILT_PRODUCTS_DIR; };
		BEFA03E531E76159C2F1A364 /* YfspFeedService.swift */ = {isa = PBXFileReference; includeInIndex = 1; lastKnownFileType = sourcecode.swift; path = YfspFeedService.swift; sourceTree = "<group>"; };
		E84A94534CF3106105EDFC42 /* Info.plist */ = {isa = PBXFileReference; includeInIndex = 1; lastKnownFileType = text.plist.xml; path = Info.plist; sourceTree = "<group>"; };
		FD93DD932EA6C17AAC521742 /* YfspApp.swift */ = {isa = PBXFileReference; includeInIndex = 1; lastKnownFileType = sourcecode.swift; path = YfspApp.swift; sourceTree = "<group>"; };
/* End PBXFileReference section */

/* Begin PBXFrameworksBuildPhase section */
		D4DB5D5C95DA3F66671AF157 /* Frameworks */ = {
			isa = PBXFrameworksBuildPhase;
			buildActionMask = 2147483647;
			files = (
				D5811D0D7F65CC99D1EC70ED /* Foundation.framework in Frameworks */,
			);
			runOnlyForDeploymentPostprocessing = 0;
		};
/* End PBXFrameworksBuildPhase section */

/* Begin PBXGroup section */
		1BD15B98EB1E425CA28012F1 /* iOS */ = {
			isa = PBXGroup;
			children = (
				147C295598187C8A0C9AD227 /* Foundation.framework */,
			);
			name = iOS;
			sourceTree = "<group>";
		};
		4B78C742A4419399AB769F43 /* YFSP */ = {
			isa = PBXGroup;
			children = (
				FDFEAC69B917A73182CA8A90 /* App */,
				AE81981B0ACDC3EDB8063389 /* Resources */,
				2D667F957C0CC6774A3A1C75 /* YFSP.entitlements */,
			);
			name = YFSP;
			path = YFSP;
			sourceTree = "<group>";
		};
		53EE84C668A6AE6366D1BCA4 = {
			isa = PBXGroup;
			children = (
				DD57649E6F0C45FF96BB89E0 /* Products */,
				746EDD3C2E14A4EE20B739A9 /* Frameworks */,
				4B78C742A4419399AB769F43 /* YFSP */,
			);
			sourceTree = "<group>";
		};
		746EDD3C2E14A4EE20B739A9 /* Frameworks */ = {
			isa = PBXGroup;
			children = (
				1BD15B98EB1E425CA28012F1 /* iOS */,
			);
			name = Frameworks;
			sourceTree = "<group>";
		};
		AE81981B0ACDC3EDB8063389 /* Resources */ = {
			isa = PBXGroup;
			children = (
				E84A94534CF3106105EDFC42 /* Info.plist */,
			);
			name = Resources;
			path = Resources;
			sourceTree = "<group>";
		};
		DD57649E6F0C45FF96BB89E0 /* Products */ = {
			isa = PBXGroup;
			children = (
				BEBE5FD4EEAC0957BAA4FF43 /* YFSP.app */,
			);
			name = Products;
			sourceTree = "<group>";
		};
		FDFEAC69B917A73182CA8A90 /* App */ = {
			isa = PBXGroup;
			children = (
				AB68B0D4DCD8774964332EE8 /* BrowserView.swift */,
				250782910B3C6E65371953DE /* BrowserViewModel.swift */,
				6351C9283BCECA2D6C4FC1DA /* WebView.swift */,
				FD93DD932EA6C17AAC521742 /* YfspApp.swift */,
				A23C113E32E32935FE96A26D /* YfspCategory.swift */,
				BEFA03E531E76159C2F1A364 /* YfspFeedService.swift */,
				0266218726A208C5258513C0 /* YfspItem.swift */,
			);
			name = App;
			path = App;
			sourceTree = "<group>";
		};
/* End PBXGroup section */

/* Begin PBXNativeTarget section */
		675FE4C4BB4669FDC60055E3 /* YFSP */ = {
			isa = PBXNativeTarget;
			buildConfigurationList = EFCF9AC1020310E995195014 /* Build configuration list for PBXNativeTarget "YFSP" */;
			buildPhases = (
				C060F1A0FF2EEB45EEAC176A /* Sources */,
				D4DB5D5C95DA3F66671AF157 /* Frameworks */,
				325FB33101A74EABED0D025A /* Resources */,
			);
			buildRules = (
			);
			dependencies = (
			);
			name = YFSP;
			productName = YFSP;
			productReference = BEBE5FD4EEAC0957BAA4FF43 /* YFSP.app */;
			productType = "com.apple.product-type.application";
		};
/* End PBXNativeTarget section */

/* Begin PBXProject section */
		3C7D3D9E442EE7039CE8461F /* Project object */ = {
			isa = PBXProject;
			attributes = {
				LastSwiftUpdateCheck = 2620;
				LastUpgradeCheck = 2620;
				TargetAttributes = {
					675FE4C4BB4669FDC60055E3 = {
						CreatedOnToolsVersion = 26.2;
					};
				};
			};
			buildConfigurationList = E7345318652A426567675CDA /* Build configuration list for PBXProject "YFSP" */;
			compatibilityVersion = "Xcode 3.2";
			developmentRegion = en;
			hasScannedForEncodings = 0;
			knownRegions = (
				en,
				Base,
			);
			mainGroup = 53EE84C668A6AE6366D1BCA4;
			minimizedProjectReferenceProxies = 0;
			preferredProjectObjectVersion = 77;
			productRefGroup = DD57649E6F0C45FF96BB89E0 /* Products */;
			projectDirPath = "";
			projectRoot = "";
			targets = (
				675FE4C4BB4669FDC60055E3 /* YFSP */,
			);
		};
/* End PBXProject section */

/* Begin PBXResourcesBuildPhase section */
		325FB33101A74EABED0D025A /* Resources */ = {
			isa = PBXResourcesBuildPhase;
			buildActionMask = 2147483647;
			files = (
			);
			runOnlyForDeploymentPostprocessing = 0;
		};
/* End PBXResourcesBuildPhase section */

/* Begin PBXSourcesBuildPhase section */
		C060F1A0FF2EEB45EEAC176A /* Sources */ = {
			isa = PBXSourcesBuildPhase;
			buildActionMask = 2147483647;
			files = (
				BEE882AF24FD8C8DA26A7792 /* BrowserView.swift in Sources */,
				1E5788BF0DBD575EBD3C1D8C /* BrowserViewModel.swift in Sources */,
				8B691A99E73703A57AEC9C10 /* WebView.swift in Sources */,
				9531747C44DD36517174991D /* YfspApp.swift in Sources */,
				0F40D661127596558E20A1F0 /* YfspCategory.swift in Sources */,
				54847EEC7241F3C3BE9C5905 /* YfspFeedService.swift in Sources */,
				5A89995F8161E4C9AF1065F2 /* YfspItem.swift in Sources */,
			);
			runOnlyForDeploymentPostprocessing = 0;
		};
/* End PBXSourcesBuildPhase section */

/* Begin XCBuildConfiguration section */
		307FDD141E06FE10D6B3E655 /* Debug */ = {
			isa = XCBuildConfiguration;
			buildSettings = {
				ALWAYS_SEARCH_USER_PATHS = NO;
				CLANG_ANALYZER_NONNULL = YES;
				CLANG_ANALYZER_NUMBER_OBJECT_CONVERSION = YES_AGGRESSIVE;
				CLANG_CXX_LANGUAGE_STANDARD = "gnu++14";
				CLANG_CXX_LIBRARY = "libc++";
				CLANG_ENABLE_MODULES = YES;
				CLANG_ENABLE_OBJC_ARC = YES;
				CLANG_ENABLE_OBJC_WEAK = YES;
				CLANG_WARN_BLOCK_CAPTURE_AUTORELEASING = YES;
				CLANG_WARN_BOOL_CONVERSION = YES;
				CLANG_WARN_COMMA = YES;
				CLANG_WARN_CONSTANT_CONVERSION = YES;
				CLANG_WARN_DEPRECATED_OBJC_IMPLEMENTATIONS = YES;
				CLANG_WARN_DIRECT_OBJC_ISA_USAGE = YES_ERROR;
				CLANG_WARN_DOCUMENTATION_COMMENTS = YES;
				CLANG_WARN_EMPTY_BODY = YES;
				CLANG_WARN_ENUM_CONVERSION = YES;
				CLANG_WARN_INFINITE_RECURSION = YES;
				CLANG_WARN_INT_CONVERSION = YES;
				CLANG_WARN_NON_LITERAL_NULL_CONVERSION = YES;
				CLANG_WARN_OBJC_IMPLICIT_RETAIN_SELF = YES;
				CLANG_WARN_OBJC_LITERAL_CONVERSION = YES;
				CLANG_WARN_OBJC_ROOT_CLASS = YES_ERROR;
				CLANG_WARN_QUOTED_INCLUDE_IN_FRAMEWORK_HEADER = YES;
				CLANG_WARN_RANGE_LOOP_ANALYSIS = YES;
				CLANG_WARN_STRICT_PROTOTYPES = YES;
				CLANG_WARN_SUSPICIOUS_MOVE = YES;
				CLANG_WARN_UNGUARDED_AVAILABILITY = YES_AGGRESSIVE;
				CLANG_WARN_UNREACHABLE_CODE = YES;
				CLANG_WARN__DUPLICATE_METHOD_MATCH = YES;
				COPY_PHASE_STRIP = NO;
				DEBUG_INFORMATION_FORMAT = dwarf;
				ENABLE_STRICT_OBJC_MSGSEND = YES;
				ENABLE_TESTABILITY = YES;
				GCC_C_LANGUAGE_STANDARD = gnu11;
				GCC_DYNAMIC_NO_PIC = NO;
				GCC_NO_COMMON_BLOCKS = YES;
				GCC_OPTIMIZATION_LEVEL = 0;
				GCC_PREPROCESSOR_DEFINITIONS = (
					"DEBUG=1",
					"$(inherited)",
				);
				GCC_WARN_64_TO_32_BIT_CONVERSION = YES;
				GCC_WARN_ABOUT_RETURN_TYPE = YES_ERROR;
				GCC_WARN_UNDECLARED_SELECTOR = YES;
				GCC_WARN_UNINITIALIZED_AUTOS = YES_AGGRESSIVE;
				GCC_WARN_UNUSED_FUNCTION = YES;
				GCC_WARN_UNUSED_VARIABLE = YES;
				IPHONEOS_DEPLOYMENT_TARGET = 17.0;
				MTL_ENABLE_DEBUG_INFO = INCLUDE_SOURCE;
				MTL_FAST_MATH = YES;
				ONLY_ACTIVE_ARCH = YES;
				PRODUCT_NAME = "$(TARGET_NAME)";
				SWIFT_ACTIVE_COMPILATION_CONDITIONS = DEBUG;
				SWIFT_OPTIMIZATION_LEVEL = "-Onone";
				SWIFT_VERSION = 6.0;
			};
			name = Debug;
		};
		3F442C6AD65BD13DCC9C74C9 /* Release */ = {
			isa = XCBuildConfiguration;
			buildSettings = {
				ASSETCATALOG_COMPILER_APPICON_NAME = "";
				ASSETCATALOG_COMPILER_GLOBAL_ACCENT_COLOR_NAME = AccentColor;
				CLANG_ENABLE_OBJC_WEAK = NO;
				CODE_SIGN_ENTITLEMENTS = YFSP/YFSP.entitlements;
				CODE_SIGN_STYLE = Automatic;
				CURRENT_PROJECT_VERSION = 1;
				DEVELOPMENT_TEAM = VGGZ34H2PS;
				GENERATE_INFOPLIST_FILE = NO;
				INFOPLIST_FILE = YFSP/Resources/Info.plist;
				IPHONEOS_DEPLOYMENT_TARGET = 17.0;
				LD_RUNPATH_SEARCH_PATHS = "$(inherited) @executable_path/Frameworks";
				MARKETING_VERSION = 1.0;
				PRODUCT_BUNDLE_IDENTIFIER = com.john.yfsp;
				PRODUCT_NAME = "$(TARGET_NAME)";
				SDKROOT = iphoneos;
				SUPPORTED_PLATFORMS = "iphoneos iphonesimulator";
				SUPPORTS_MACCATALYST = NO;
				SWIFT_VERSION = 6.0;
				TARGETED_DEVICE_FAMILY = "1,2";
				VALIDATE_PRODUCT = YES;
			};
			name = Release;
		};
		8E867CA1FCB0915A38EAFA06 /* Debug */ = {
			isa = XCBuildConfiguration;
			buildSettings = {
				ASSETCATALOG_COMPILER_APPICON_NAME = "";
				ASSETCATALOG_COMPILER_GLOBAL_ACCENT_COLOR_NAME = AccentColor;
				CLANG_ENABLE_OBJC_WEAK = NO;
				CODE_SIGN_ENTITLEMENTS = YFSP/YFSP.entitlements;
				CODE_SIGN_STYLE = Automatic;
				CURRENT_PROJECT_VERSION = 1;
				DEVELOPMENT_TEAM = VGGZ34H2PS;
				GENERATE_INFOPLIST_FILE = NO;
				INFOPLIST_FILE = YFSP/Resources/Info.plist;
				IPHONEOS_DEPLOYMENT_TARGET = 17.0;
				LD_RUNPATH_SEARCH_PATHS = "$(inherited) @executable_path/Frameworks";
				MARKETING_VERSION = 1.0;
				PRODUCT_BUNDLE_IDENTIFIER = com.john.yfsp;
				PRODUCT_NAME = "$(TARGET_NAME)";
				SDKROOT = iphoneos;
				SUPPORTED_PLATFORMS = "iphoneos iphonesimulator";
				SUPPORTS_MACCATALYST = NO;
				SWIFT_VERSION = 6.0;
				TARGETED_DEVICE_FAMILY = "1,2";
			};
			name = Debug;
		};
		D24ECD34E709E3A8820961AC /* Release */ = {
			isa = XCBuildConfiguration;
			buildSettings = {
				ALWAYS_SEARCH_USER_PATHS = NO;
				CLANG_ANALYZER_NONNULL = YES;
				CLANG_ANALYZER_NUMBER_OBJECT_CONVERSION = YES_AGGRESSIVE;
				CLANG_CXX_LANGUAGE_STANDARD = "gnu++14";
				CLANG_CXX_LIBRARY = "libc++";
				CLANG_ENABLE_MODULES = YES;
				CLANG_ENABLE_OBJC_ARC = YES;
				CLANG_ENABLE_OBJC_WEAK = YES;
				CLANG_WARN_BLOCK_CAPTURE_AUTORELEASING = YES;
				CLANG_WARN_BOOL_CONVERSION = YES;
				CLANG_WARN_COMMA = YES;
				CLANG_WARN_CONSTANT_CONVERSION = YES;
				CLANG_WARN_DEPRECATED_OBJC_IMPLEMENTATIONS = YES;
				CLANG_WARN_DIRECT_OBJC_ISA_USAGE = YES_ERROR;
				CLANG_WARN_DOCUMENTATION_COMMENTS = YES;
				CLANG_WARN_EMPTY_BODY = YES;
				CLANG_WARN_ENUM_CONVERSION = YES;
				CLANG_WARN_INFINITE_RECURSION = YES;
				CLANG_WARN_INT_CONVERSION = YES;
				CLANG_WARN_NON_LITERAL_NULL_CONVERSION = YES;
				CLANG_WARN_OBJC_IMPLICIT_RETAIN_SELF = YES;
				CLANG_WARN_OBJC_LITERAL_CONVERSION = YES;
				CLANG_WARN_OBJC_ROOT_CLASS = YES_ERROR;
				CLANG_WARN_QUOTED_INCLUDE_IN_FRAMEWORK_HEADER = YES;
				CLANG_WARN_RANGE_LOOP_ANALYSIS = YES;
				CLANG_WARN_STRICT_PROTOTYPES = YES;
				CLANG_WARN_SUSPICIOUS_MOVE = YES;
				CLANG_WARN_UNGUARDED_AVAILABILITY = YES_AGGRESSIVE;
				CLANG_WARN_UNREACHABLE_CODE = YES;
				CLANG_WARN__DUPLICATE_METHOD_MATCH = YES;
				COPY_PHASE_STRIP = NO;
				DEBUG_INFORMATION_FORMAT = "dwarf-with-dsym";
				ENABLE_NS_ASSERTIONS = NO;
				ENABLE_STRICT_OBJC_MSGSEND = YES;
				GCC_C_LANGUAGE_STANDARD = gnu11;
				GCC_NO_COMMON_BLOCKS = YES;
				GCC_WARN_64_TO_32_BIT_CONVERSION = YES;
				GCC_WARN_ABOUT_RETURN_TYPE = YES_ERROR;
				GCC_WARN_UNDECLARED_SELECTOR = YES;
				GCC_WARN_UNINITIALIZED_AUTOS = YES_AGGRESSIVE;
				GCC_WARN_UNUSED_FUNCTION = YES;
				GCC_WARN_UNUSED_VARIABLE = YES;
				IPHONEOS_DEPLOYMENT_TARGET = 17.0;
				MTL_ENABLE_DEBUG_INFO = NO;
				MTL_FAST_MATH = YES;
				PRODUCT_NAME = "$(TARGET_NAME)";
				SWIFT_COMPILATION_MODE = wholemodule;
				SWIFT_OPTIMIZATION_LEVEL = "-O";
				SWIFT_VERSION = 6.0;
			};
			name = Release;
		};
/* End XCBuildConfiguration section */

/* Begin XCConfigurationList section */
		E7345318652A426567675CDA /* Build configuration list for PBXProject "YFSP" */ = {
			isa = XCConfigurationList;
			buildConfigurations = (
				307FDD141E06FE10D6B3E655 /* Debug */,
				D24ECD34E709E3A8820961AC /* Release */,
			);
			defaultConfigurationIsVisible = 0;
			defaultConfigurationName = Release;
		};
		EFCF9AC1020310E995195014 /* Build configuration list for PBXNativeTarget "YFSP" */ = {
			isa = XCConfigurationList;
			buildConfigurations = (
				3F442C6AD65BD13DCC9C74C9 /* Release */,
				8E867CA1FCB0915A38EAFA06 /* Debug */,
			);
			defaultConfigurationIsVisible = 0;
			defaultConfigurationName = Release;
		};
/* End XCConfigurationList section */
	};
	rootObject = 3C7D3D9E442EE7039CE8461F /* Project object */;
}
