// !$*UTF8*$!
{
	archiveVersion = 1;
	classes = {
	};
	objectVersion = 46;
	objects = {

/* Begin PBXBuildFile section */
		10814FE98DFC3E49CFBFB31C /* AiyifanItemURLTests.swift in Sources */ = {isa = PBXBuildFile; fileRef = 73B00DC51CA76A7AC61B64E1 /* AiyifanItemURLTests.swift */; };
		16612D2AF48E6E2749155524 /* AiyifanFeedService.swift in Sources */ = {isa = PBXBuildFile; fileRef = 0CDB2DB0012DB4A648174D5D /* AiyifanFeedService.swift */; };
		1B620BC2C9515F5767CBE4BC /* WebViewPopupPolicyTests.swift in Sources */ = {isa = PBXBuildFile; fileRef = 18D876E6BAC209A6ED8633F5 /* WebViewPopupPolicyTests.swift */; };
		277EEF2F74E651DC0DA12AB5 /* AiyifanApp.swift in Sources */ = {isa = PBXBuildFile; fileRef = 70F4B837AD53A0744F200636 /* AiyifanApp.swift */; };
		36B5B22F8D467734645967D1 /* Foundation.framework in Frameworks */ = {isa = PBXBuildFile; fileRef = 199DF6B1564361B2323FFB85 /* Foundation.framework */; };
		53AECFD88258E0B7F022F468 /* Foundation.framework in Frameworks */ = {isa = PBXBuildFile; fileRef = 199DF6B1564361B2323FFB85 /* Foundation.framework */; };
		87B066B1434E1416B6F5DCFF /* BrowserView.swift in Sources */ = {isa = PBXBuildFile; fileRef = 573AB5F7095B0CEA7DD3C0EA /* BrowserView.swift */; };
		880280AF91ACB9B27B599300 /* SavedItemsStoreTests.swift in Sources */ = {isa = PBXBuildFile; fileRef = 460DB7AA1FB2E17E9F9F5875 /* SavedItemsStoreTests.swift */; };
		9CC6103527AC1FE2B3D191B8 /* BrowserViewModel.swift in Sources */ = {isa = PBXBuildFile; fileRef = 156D12944F965A2ECFF32EC4 /* BrowserViewModel.swift */; };
		A251BF5D016E17EADD798E37 /* Foundation.framework in Frameworks */ = {isa = PBXBuildFile; fileRef = 199DF6B1564361B2323FFB85 /* Foundation.framework */; };
		AD607AC47313F21B67B95DFD /* AiyifanItem.swift in Sources */ = {isa = PBXBuildFile; fileRef = C91D1387EA901BB178914032 /* AiyifanItem.swift */; };
		CAA4A41484CFF0626856EB20 /* WebViewLoadTrackerTests.swift in Sources */ = {isa = PBXBuildFile; fileRef = DD7594911110B04170A06B1F /* WebViewLoadTrackerTests.swift */; };
		D622E51C1B75805D73A78A43 /* AiyifanLatestTapTests.swift in Sources */ = {isa = PBXBuildFile; fileRef = F9BFF72ABF40008724DE89C1 /* AiyifanLatestTapTests.swift */; };
		E4931B649C3132EA2C200FEB /* AiyifanCategory.swift in Sources */ = {isa = PBXBuildFile; fileRef = 00330A3F84330D50094A4CD2 /* AiyifanCategory.swift */; };
		ED9CD9B721F5A161BD4D4915 /* WebView.swift in Sources */ = {isa = PBXBuildFile; fileRef = 9192F365DD84E7C783DB30F9 /* WebView.swift */; };
		FBBC9BBE5157F88B93D5DD5C /* SavedItemsStore.swift in Sources */ = {isa = PBXBuildFile; fileRef = EE1898460F97C58F866B00E1 /* SavedItemsStore.swift */; };
/* End PBXBuildFile section */

/* Begin PBXContainerItemProxy section */
		1FFF1D0B87F06CA3B6289D51 /* PBXContainerItemProxy */ = {
			isa = PBXContainerItemProxy;
			containerPortal = A06A0F0337AC8C04BB407EA8 /* Project object */;
			proxyType = 1;
			remoteGlobalIDString = C6E50970F9AF211287401BCE;
			remoteInfo = Aiyifan;
		};
		CE863E6D6F3BCAF286EEF6DF /* PBXContainerItemProxy */ = {
			isa = PBXContainerItemProxy;
			containerPortal = A06A0F0337AC8C04BB407EA8 /* Project object */;
			proxyType = 1;
			remoteGlobalIDString = C6E50970F9AF211287401BCE;
			remoteInfo = Aiyifan;
		};
/* End PBXContainerItemProxy section */

/* Begin PBXFileReference section */
		00330A3F84330D50094A4CD2 /* AiyifanCategory.swift */ = {isa = PBXFileReference; includeInIndex = 1; lastKnownFileType = sourcecode.swift; path = AiyifanCategory.swift; sourceTree = "<group>"; };
		003781204E6282A6A5F4E860 /* AiyifanTests.xctest */ = {isa = PBXFileReference; explicitFileType = wrapper.cfbundle; includeInIndex = 0; path = AiyifanTests.xctest; sourceTree = BUILT_PRODUCTS_DIR; };
		0CDB2DB0012DB4A648174D5D /* AiyifanFeedService.swift */ = {isa = PBXFileReference; includeInIndex = 1; lastKnownFileType = sourcecode.swift; path = AiyifanFeedService.swift; sourceTree = "<group>"; };
		156D12944F965A2ECFF32EC4 /* BrowserViewModel.swift */ = {isa = PBXFileReference; includeInIndex = 1; lastKnownFileType = sourcecode.swift; path = BrowserViewModel.swift; sourceTree = "<group>"; };
		18D876E6BAC209A6ED8633F5 /* WebViewPopupPolicyTests.swift */ = {isa = PBXFileReference; includeInIndex = 1; lastKnownFileType = sourcecode.swift; path = WebViewPopupPolicyTests.swift; sourceTree = "<group>"; };
		199DF6B1564361B2323FFB85 /* Foundation.framework */ = {isa = PBXFileReference; lastKnownFileType = wrapper.framework; name = Foundation.framework; path = Platforms/iPhoneOS.platform/Developer/SDKs/iPhoneOS18.0.sdk/System/Library/Frameworks/Foundation.framework; sourceTree = DEVELOPER_DIR; };
		460DB7AA1FB2E17E9F9F5875 /* SavedItemsStoreTests.swift */ = {isa = PBXFileReference; includeInIndex = 1; lastKnownFileType = sourcecode.swift; path = SavedItemsStoreTests.swift; sourceTree = "<group>"; };
		510A3BC1F00F82F018CC7C58 /* AiyifanUITests.xctest */ = {isa = PBXFileReference; explicitFileType = wrapper.cfbundle; includeInIndex = 0; path = AiyifanUITests.xctest; sourceTree = BUILT_PRODUCTS_DIR; };
		573AB5F7095B0CEA7DD3C0EA /* BrowserView.swift */ = {isa = PBXFileReference; includeInIndex = 1; lastKnownFileType = sourcecode.swift; path = BrowserView.swift; sourceTree = "<group>"; };
		68C079767BFB64FB58D68070 /* Info.plist */ = {isa = PBXFileReference; includeInIndex = 1; lastKnownFileType = text.plist.xml; path = Info.plist; sourceTree = "<group>"; };
		7033A81F1F4F87DFFAD98D19 /* Aiyifan.entitlements */ = {isa = PBXFileReference; includeInIndex = 1; lastKnownFileType = text.plist.entitlements; path = Aiyifan.entitlements; sourceTree = "<group>"; };
		70F4B837AD53A0744F200636 /* AiyifanApp.swift */ = {isa = PBXFileReference; includeInIndex = 1; lastKnownFileType = sourcecode.swift; path = AiyifanApp.swift; sourceTree = "<group>"; };
		733638E4F2F79FD93C308B89 /* Aiyifan.app */ = {isa = PBXFileReference; explicitFileType = wrapper.application; includeInIndex = 0; path = Aiyifan.app; sourceTree = BUILT_PRODUCTS_DIR; };
		73B00DC51CA76A7AC61B64E1 /* AiyifanItemURLTests.swift */ = {isa = PBXFileReference; includeInIndex = 1; lastKnownFileType = sourcecode.swift; path = AiyifanItemURLTests.swift; sourceTree = "<group>"; };
		9192F365DD84E7C783DB30F9 /* WebView.swift */ = {isa = PBXFileReference; includeInIndex = 1; lastKnownFileType = sourcecode.swift; path = WebView.swift; sourceTree = "<group>"; };
		C91D1387EA901BB178914032 /* AiyifanItem.swift */ = {isa = PBXFileReference; includeInIndex = 1; lastKnownFileType = sourcecode.swift; path = AiyifanItem.swift; sourceTree = "<group>"; };
		DD7594911110B04170A06B1F /* WebViewLoadTrackerTests.swift */ = {isa = PBXFileReference; includeInIndex = 1; lastKnownFileType = sourcecode.swift; path = WebViewLoadTrackerTests.swift; sourceTree = "<group>"; };
		EE1898460F97C58F866B00E1 /* SavedItemsStore.swift */ = {isa = PBXFileReference; includeInIndex = 1; lastKnownFileType = sourcecode.swift; path = SavedItemsStore.swift; sourceTree = "<group>"; };
		F9BFF72ABF40008724DE89C1 /* AiyifanLatestTapTests.swift */ = {isa = PBXFileReference; includeInIndex = 1; lastKnownFileType = sourcecode.swift; path = AiyifanLatestTapTests.swift; sourceTree = "<group>"; };
/* End PBXFileReference section */

/* Begin PBXFrameworksBuildPhase section */
		54698845137CB0E3351B55C1 /* Frameworks */ = {
			isa = PBXFrameworksBuildPhase;
			buildActionMask = 2147483647;
			files = (
				A251BF5D016E17EADD798E37 /* Foundation.framework in Frameworks */,
			);
			runOnlyForDeploymentPostprocessing = 0;
		};
		66BB2C79B9C57C92C45F4A51 /* Frameworks */ = {
			isa = PBXFrameworksBuildPhase;
			buildActionMask = 2147483647;
			files = (
				53AECFD88258E0B7F022F468 /* Foundation.framework in Frameworks */,
			);
			runOnlyForDeploymentPostprocessing = 0;
		};
		EC6DA13225C58C9E79BEEE34 /* Frameworks */ = {
			isa = PBXFrameworksBuildPhase;
			buildActionMask = 2147483647;
			files = (
				36B5B22F8D467734645967D1 /* Foundation.framework in Frameworks */,
			);
			runOnlyForDeploymentPostprocessing = 0;
		};
/* End PBXFrameworksBuildPhase section */

/* Begin PBXGroup section */
		0AFA86C99693BEB1B038E3FF /* Resources */ = {
			isa = PBXGroup;
			children = (
				68C079767BFB64FB58D68070 /* Info.plist */,
			);
			name = Resources;
			path = Resources;
			sourceTree = "<group>";
		};
		13D48966C736EB9E2E873242 /* AiyifanUITests */ = {
			isa = PBXGroup;
			children = (
				F9BFF72ABF40008724DE89C1 /* AiyifanLatestTapTests.swift */,
			);
			name = AiyifanUITests;
			path = AiyifanUITests;
			sourceTree = "<group>";
		};
		1B12948B4A0AEC62860CA982 /* Products */ = {
			isa = PBXGroup;
			children = (
				733638E4F2F79FD93C308B89 /* Aiyifan.app */,
				003781204E6282A6A5F4E860 /* AiyifanTests.xctest */,
				510A3BC1F00F82F018CC7C58 /* AiyifanUITests.xctest */,
			);
			name = Products;
			sourceTree = "<group>";
		};
		26EE69D81E792DA97419CD81 /* Aiyifan */ = {
			isa = PBXGroup;
			children = (
				A06243AFC750C3E8C8CFEED7 /* App */,
				0AFA86C99693BEB1B038E3FF /* Resources */,
				7033A81F1F4F87DFFAD98D19 /* Aiyifan.entitlements */,
			);
			name = Aiyifan;
			path = Aiyifan;
			sourceTree = "<group>";
		};
		7FE2EC2D59108C892C593056 = {
			isa = PBXGroup;
			children = (
				1B12948B4A0AEC62860CA982 /* Products */,
				991F3E6A73ACEDE73C6888D0 /* Frameworks */,
				26EE69D81E792DA97419CD81 /* Aiyifan */,
				F739FEC2CC4AE8FF8DB14817 /* AiyifanTests */,
				13D48966C736EB9E2E873242 /* AiyifanUITests */,
			);
			sourceTree = "<group>";
		};
		991F3E6A73ACEDE73C6888D0 /* Frameworks */ = {
			isa = PBXGroup;
			children = (
				CD5EACAEE3DAA925CA05B85F /* iOS */,
			);
			name = Frameworks;
			sourceTree = "<group>";
		};
		A06243AFC750C3E8C8CFEED7 /* App */ = {
			isa = PBXGroup;
			children = (
				70F4B837AD53A0744F200636 /* AiyifanApp.swift */,
				00330A3F84330D50094A4CD2 /* AiyifanCategory.swift */,
				0CDB2DB0012DB4A648174D5D /* AiyifanFeedService.swift */,
				C91D1387EA901BB178914032 /* AiyifanItem.swift */,
				573AB5F7095B0CEA7DD3C0EA /* BrowserView.swift */,
				156D12944F965A2ECFF32EC4 /* BrowserViewModel.swift */,
				EE1898460F97C58F866B00E1 /* SavedItemsStore.swift */,
				9192F365DD84E7C783DB30F9 /* WebView.swift */,
			);
			name = App;
			path = App;
			sourceTree = "<group>";
		};
		CD5EACAEE3DAA925CA05B85F /* iOS */ = {
			isa = PBXGroup;
			children = (
				199DF6B1564361B2323FFB85 /* Foundation.framework */,
			);
			name = iOS;
			sourceTree = "<group>";
		};
		F739FEC2CC4AE8FF8DB14817 /* AiyifanTests */ = {
			isa = PBXGroup;
			children = (
				73B00DC51CA76A7AC61B64E1 /* AiyifanItemURLTests.swift */,
				460DB7AA1FB2E17E9F9F5875 /* SavedItemsStoreTests.swift */,
				DD7594911110B04170A06B1F /* WebViewLoadTrackerTests.swift */,
				18D876E6BAC209A6ED8633F5 /* WebViewPopupPolicyTests.swift */,
			);
			name = AiyifanTests;
			path = AiyifanTests;
			sourceTree = "<group>";
		};
/* End PBXGroup section */

/* Begin PBXNativeTarget section */
		79A28980134AFBBC53FB0F88 /* AiyifanTests */ = {
			isa = PBXNativeTarget;
			buildConfigurationList = 09E72E8ED1910232EDE990DF /* Build configuration list for PBXNativeTarget "AiyifanTests" */;
			buildPhases = (
				AED69A41E0C67998AD291CCC /* Sources */,
				EC6DA13225C58C9E79BEEE34 /* Frameworks */,
				9D01E615663D89A09347ACFE /* Resources */,
			);
			buildRules = (
			);
			dependencies = (
				48F8C7D80952DD6D0A92EBDA /* PBXTargetDependency */,
			);
			name = AiyifanTests;
			productName = AiyifanTests;
			productReference = 003781204E6282A6A5F4E860 /* AiyifanTests.xctest */;
			productType = "com.apple.product-type.bundle.unit-test";
		};
		C6E50970F9AF211287401BCE /* Aiyifan */ = {
			isa = PBXNativeTarget;
			buildConfigurationList = 9F59482255C2A16B57A0E538 /* Build configuration list for PBXNativeTarget "Aiyifan" */;
			buildPhases = (
				48FB22B1421250F282A33B1A /* Sources */,
				54698845137CB0E3351B55C1 /* Frameworks */,
				AFC1CDBAEE2D5596D0A16EF3 /* Resources */,
			);
			buildRules = (
			);
			dependencies = (
			);
			name = Aiyifan;
			productName = Aiyifan;
			productReference = 733638E4F2F79FD93C308B89 /* Aiyifan.app */;
			productType = "com.apple.product-type.application";
		};
		E8F2BB6B0823602E7E276163 /* AiyifanUITests */ = {
			isa = PBXNativeTarget;
			buildConfigurationList = A01E3B0687A0CA2C6331C66A /* Build configuration list for PBXNativeTarget "AiyifanUITests" */;
			buildPhases = (
				61CF9D41D9776556092B56AD /* Sources */,
				66BB2C79B9C57C92C45F4A51 /* Frameworks */,
				263F221A75F53AA2E2BF899C /* Resources */,
			);
			buildRules = (
			);
			dependencies = (
				A151DB312547BE7DAD09DE94 /* PBXTargetDependency */,
			);
			name = AiyifanUITests;
			productName = AiyifanUITests;
			productReference = 510A3BC1F00F82F018CC7C58 /* AiyifanUITests.xctest */;
			productType = "com.apple.product-type.bundle.ui-testing";
		};
/* End PBXNativeTarget section */

/* Begin PBXProject section */
		A06A0F0337AC8C04BB407EA8 /* Project object */ = {
			isa = PBXProject;
			attributes = {
				LastSwiftUpdateCheck = 2620;
				LastUpgradeCheck = 2620;
				TargetAttributes = {
					79A28980134AFBBC53FB0F88 = {
						CreatedOnToolsVersion = 26.2;
						TestTargetID = C6E50970F9AF211287401BCE;
					};
					C6E50970F9AF211287401BCE = {
						CreatedOnToolsVersion = 26.2;
					};
					E8F2BB6B0823602E7E276163 = {
						CreatedOnToolsVersion = 26.2;
						TestTargetID = C6E50970F9AF211287401BCE;
					};
				};
			};
			buildConfigurationList = DDED0A6B4AF09ECA9C763F46 /* Build configuration list for PBXProject "Aiyifan" */;
			compatibilityVersion = "Xcode 3.2";
			developmentRegion = en;
			hasScannedForEncodings = 0;
			knownRegions = (
				en,
				Base,
			);
			mainGroup = 7FE2EC2D59108C892C593056;
			minimizedProjectReferenceProxies = 0;
			preferredProjectObjectVersion = 77;
			productRefGroup = 1B12948B4A0AEC62860CA982 /* Products */;
			projectDirPath = "";
			projectRoot = "";
			targets = (
				C6E50970F9AF211287401BCE /* Aiyifan */,
				79A28980134AFBBC53FB0F88 /* AiyifanTests */,
				E8F2BB6B0823602E7E276163 /* AiyifanUITests */,
			);
		};
/* End PBXProject section */

/* Begin PBXResourcesBuildPhase section */
		263F221A75F53AA2E2BF899C /* Resources */ = {
			isa = PBXResourcesBuildPhase;
			buildActionMask = 2147483647;
			files = (
			);
			runOnlyForDeploymentPostprocessing = 0;
		};
		9D01E615663D89A09347ACFE /* Resources */ = {
			isa = PBXResourcesBuildPhase;
			buildActionMask = 2147483647;
			files = (
			);
			runOnlyForDeploymentPostprocessing = 0;
		};
		AFC1CDBAEE2D5596D0A16EF3 /* Resources */ = {
			isa = PBXResourcesBuildPhase;
			buildActionMask = 2147483647;
			files = (
			);
			runOnlyForDeploymentPostprocessing = 0;
		};
/* End PBXResourcesBuildPhase section */

/* Begin PBXSourcesBuildPhase section */
		48FB22B1421250F282A33B1A /* Sources */ = {
			isa = PBXSourcesBuildPhase;
			buildActionMask = 2147483647;
			files = (
				277EEF2F74E651DC0DA12AB5 /* AiyifanApp.swift in Sources */,
				E4931B649C3132EA2C200FEB /* AiyifanCategory.swift in Sources */,
				16612D2AF48E6E2749155524 /* AiyifanFeedService.swift in Sources */,
				AD607AC47313F21B67B95DFD /* AiyifanItem.swift in Sources */,
				87B066B1434E1416B6F5DCFF /* BrowserView.swift in Sources */,
				9CC6103527AC1FE2B3D191B8 /* BrowserViewModel.swift in Sources */,
				FBBC9BBE5157F88B93D5DD5C /* SavedItemsStore.swift in Sources */,
				ED9CD9B721F5A161BD4D4915 /* WebView.swift in Sources */,
			);
			runOnlyForDeploymentPostprocessing = 0;
		};
		61CF9D41D9776556092B56AD /* Sources */ = {
			isa = PBXSourcesBuildPhase;
			buildActionMask = 2147483647;
			files = (
				D622E51C1B75805D73A78A43 /* AiyifanLatestTapTests.swift in Sources */,
			);
			runOnlyForDeploymentPostprocessing = 0;
		};
		AED69A41E0C67998AD291CCC /* Sources */ = {
			isa = PBXSourcesBuildPhase;
			buildActionMask = 2147483647;
			files = (
				10814FE98DFC3E49CFBFB31C /* AiyifanItemURLTests.swift in Sources */,
				880280AF91ACB9B27B599300 /* SavedItemsStoreTests.swift in Sources */,
				CAA4A41484CFF0626856EB20 /* WebViewLoadTrackerTests.swift in Sources */,
				1B620BC2C9515F5767CBE4BC /* WebViewPopupPolicyTests.swift in Sources */,
			);
			runOnlyForDeploymentPostprocessing = 0;
		};
/* End PBXSourcesBuildPhase section */

/* Begin PBXTargetDependency section */
		48F8C7D80952DD6D0A92EBDA /* PBXTargetDependency */ = {
			isa = PBXTargetDependency;
			name = Aiyifan;
			target = C6E50970F9AF211287401BCE /* Aiyifan */;
			targetProxy = CE863E6D6F3BCAF286EEF6DF /* PBXContainerItemProxy */;
		};
		A151DB312547BE7DAD09DE94 /* PBXTargetDependency */ = {
			isa = PBXTargetDependency;
			name = Aiyifan;
			target = C6E50970F9AF211287401BCE /* Aiyifan */;
			targetProxy = 1FFF1D0B87F06CA3B6289D51 /* PBXContainerItemProxy */;
		};
/* End PBXTargetDependency section */

/* Begin XCBuildConfiguration section */
		0D753AD0F7FC3F52516701FF /* Release */ = {
			isa = XCBuildConfiguration;
			buildSettings = {
				ALWAYS_SEARCH_USER_PATHS = NO;
				CLANG_ANALYZER_NONNULL = YES;
				CLANG_ANALYZER_NUMBER_OBJECT_CONVERSION = YES_AGGRESSIVE;
				CLANG_CXX_LANGUAGE_STANDARD = "gnu++14";
				CLANG_CXX_LIBRARY = "libc++";
				CLANG_ENABLE_MODULES = YES;
				CLANG_ENABLE_OBJC_ARC = YES;
				CLANG_ENABLE_OBJC_WEAK = YES;
				CLANG_WARN_BLOCK_CAPTURE_AUTORELEASING = YES;
				CLANG_WARN_BOOL_CONVERSION = YES;
				CLANG_WARN_COMMA = YES;
				CLANG_WARN_CONSTANT_CONVERSION = YES;
				CLANG_WARN_DEPRECATED_OBJC_IMPLEMENTATIONS = YES;
				CLANG_WARN_DIRECT_OBJC_ISA_USAGE = YES_ERROR;
				CLANG_WARN_DOCUMENTATION_COMMENTS = YES;
				CLANG_WARN_EMPTY_BODY = YES;
				CLANG_WARN_ENUM_CONVERSION = YES;
				CLANG_WARN_INFINITE_RECURSION = YES;
				CLANG_WARN_INT_CONVERSION = YES;
				CLANG_WARN_NON_LITERAL_NULL_CONVERSION = YES;
				CLANG_WARN_OBJC_IMPLICIT_RETAIN_SELF = YES;
				CLANG_WARN_OBJC_LITERAL_CONVERSION = YES;
				CLANG_WARN_OBJC_ROOT_CLASS = YES_ERROR;
				CLANG_WARN_QUOTED_INCLUDE_IN_FRAMEWORK_HEADER = YES;
				CLANG_WARN_RANGE_LOOP_ANALYSIS = YES;
				CLANG_WARN_STRICT_PROTOTYPES = YES;
				CLANG_WARN_SUSPICIOUS_MOVE = YES;
				CLANG_WARN_UNGUARDED_AVAILABILITY = YES_AGGRESSIVE;
				CLANG_WARN_UNREACHABLE_CODE = YES;
				CLANG_WARN__DUPLICATE_METHOD_MATCH = YES;
				COPY_PHASE_STRIP = NO;
				DEBUG_INFORMATION_FORMAT = "dwarf-with-dsym";
				ENABLE_NS_ASSERTIONS = NO;
				ENABLE_STRICT_OBJC_MSGSEND = YES;
				GCC_C_LANGUAGE_STANDARD = gnu11;
				GCC_NO_COMMON_BLOCKS = YES;
				GCC_WARN_64_TO_32_BIT_CONVERSION = YES;
				GCC_WARN_ABOUT_RETURN_TYPE = YES_ERROR;
				GCC_WARN_UNDECLARED_SELECTOR = YES;
				GCC_WARN_UNINITIALIZED_AUTOS = YES_AGGRESSIVE;
				GCC_WARN_UNUSED_FUNCTION = YES;
				GCC_WARN_UNUSED_VARIABLE = YES;
				IPHONEOS_DEPLOYMENT_TARGET = 17.0;
				MTL_ENABLE_DEBUG_INFO = NO;
				MTL_FAST_MATH = YES;
				PRODUCT_NAME = "$(TARGET_NAME)";
				SWIFT_COMPILATION_MODE = wholemodule;
				SWIFT_OPTIMIZATION_LEVEL = "-O";
				SWIFT_VERSION = 6.0;
			};
			name = Release;
		};
		2E1CA536272CFEE29D9EB850 /* Debug */ = {
			isa = XCBuildConfiguration;
			buildSettings = {
				ASSETCATALOG_COMPILER_APPICON_NAME = "";
				ASSETCATALOG_COMPILER_GLOBAL_ACCENT_COLOR_NAME = AccentColor;
				CLANG_ENABLE_OBJC_WEAK = NO;
				CODE_SIGN_ENTITLEMENTS = Aiyifan/Aiyifan.entitlements;
				CODE_SIGN_STYLE = Automatic;
				CURRENT_PROJECT_VERSION = 1;
				DEVELOPMENT_TEAM = VGGZ34H2PS;
				GENERATE_INFOPLIST_FILE = NO;
				INFOPLIST_FILE = Aiyifan/Resources/Info.plist;
				IPHONEOS_DEPLOYMENT_TARGET = 17.0;
				LD_RUNPATH_SEARCH_PATHS = "$(inherited) @executable_path/Frameworks";
				MARKETING_VERSION = 1.0;
				PRODUCT_BUNDLE_IDENTIFIER = com.john.aiyifan;
				PRODUCT_NAME = "$(TARGET_NAME)";
				SDKROOT = iphoneos;
				SUPPORTED_PLATFORMS = "iphoneos iphonesimulator";
				SUPPORTS_MACCATALYST = NO;
				SWIFT_VERSION = 6.0;
				TARGETED_DEVICE_FAMILY = "1,2";
			};
			name = Debug;
		};
		6089A35878059D42F9EE8DB3 /* Release */ = {
			isa = XCBuildConfiguration;
			buildSettings = {
				CLANG_ENABLE_OBJC_WEAK = NO;
				CODE_SIGN_STYLE = Automatic;
				DEVELOPMENT_TEAM = VGGZ34H2PS;
				GENERATE_INFOPLIST_FILE = YES;
				IPHONEOS_DEPLOYMENT_TARGET = 17.0;
				PRODUCT_BUNDLE_IDENTIFIER = com.john.aiyifan.uitests;
				PRODUCT_NAME = "$(TARGET_NAME)";
				SDKROOT = iphoneos;
				SUPPORTED_PLATFORMS = "iphoneos iphonesimulator";
				SWIFT_VERSION = 6.0;
				TARGETED_DEVICE_FAMILY = "1,2";
				TEST_TARGET_NAME = Aiyifan;
				VALIDATE_PRODUCT = YES;
			};
			name = Release;
		};
		61BA9252791864E07FC1DF42 /* Debug */ = {
			isa = XCBuildConfiguration;
			buildSettings = {
				ALWAYS_SEARCH_USER_PATHS = NO;
				CLANG_ANALYZER_NONNULL = YES;
				CLANG_ANALYZER_NUMBER_OBJECT_CONVERSION = YES_AGGRESSIVE;
				CLANG_CXX_LANGUAGE_STANDARD = "gnu++14";
				CLANG_CXX_LIBRARY = "libc++";
				CLANG_ENABLE_MODULES = YES;
				CLANG_ENABLE_OBJC_ARC = YES;
				CLANG_ENABLE_OBJC_WEAK = YES;
				CLANG_WARN_BLOCK_CAPTURE_AUTORELEASING = YES;
				CLANG_WARN_BOOL_CONVERSION = YES;
				CLANG_WARN_COMMA = YES;
				CLANG_WARN_CONSTANT_CONVERSION = YES;
				CLANG_WARN_DEPRECATED_OBJC_IMPLEMENTATIONS = YES;
				CLANG_WARN_DIRECT_OBJC_ISA_USAGE = YES_ERROR;
				CLANG_WARN_DOCUMENTATION_COMMENTS = YES;
				CLANG_WARN_EMPTY_BODY = YES;
				CLANG_WARN_ENUM_CONVERSION = YES;
				CLANG_WARN_INFINITE_RECURSION = YES;
				CLANG_WARN_INT_CONVERSION = YES;
				CLANG_WARN_NON_LITERAL_NULL_CONVERSION = YES;
				CLANG_WARN_OBJC_IMPLICIT_RETAIN_SELF = YES;
				CLANG_WARN_OBJC_LITERAL_CONVERSION = YES;
				CLANG_WARN_OBJC_ROOT_CLASS = YES_ERROR;
				CLANG_WARN_QUOTED_INCLUDE_IN_FRAMEWORK_HEADER = YES;
				CLANG_WARN_RANGE_LOOP_ANALYSIS = YES;
				CLANG_WARN_STRICT_PROTOTYPES = YES;
				CLANG_WARN_SUSPICIOUS_MOVE = YES;
				CLANG_WARN_UNGUARDED_AVAILABILITY = YES_AGGRESSIVE;
				CLANG_WARN_UNREACHABLE_CODE = YES;
				CLANG_WARN__DUPLICATE_METHOD_MATCH = YES;
				COPY_PHASE_STRIP = NO;
				DEBUG_INFORMATION_FORMAT = dwarf;
				ENABLE_STRICT_OBJC_MSGSEND = YES;
				ENABLE_TESTABILITY = YES;
				GCC_C_LANGUAGE_STANDARD = gnu11;
				GCC_DYNAMIC_NO_PIC = NO;
				GCC_NO_COMMON_BLOCKS = YES;
				GCC_OPTIMIZATION_LEVEL = 0;
				GCC_PREPROCESSOR_DEFINITIONS = (
					"DEBUG=1",
					"$(inherited)",
				);
				GCC_WARN_64_TO_32_BIT_CONVERSION = YES;
				GCC_WARN_ABOUT_RETURN_TYPE = YES_ERROR;
				GCC_WARN_UNDECLARED_SELECTOR = YES;
				GCC_WARN_UNINITIALIZED_AUTOS = YES_AGGRESSIVE;
				GCC_WARN_UNUSED_FUNCTION = YES;
				GCC_WARN_UNUSED_VARIABLE = YES;
				IPHONEOS_DEPLOYMENT_TARGET = 17.0;
				MTL_ENABLE_DEBUG_INFO = INCLUDE_SOURCE;
				MTL_FAST_MATH = YES;
				ONLY_ACTIVE_ARCH = YES;
				PRODUCT_NAME = "$(TARGET_NAME)";
				SWIFT_ACTIVE_COMPILATION_CONDITIONS = DEBUG;
				SWIFT_OPTIMIZATION_LEVEL = "-Onone";
				SWIFT_VERSION = 6.0;
			};
			name = Debug;
		};
		90427644B68F84CEE13E529E /* Release */ = {
			isa = XCBuildConfiguration;
			buildSettings = {
				ASSETCATALOG_COMPILER_APPICON_NAME = "";
				ASSETCATALOG_COMPILER_GLOBAL_ACCENT_COLOR_NAME = AccentColor;
				CLANG_ENABLE_OBJC_WEAK = NO;
				CODE_SIGN_ENTITLEMENTS = Aiyifan/Aiyifan.entitlements;
				CODE_SIGN_STYLE = Automatic;
				CURRENT_PROJECT_VERSION = 1;
				DEVELOPMENT_TEAM = VGGZ34H2PS;
				GENERATE_INFOPLIST_FILE = NO;
				INFOPLIST_FILE = Aiyifan/Resources/Info.plist;
				IPHONEOS_DEPLOYMENT_TARGET = 17.0;
				LD_RUNPATH_SEARCH_PATHS = "$(inherited) @executable_path/Frameworks";
				MARKETING_VERSION = 1.0;
				PRODUCT_BUNDLE_IDENTIFIER = com.john.aiyifan;
				PRODUCT_NAME = "$(TARGET_NAME)";
				SDKROOT = iphoneos;
				SUPPORTED_PLATFORMS = "iphoneos iphonesimulator";
				SUPPORTS_MACCATALYST = NO;
				SWIFT_VERSION = 6.0;
				TARGETED_DEVICE_FAMILY = "1,2";
				VALIDATE_PRODUCT = YES;
			};
			name = Release;
		};
		9965F1738448F3E88FEE02A4 /* Release */ = {
			isa = XCBuildConfiguration;
			buildSettings = {
				BUNDLE_LOADER = "$(TEST_HOST)";
				CLANG_ENABLE_OBJC_WEAK = NO;
				CODE_SIGN_STYLE = Automatic;
				DEVELOPMENT_TEAM = VGGZ34H2PS;
				GENERATE_INFOPLIST_FILE = YES;
				IPHONEOS_DEPLOYMENT_TARGET = 17.0;
				PRODUCT_BUNDLE_IDENTIFIER = com.john.aiyifan.tests;
				PRODUCT_NAME = "$(TARGET_NAME)";
				SDKROOT = iphoneos;
				SUPPORTED_PLATFORMS = "iphoneos iphonesimulator";
				SWIFT_VERSION = 6.0;
				TARGETED_DEVICE_FAMILY = "1,2";
				TEST_HOST = "$(BUILT_PRODUCTS_DIR)/Aiyifan.app/$(BUNDLE_EXECUTABLE_FOLDER_PATH)/Aiyifan";
				VALIDATE_PRODUCT = YES;
			};
			name = Release;
		};
		9EB3E496E0870F63957C2180 /* Debug */ = {
			isa = XCBuildConfiguration;
			buildSettings = {
				CLANG_ENABLE_OBJC_WEAK = NO;
				CODE_SIGN_STYLE = Automatic;
				DEVELOPMENT_TEAM = VGGZ34H2PS;
				GENERATE_INFOPLIST_FILE = YES;
				IPHONEOS_DEPLOYMENT_TARGET = 17.0;
				PRODUCT_BUNDLE_IDENTIFIER = com.john.aiyifan.uitests;
				PRODUCT_NAME = "$(TARGET_NAME)";
				SDKROOT = iphoneos;
				SUPPORTED_PLATFORMS = "iphoneos iphonesimulator";
				SWIFT_VERSION = 6.0;
				TARGETED_DEVICE_FAMILY = "1,2";
				TEST_TARGET_NAME = Aiyifan;
			};
			name = Debug;
		};
		AA7AFAF024BC3034C62C5BB2 /* Debug */ = {
			isa = XCBuildConfiguration;
			buildSettings = {
				BUNDLE_LOADER = "$(TEST_HOST)";
				CLANG_ENABLE_OBJC_WEAK = NO;
				CODE_SIGN_STYLE = Automatic;
				DEVELOPMENT_TEAM = VGGZ34H2PS;
				GENERATE_INFOPLIST_FILE = YES;
				IPHONEOS_DEPLOYMENT_TARGET = 17.0;
				PRODUCT_BUNDLE_IDENTIFIER = com.john.aiyifan.tests;
				PRODUCT_NAME = "$(TARGET_NAME)";
				SDKROOT = iphoneos;
				SUPPORTED_PLATFORMS = "iphoneos iphonesimulator";
				SWIFT_VERSION = 6.0;
				TARGETED_DEVICE_FAMILY = "1,2";
				TEST_HOST = "$(BUILT_PRODUCTS_DIR)/Aiyifan.app/$(BUNDLE_EXECUTABLE_FOLDER_PATH)/Aiyifan";
			};
			name = Debug;
		};
/* End XCBuildConfiguration section */

/* Begin XCConfigurationList section */
		09E72E8ED1910232EDE990DF /* Build configuration list for PBXNativeTarget "AiyifanTests" */ = {
			isa = XCConfigurationList;
			buildConfigurations = (
				9965F1738448F3E88FEE02A4 /* Release */,
				AA7AFAF024BC3034C62C5BB2 /* Debug */,
			);
			defaultConfigurationIsVisible = 0;
			defaultConfigurationName = Release;
		};
		9F59482255C2A16B57A0E538 /* Build configuration list for PBXNativeTarget "Aiyifan" */ = {
			isa = XCConfigurationList;
			buildConfigurations = (
				90427644B68F84CEE13E529E /* Release */,
				2E1CA536272CFEE29D9EB850 /* Debug */,
			);
			defaultConfigurationIsVisible = 0;
			defaultConfigurationName = Release;
		};
		A01E3B0687A0CA2C6331C66A /* Build configuration list for PBXNativeTarget "AiyifanUITests" */ = {
			isa = XCConfigurationList;
			buildConfigurations = (
				6089A35878059D42F9EE8DB3 /* Release */,
				9EB3E496E0870F63957C2180 /* Debug */,
			);
			defaultConfigurationIsVisible = 0;
			defaultConfigurationName = Release;
		};
		DDED0A6B4AF09ECA9C763F46 /* Build configuration list for PBXProject "Aiyifan" */ = {
			isa = XCConfigurationList;
			buildConfigurations = (
				61BA9252791864E07FC1DF42 /* Debug */,
				0D753AD0F7FC3F52516701FF /* Release */,
			);
			defaultConfigurationIsVisible = 0;
			defaultConfigurationName = Release;
		};
/* End XCConfigurationList section */
	};
	rootObject = A06A0F0337AC8C04BB407EA8 /* Project object */;
}
