// !$*UTF8*$!
{
	archiveVersion = 1;
	classes = {
	};
	objectVersion = 46;
	objects = {

/* Begin PBXBuildFile section */
		1680FD55E6DA74E23912AD4F /* AiyifanItemURLTests.swift in Sources */ = {isa = PBXBuildFile; fileRef = AC3690E5AD017E81F2A9A500 /* AiyifanItemURLTests.swift */; };
		2302DF3DDAABDB68AAD278F1 /* AiyifanCategory.swift in Sources */ = {isa = PBXBuildFile; fileRef = 040E6F42AE5463B93D90587F /* AiyifanCategory.swift */; };
		2E9351382784EBE22232C7B7 /* NativePlayerView.swift in Sources */ = {isa = PBXBuildFile; fileRef = 39890ACB5DB987BD5E871E47 /* NativePlayerView.swift */; };
		3D606F2E4057594B721EBF66 /* BrowserViewModel.swift in Sources */ = {isa = PBXBuildFile; fileRef = 3102108223D02FEEA65B5FDF /* BrowserViewModel.swift */; };
		44A3F096F213376A05F773AE /* SavedItemsStoreTests.swift in Sources */ = {isa = PBXBuildFile; fileRef = F310AC2777EB7B549E40A0A1 /* SavedItemsStoreTests.swift */; };
		5A4E90491F8FFF720758268D /* Foundation.framework in Frameworks */ = {isa = PBXBuildFile; fileRef = 041BBD885CD38E2D36EB6256 /* Foundation.framework */; };
		7B6A24B4AB46825AD08298C7 /* AiyifanFeedService.swift in Sources */ = {isa = PBXBuildFile; fileRef = 6553B318169FE6D91E2C5047 /* AiyifanFeedService.swift */; };
		7DCC1802A4EC46A44D3A44FA /* WebView.swift in Sources */ = {isa = PBXBuildFile; fileRef = 21397FFE5C89B8A59C9C129B /* WebView.swift */; };
		94069A5EEA8F7D9672B48F71 /* AiyifanItem.swift in Sources */ = {isa = PBXBuildFile; fileRef = D7D936594C5A123C9549184F /* AiyifanItem.swift */; };
		A00D5CA25451C6B59ED93663 /* WebViewPopupPolicyTests.swift in Sources */ = {isa = PBXBuildFile; fileRef = 5D015449E3DE443535B94168 /* WebViewPopupPolicyTests.swift */; };
		A89BFACD32495380C58FFB52 /* Foundation.framework in Frameworks */ = {isa = PBXBuildFile; fileRef = 041BBD885CD38E2D36EB6256 /* Foundation.framework */; };
		AD76028D27D528DFC9780374 /* AiyifanLatestTapTests.swift in Sources */ = {isa = PBXBuildFile; fileRef = 1BBC69929934BC203ED2DAC4 /* AiyifanLatestTapTests.swift */; };
		AFA2179F9E37631F7BACC30B /* AiyifanApp.swift in Sources */ = {isa = PBXBuildFile; fileRef = 14103727DC53879DF6E4C6C9 /* AiyifanApp.swift */; };
		B3C78BE3EAE0A234D4C9E114 /* SavedItemsStore.swift in Sources */ = {isa = PBXBuildFile; fileRef = B2B067AF79A99E24EBA9EE74 /* SavedItemsStore.swift */; };
		BBBC2C780FFB19B5C26CA583 /* NativePlaybackResolver.swift in Sources */ = {isa = PBXBuildFile; fileRef = 1E788CD63A38DBBEBA89A71F /* NativePlaybackResolver.swift */; };
		D545E1D2722CC492921F7E0A /* Foundation.framework in Frameworks */ = {isa = PBXBuildFile; fileRef = 041BBD885CD38E2D36EB6256 /* Foundation.framework */; };
		DA1D3AAB1672E0CFC0545413 /* WebViewLoadTrackerTests.swift in Sources */ = {isa = PBXBuildFile; fileRef = 370ADE4F45BA565E650868C2 /* WebViewLoadTrackerTests.swift */; };
		ECBBBEF8845F7D1A4CB44476 /* NativePlaybackResolverTests.swift in Sources */ = {isa = PBXBuildFile; fileRef = BB74697E6F74E0D0C0374533 /* NativePlaybackResolverTests.swift */; };
		F1C11C1A07529357FB985113 /* NativePlayerViewModelTests.swift in Sources */ = {isa = PBXBuildFile; fileRef = D1C433E11B76E05C2D821595 /* NativePlayerViewModelTests.swift */; };
		FCBC53472B58CA44BEF37FB7 /* BrowserView.swift in Sources */ = {isa = PBXBuildFile; fileRef = CB2842A424121E2150D9BFF0 /* BrowserView.swift */; };
/* End PBXBuildFile section */

/* Begin PBXContainerItemProxy section */
		2DF401679A58323735741299 /* PBXContainerItemProxy */ = {
			isa = PBXContainerItemProxy;
			containerPortal = 772B6EB0AAAE8F4D9B5622A6 /* Project object */;
			proxyType = 1;
			remoteGlobalIDString = 52B97FC8459EF2E94E77B450;
			remoteInfo = Aiyifan;
		};
		C34C860C4C0FD2E1C517E13D /* PBXContainerItemProxy */ = {
			isa = PBXContainerItemProxy;
			containerPortal = 772B6EB0AAAE8F4D9B5622A6 /* Project object */;
			proxyType = 1;
			remoteGlobalIDString = 52B97FC8459EF2E94E77B450;
			remoteInfo = Aiyifan;
		};
/* End PBXContainerItemProxy section */

/* Begin PBXFileReference section */
		040E6F42AE5463B93D90587F /* AiyifanCategory.swift */ = {isa = PBXFileReference; includeInIndex = 1; lastKnownFileType = sourcecode.swift; path = AiyifanCategory.swift; sourceTree = "<group>"; };
		041BBD885CD38E2D36EB6256 /* Foundation.framework */ = {isa = PBXFileReference; lastKnownFileType = wrapper.framework; name = Foundation.framework; path = Platforms/iPhoneOS.platform/Developer/SDKs/iPhoneOS18.0.sdk/System/Library/Frameworks/Foundation.framework; sourceTree = DEVELOPER_DIR; };
		14103727DC53879DF6E4C6C9 /* AiyifanApp.swift */ = {isa = PBXFileReference; includeInIndex = 1; lastKnownFileType = sourcecode.swift; path = AiyifanApp.swift; sourceTree = "<group>"; };
		1BBC69929934BC203ED2DAC4 /* AiyifanLatestTapTests.swift */ = {isa = PBXFileReference; includeInIndex = 1; lastKnownFileType = sourcecode.swift; path = AiyifanLatestTapTests.swift; sourceTree = "<group>"; };
		1E788CD63A38DBBEBA89A71F /* NativePlaybackResolver.swift */ = {isa = PBXFileReference; includeInIndex = 1; lastKnownFileType = sourcecode.swift; path = NativePlaybackResolver.swift; sourceTree = "<group>"; };
		21397FFE5C89B8A59C9C129B /* WebView.swift */ = {isa = PBXFileReference; includeInIndex = 1; lastKnownFileType = sourcecode.swift; path = WebView.swift; sourceTree = "<group>"; };
		2AC774E80AAC2DED550C44FC /* AiyifanTests.xctest */ = {isa = PBXFileReference; explicitFileType = wrapper.cfbundle; includeInIndex = 0; path = AiyifanTests.xctest; sourceTree = BUILT_PRODUCTS_DIR; };
		3102108223D02FEEA65B5FDF /* BrowserViewModel.swift */ = {isa = PBXFileReference; includeInIndex = 1; lastKnownFileType = sourcecode.swift; path = BrowserViewModel.swift; sourceTree = "<group>"; };
		370ADE4F45BA565E650868C2 /* WebViewLoadTrackerTests.swift */ = {isa = PBXFileReference; includeInIndex = 1; lastKnownFileType = sourcecode.swift; path = WebViewLoadTrackerTests.swift; sourceTree = "<group>"; };
		39890ACB5DB987BD5E871E47 /* NativePlayerView.swift */ = {isa = PBXFileReference; includeInIndex = 1; lastKnownFileType = sourcecode.swift; path = NativePlayerView.swift; sourceTree = "<group>"; };
		5D015449E3DE443535B94168 /* WebViewPopupPolicyTests.swift */ = {isa = PBXFileReference; includeInIndex = 1; lastKnownFileType = sourcecode.swift; path = WebViewPopupPolicyTests.swift; sourceTree = "<group>"; };
		6553B318169FE6D91E2C5047 /* AiyifanFeedService.swift */ = {isa = PBXFileReference; includeInIndex = 1; lastKnownFileType = sourcecode.swift; path = AiyifanFeedService.swift; sourceTree = "<group>"; };
		693B3B888906442D4B538AB6 /* Aiyifan.entitlements */ = {isa = PBXFileReference; includeInIndex = 1; lastKnownFileType = text.plist.entitlements; path = Aiyifan.entitlements; sourceTree = "<group>"; };
		720193772BFF75EB91BC2E55 /* AiyifanUITests.xctest */ = {isa = PBXFileReference; explicitFileType = wrapper.cfbundle; includeInIndex = 0; path = AiyifanUITests.xctest; sourceTree = BUILT_PRODUCTS_DIR; };
		AC3690E5AD017E81F2A9A500 /* AiyifanItemURLTests.swift */ = {isa = PBXFileReference; includeInIndex = 1; lastKnownFileType = sourcecode.swift; path = AiyifanItemURLTests.swift; sourceTree = "<group>"; };
		B2B067AF79A99E24EBA9EE74 /* SavedItemsStore.swift */ = {isa = PBXFileReference; includeInIndex = 1; lastKnownFileType = sourcecode.swift; path = SavedItemsStore.swift; sourceTree = "<group>"; };
		BB74697E6F74E0D0C0374533 /* NativePlaybackResolverTests.swift */ = {isa = PBXFileReference; includeInIndex = 1; lastKnownFileType = sourcecode.swift; path = NativePlaybackResolverTests.swift; sourceTree = "<group>"; };
		CB2842A424121E2150D9BFF0 /* BrowserView.swift */ = {isa = PBXFileReference; includeInIndex = 1; lastKnownFileType = sourcecode.swift; path = BrowserView.swift; sourceTree = "<group>"; };
		D1C433E11B76E05C2D821595 /* NativePlayerViewModelTests.swift */ = {isa = PBXFileReference; includeInIndex = 1; lastKnownFileType = sourcecode.swift; path = NativePlayerViewModelTests.swift; sourceTree = "<group>"; };
		D53F01EE80A522FF8060CC9C /* Aiyifan.app */ = {isa = PBXFileReference; explicitFileType = wrapper.application; includeInIndex = 0; path = Aiyifan.app; sourceTree = BUILT_PRODUCTS_DIR; };
		D7D936594C5A123C9549184F /* AiyifanItem.swift */ = {isa = PBXFileReference; includeInIndex = 1; lastKnownFileType = sourcecode.swift; path = AiyifanItem.swift; sourceTree = "<group>"; };
		D83E09BBF4D7429D015ED397 /* Info.plist */ = {isa = PBXFileReference; includeInIndex = 1; lastKnownFileType = text.plist.xml; path = Info.plist; sourceTree = "<group>"; };
		F310AC2777EB7B549E40A0A1 /* SavedItemsStoreTests.swift */ = {isa = PBXFileReference; includeInIndex = 1; lastKnownFileType = sourcecode.swift; path = SavedItemsStoreTests.swift; sourceTree = "<group>"; };
/* End PBXFileReference section */

/* Begin PBXFrameworksBuildPhase section */
		6E2D91D2F809C5337E44278F /* Frameworks */ = {
			isa = PBXFrameworksBuildPhase;
			buildActionMask = 2147483647;
			files = (
				A89BFACD32495380C58FFB52 /* Foundation.framework in Frameworks */,
			);
			runOnlyForDeploymentPostprocessing = 0;
		};
		95BB34FC3CC761061BF36A19 /* Frameworks */ = {
			isa = PBXFrameworksBuildPhase;
			buildActionMask = 2147483647;
			files = (
				5A4E90491F8FFF720758268D /* Foundation.framework in Frameworks */,
			);
			runOnlyForDeploymentPostprocessing = 0;
		};
		D02587032926AFF689D78C63 /* Frameworks */ = {
			isa = PBXFrameworksBuildPhase;
			buildActionMask = 2147483647;
			files = (
				D545E1D2722CC492921F7E0A /* Foundation.framework in Frameworks */,
			);
			runOnlyForDeploymentPostprocessing = 0;
		};
/* End PBXFrameworksBuildPhase section */

/* Begin PBXGroup section */
		123ADABC5BC5B4AD5ED2EE15 /* Frameworks */ = {
			isa = PBXGroup;
			children = (
				2B1589B333B9170608368A04 /* iOS */,
			);
			name = Frameworks;
			sourceTree = "<group>";
		};
		2B1589B333B9170608368A04 /* iOS */ = {
			isa = PBXGroup;
			children = (
				041BBD885CD38E2D36EB6256 /* Foundation.framework */,
			);
			name = iOS;
			sourceTree = "<group>";
		};
		2EEC2843753E46C04DBA7EBE /* Aiyifan */ = {
			isa = PBXGroup;
			children = (
				8900198F3870A5CA0700CFF1 /* App */,
				FED0713B9CA336DDF35C16A6 /* Resources */,
				693B3B888906442D4B538AB6 /* Aiyifan.entitlements */,
			);
			name = Aiyifan;
			path = Aiyifan;
			sourceTree = "<group>";
		};
		3049F805DDF89734C959F061 /* AiyifanTests */ = {
			isa = PBXGroup;
			children = (
				AC3690E5AD017E81F2A9A500 /* AiyifanItemURLTests.swift */,
				BB74697E6F74E0D0C0374533 /* NativePlaybackResolverTests.swift */,
				D1C433E11B76E05C2D821595 /* NativePlayerViewModelTests.swift */,
				F310AC2777EB7B549E40A0A1 /* SavedItemsStoreTests.swift */,
				370ADE4F45BA565E650868C2 /* WebViewLoadTrackerTests.swift */,
				5D015449E3DE443535B94168 /* WebViewPopupPolicyTests.swift */,
			);
			name = AiyifanTests;
			path = AiyifanTests;
			sourceTree = "<group>";
		};
		37FBAF6FE218D7D59D9E0BCD = {
			isa = PBXGroup;
			children = (
				57119793307B332E42CD6E46 /* Products */,
				123ADABC5BC5B4AD5ED2EE15 /* Frameworks */,
				2EEC2843753E46C04DBA7EBE /* Aiyifan */,
				3049F805DDF89734C959F061 /* AiyifanTests */,
				995ABBDB77ACA752A44BCAE1 /* AiyifanUITests */,
			);
			sourceTree = "<group>";
		};
		57119793307B332E42CD6E46 /* Products */ = {
			isa = PBXGroup;
			children = (
				D53F01EE80A522FF8060CC9C /* Aiyifan.app */,
				2AC774E80AAC2DED550C44FC /* AiyifanTests.xctest */,
				720193772BFF75EB91BC2E55 /* AiyifanUITests.xctest */,
			);
			name = Products;
			sourceTree = "<group>";
		};
		8900198F3870A5CA0700CFF1 /* App */ = {
			isa = PBXGroup;
			children = (
				14103727DC53879DF6E4C6C9 /* AiyifanApp.swift */,
				040E6F42AE5463B93D90587F /* AiyifanCategory.swift */,
				6553B318169FE6D91E2C5047 /* AiyifanFeedService.swift */,
				D7D936594C5A123C9549184F /* AiyifanItem.swift */,
				CB2842A424121E2150D9BFF0 /* BrowserView.swift */,
				3102108223D02FEEA65B5FDF /* BrowserViewModel.swift */,
				1E788CD63A38DBBEBA89A71F /* NativePlaybackResolver.swift */,
				39890ACB5DB987BD5E871E47 /* NativePlayerView.swift */,
				B2B067AF79A99E24EBA9EE74 /* SavedItemsStore.swift */,
				21397FFE5C89B8A59C9C129B /* WebView.swift */,
			);
			name = App;
			path = App;
			sourceTree = "<group>";
		};
		995ABBDB77ACA752A44BCAE1 /* AiyifanUITests */ = {
			isa = PBXGroup;
			children = (
				1BBC69929934BC203ED2DAC4 /* AiyifanLatestTapTests.swift */,
			);
			name = AiyifanUITests;
			path = AiyifanUITests;
			sourceTree = "<group>";
		};
		FED0713B9CA336DDF35C16A6 /* Resources */ = {
			isa = PBXGroup;
			children = (
				D83E09BBF4D7429D015ED397 /* Info.plist */,
			);
			name = Resources;
			path = Resources;
			sourceTree = "<group>";
		};
/* End PBXGroup section */

/* Begin PBXNativeTarget section */
		4C585643F1DF11F5270CDB5E /* AiyifanUITests */ = {
			isa = PBXNativeTarget;
			buildConfigurationList = 9E32F8EEE29C1E328128C28D /* Build configuration list for PBXNativeTarget "AiyifanUITests" */;
			buildPhases = (
				B69033FE6112FF7E42045409 /* Sources */,
				95BB34FC3CC761061BF36A19 /* Frameworks */,
				8C850218CBF401C1562E6D97 /* Resources */,
			);
			buildRules = (
			);
			dependencies = (
				5FA414575C3F232A4DCDAD0D /* PBXTargetDependency */,
			);
			name = AiyifanUITests;
			productName = AiyifanUITests;
			productReference = 720193772BFF75EB91BC2E55 /* AiyifanUITests.xctest */;
			productType = "com.apple.product-type.bundle.ui-testing";
		};
		52B97FC8459EF2E94E77B450 /* Aiyifan */ = {
			isa = PBXNativeTarget;
			buildConfigurationList = 9A707FC4D668E419072C3C8D /* Build configuration list for PBXNativeTarget "Aiyifan" */;
			buildPhases = (
				58744CAD2AE6FE599EAF7B7A /* Sources */,
				D02587032926AFF689D78C63 /* Frameworks */,
				795581AE43217803E523D695 /* Resources */,
			);
			buildRules = (
			);
			dependencies = (
			);
			name = Aiyifan;
			productName = Aiyifan;
			productReference = D53F01EE80A522FF8060CC9C /* Aiyifan.app */;
			productType = "com.apple.product-type.application";
		};
		AC2398983AAC577884220DF6 /* AiyifanTests */ = {
			isa = PBXNativeTarget;
			buildConfigurationList = 55E2FEB7A09B7F4459B3F2A2 /* Build configuration list for PBXNativeTarget "AiyifanTests" */;
			buildPhases = (
				A30C74052DC3D586E6AEEAAF /* Sources */,
				6E2D91D2F809C5337E44278F /* Frameworks */,
				464D3524B13F97C1EFC47990 /* Resources */,
			);
			buildRules = (
			);
			dependencies = (
				D388351E35E5D56D55240562 /* PBXTargetDependency */,
			);
			name = AiyifanTests;
			productName = AiyifanTests;
			productReference = 2AC774E80AAC2DED550C44FC /* AiyifanTests.xctest */;
			productType = "com.apple.product-type.bundle.unit-test";
		};
/* End PBXNativeTarget section */

/* Begin PBXProject section */
		772B6EB0AAAE8F4D9B5622A6 /* Project object */ = {
			isa = PBXProject;
			attributes = {
				LastSwiftUpdateCheck = 2620;
				LastUpgradeCheck = 2620;
				TargetAttributes = {
					4C585643F1DF11F5270CDB5E = {
						CreatedOnToolsVersion = 26.2;
						TestTargetID = 52B97FC8459EF2E94E77B450;
					};
					52B97FC8459EF2E94E77B450 = {
						CreatedOnToolsVersion = 26.2;
					};
					AC2398983AAC577884220DF6 = {
						CreatedOnToolsVersion = 26.2;
						TestTargetID = 52B97FC8459EF2E94E77B450;
					};
				};
			};
			buildConfigurationList = 264F67C92C4030A5E19D997A /* Build configuration list for PBXProject "Aiyifan" */;
			compatibilityVersion = "Xcode 3.2";
			developmentRegion = en;
			hasScannedForEncodings = 0;
			knownRegions = (
				en,
				Base,
			);
			mainGroup = 37FBAF6FE218D7D59D9E0BCD;
			minimizedProjectReferenceProxies = 0;
			preferredProjectObjectVersion = 77;
			productRefGroup = 57119793307B332E42CD6E46 /* Products */;
			projectDirPath = "";
			projectRoot = "";
			targets = (
				52B97FC8459EF2E94E77B450 /* Aiyifan */,
				AC2398983AAC577884220DF6 /* AiyifanTests */,
				4C585643F1DF11F5270CDB5E /* AiyifanUITests */,
			);
		};
/* End PBXProject section */

/* Begin PBXResourcesBuildPhase section */
		464D3524B13F97C1EFC47990 /* Resources */ = {
			isa = PBXResourcesBuildPhase;
			buildActionMask = 2147483647;
			files = (
			);
			runOnlyForDeploymentPostprocessing = 0;
		};
		795581AE43217803E523D695 /* Resources */ = {
			isa = PBXResourcesBuildPhase;
			buildActionMask = 2147483647;
			files = (
			);
			runOnlyForDeploymentPostprocessing = 0;
		};
		8C850218CBF401C1562E6D97 /* Resources */ = {
			isa = PBXResourcesBuildPhase;
			buildActionMask = 2147483647;
			files = (
			);
			runOnlyForDeploymentPostprocessing = 0;
		};
/* End PBXResourcesBuildPhase section */

/* Begin PBXSourcesBuildPhase section */
		58744CAD2AE6FE599EAF7B7A /* Sources */ = {
			isa = PBXSourcesBuildPhase;
			buildActionMask = 2147483647;
			files = (
				AFA2179F9E37631F7BACC30B /* AiyifanApp.swift in Sources */,
				2302DF3DDAABDB68AAD278F1 /* AiyifanCategory.swift in Sources */,
				7B6A24B4AB46825AD08298C7 /* AiyifanFeedService.swift in Sources */,
				94069A5EEA8F7D9672B48F71 /* AiyifanItem.swift in Sources */,
				FCBC53472B58CA44BEF37FB7 /* BrowserView.swift in Sources */,
				3D606F2E4057594B721EBF66 /* BrowserViewModel.swift in Sources */,
				BBBC2C780FFB19B5C26CA583 /* NativePlaybackResolver.swift in Sources */,
				2E9351382784EBE22232C7B7 /* NativePlayerView.swift in Sources */,
				B3C78BE3EAE0A234D4C9E114 /* SavedItemsStore.swift in Sources */,
				7DCC1802A4EC46A44D3A44FA /* WebView.swift in Sources */,
			);
			runOnlyForDeploymentPostprocessing = 0;
		};
		A30C74052DC3D586E6AEEAAF /* Sources */ = {
			isa = PBXSourcesBuildPhase;
			buildActionMask = 2147483647;
			files = (
				1680FD55E6DA74E23912AD4F /* AiyifanItemURLTests.swift in Sources */,
				ECBBBEF8845F7D1A4CB44476 /* NativePlaybackResolverTests.swift in Sources */,
				F1C11C1A07529357FB985113 /* NativePlayerViewModelTests.swift in Sources */,
				44A3F096F213376A05F773AE /* SavedItemsStoreTests.swift in Sources */,
				DA1D3AAB1672E0CFC0545413 /* WebViewLoadTrackerTests.swift in Sources */,
				A00D5CA25451C6B59ED93663 /* WebViewPopupPolicyTests.swift in Sources */,
			);
			runOnlyForDeploymentPostprocessing = 0;
		};
		B69033FE6112FF7E42045409 /* Sources */ = {
			isa = PBXSourcesBuildPhase;
			buildActionMask = 2147483647;
			files = (
				AD76028D27D528DFC9780374 /* AiyifanLatestTapTests.swift in Sources */,
			);
			runOnlyForDeploymentPostprocessing = 0;
		};
/* End PBXSourcesBuildPhase section */

/* Begin PBXTargetDependency section */
		5FA414575C3F232A4DCDAD0D /* PBXTargetDependency */ = {
			isa = PBXTargetDependency;
			name = Aiyifan;
			target = 52B97FC8459EF2E94E77B450 /* Aiyifan */;
			targetProxy = C34C860C4C0FD2E1C517E13D /* PBXContainerItemProxy */;
		};
		D388351E35E5D56D55240562 /* PBXTargetDependency */ = {
			isa = PBXTargetDependency;
			name = Aiyifan;
			target = 52B97FC8459EF2E94E77B450 /* Aiyifan */;
			targetProxy = 2DF401679A58323735741299 /* PBXContainerItemProxy */;
		};
/* End PBXTargetDependency section */

/* Begin XCBuildConfiguration section */
		2B1D7ED0DD0B1478AEDB4478 /* Debug */ = {
			isa = XCBuildConfiguration;
			buildSettings = {
				BUNDLE_LOADER = "$(TEST_HOST)";
				CLANG_ENABLE_OBJC_WEAK = NO;
				CODE_SIGN_STYLE = Automatic;
				DEVELOPMENT_TEAM = VGGZ34H2PS;
				GENERATE_INFOPLIST_FILE = YES;
				IPHONEOS_DEPLOYMENT_TARGET = 17.0;
				PRODUCT_BUNDLE_IDENTIFIER = com.john.aiyifan.tests;
				PRODUCT_NAME = "$(TARGET_NAME)";
				SDKROOT = iphoneos;
				SUPPORTED_PLATFORMS = "iphoneos iphonesimulator";
				SWIFT_VERSION = 6.0;
				TARGETED_DEVICE_FAMILY = "1,2";
				TEST_HOST = "$(BUILT_PRODUCTS_DIR)/Aiyifan.app/$(BUNDLE_EXECUTABLE_FOLDER_PATH)/Aiyifan";
			};
			name = Debug;
		};
		6602111B8D762BF4834E4E63 /* Debug */ = {
			isa = XCBuildConfiguration;
			buildSettings = {
				CLANG_ENABLE_OBJC_WEAK = NO;
				CODE_SIGN_STYLE = Automatic;
				DEVELOPMENT_TEAM = VGGZ34H2PS;
				GENERATE_INFOPLIST_FILE = YES;
				IPHONEOS_DEPLOYMENT_TARGET = 17.0;
				PRODUCT_BUNDLE_IDENTIFIER = com.john.aiyifan.uitests;
				PRODUCT_NAME = "$(TARGET_NAME)";
				SDKROOT = iphoneos;
				SUPPORTED_PLATFORMS = "iphoneos iphonesimulator";
				SWIFT_VERSION = 6.0;
				TARGETED_DEVICE_FAMILY = "1,2";
				TEST_TARGET_NAME = Aiyifan;
			};
			name = Debug;
		};
		6A7A68E22B1F7AB2291ABECD /* Release */ = {
			isa = XCBuildConfiguration;
			buildSettings = {
				CLANG_ENABLE_OBJC_WEAK = NO;
				CODE_SIGN_STYLE = Automatic;
				DEVELOPMENT_TEAM = VGGZ34H2PS;
				GENERATE_INFOPLIST_FILE = YES;
				IPHONEOS_DEPLOYMENT_TARGET = 17.0;
				PRODUCT_BUNDLE_IDENTIFIER = com.john.aiyifan.uitests;
				PRODUCT_NAME = "$(TARGET_NAME)";
				SDKROOT = iphoneos;
				SUPPORTED_PLATFORMS = "iphoneos iphonesimulator";
				SWIFT_VERSION = 6.0;
				TARGETED_DEVICE_FAMILY = "1,2";
				TEST_TARGET_NAME = Aiyifan;
				VALIDATE_PRODUCT = YES;
			};
			name = Release;
		};
		6B7AD3F9025C5605A0DB815B /* Release */ = {
			isa = XCBuildConfiguration;
			buildSettings = {
				BUNDLE_LOADER = "$(TEST_HOST)";
				CLANG_ENABLE_OBJC_WEAK = NO;
				CODE_SIGN_STYLE = Automatic;
				DEVELOPMENT_TEAM = VGGZ34H2PS;
				GENERATE_INFOPLIST_FILE = YES;
				IPHONEOS_DEPLOYMENT_TARGET = 17.0;
				PRODUCT_BUNDLE_IDENTIFIER = com.john.aiyifan.tests;
				PRODUCT_NAME = "$(TARGET_NAME)";
				SDKROOT = iphoneos;
				SUPPORTED_PLATFORMS = "iphoneos iphonesimulator";
				SWIFT_VERSION = 6.0;
				TARGETED_DEVICE_FAMILY = "1,2";
				TEST_HOST = "$(BUILT_PRODUCTS_DIR)/Aiyifan.app/$(BUNDLE_EXECUTABLE_FOLDER_PATH)/Aiyifan";
				VALIDATE_PRODUCT = YES;
			};
			name = Release;
		};
		870C1AD3C437558BAEDF9D7B /* Debug */ = {
			isa = XCBuildConfiguration;
			buildSettings = {
				ALWAYS_SEARCH_USER_PATHS = NO;
				CLANG_ANALYZER_NONNULL = YES;
				CLANG_ANALYZER_NUMBER_OBJECT_CONVERSION = YES_AGGRESSIVE;
				CLANG_CXX_LANGUAGE_STANDARD = "gnu++14";
				CLANG_CXX_LIBRARY = "libc++";
				CLANG_ENABLE_MODULES = YES;
				CLANG_ENABLE_OBJC_ARC = YES;
				CLANG_ENABLE_OBJC_WEAK = YES;
				CLANG_WARN_BLOCK_CAPTURE_AUTORELEASING = YES;
				CLANG_WARN_BOOL_CONVERSION = YES;
				CLANG_WARN_COMMA = YES;
				CLANG_WARN_CONSTANT_CONVERSION = YES;
				CLANG_WARN_DEPRECATED_OBJC_IMPLEMENTATIONS = YES;
				CLANG_WARN_DIRECT_OBJC_ISA_USAGE = YES_ERROR;
				CLANG_WARN_DOCUMENTATION_COMMENTS = YES;
				CLANG_WARN_EMPTY_BODY = YES;
				CLANG_WARN_ENUM_CONVERSION = YES;
				CLANG_WARN_INFINITE_RECURSION = YES;
				CLANG_WARN_INT_CONVERSION = YES;
				CLANG_WARN_NON_LITERAL_NULL_CONVERSION = YES;
				CLANG_WARN_OBJC_IMPLICIT_RETAIN_SELF = YES;
				CLANG_WARN_OBJC_LITERAL_CONVERSION = YES;
				CLANG_WARN_OBJC_ROOT_CLASS = YES_ERROR;
				CLANG_WARN_QUOTED_INCLUDE_IN_FRAMEWORK_HEADER = YES;
				CLANG_WARN_RANGE_LOOP_ANALYSIS = YES;
				CLANG_WARN_STRICT_PROTOTYPES = YES;
				CLANG_WARN_SUSPICIOUS_MOVE = YES;
				CLANG_WARN_UNGUARDED_AVAILABILITY = YES_AGGRESSIVE;
				CLANG_WARN_UNREACHABLE_CODE = YES;
				CLANG_WARN__DUPLICATE_METHOD_MATCH = YES;
				COPY_PHASE_STRIP = NO;
				DEBUG_INFORMATION_FORMAT = dwarf;
				ENABLE_STRICT_OBJC_MSGSEND = YES;
				ENABLE_TESTABILITY = YES;
				GCC_C_LANGUAGE_STANDARD = gnu11;
				GCC_DYNAMIC_NO_PIC = NO;
				GCC_NO_COMMON_BLOCKS = YES;
				GCC_OPTIMIZATION_LEVEL = 0;
				GCC_PREPROCESSOR_DEFINITIONS = (
					"DEBUG=1",
					"$(inherited)",
				);
				GCC_WARN_64_TO_32_BIT_CONVERSION = YES;
				GCC_WARN_ABOUT_RETURN_TYPE = YES_ERROR;
				GCC_WARN_UNDECLARED_SELECTOR = YES;
				GCC_WARN_UNINITIALIZED_AUTOS = YES_AGGRESSIVE;
				GCC_WARN_UNUSED_FUNCTION = YES;
				GCC_WARN_UNUSED_VARIABLE = YES;
				IPHONEOS_DEPLOYMENT_TARGET = 17.0;
				MTL_ENABLE_DEBUG_INFO = INCLUDE_SOURCE;
				MTL_FAST_MATH = YES;
				ONLY_ACTIVE_ARCH = YES;
				PRODUCT_NAME = "$(TARGET_NAME)";
				SWIFT_ACTIVE_COMPILATION_CONDITIONS = DEBUG;
				SWIFT_OPTIMIZATION_LEVEL = "-Onone";
				SWIFT_VERSION = 6.0;
			};
			name = Debug;
		};
		87DC447CC17D822DB4B005AB /* Release */ = {
			isa = XCBuildConfiguration;
			buildSettings = {
				ASSETCATALOG_COMPILER_APPICON_NAME = "";
				ASSETCATALOG_COMPILER_GLOBAL_ACCENT_COLOR_NAME = AccentColor;
				CLANG_ENABLE_OBJC_WEAK = NO;
				CODE_SIGN_ENTITLEMENTS = Aiyifan/Aiyifan.entitlements;
				CODE_SIGN_STYLE = Automatic;
				CURRENT_PROJECT_VERSION = 1;
				DEVELOPMENT_TEAM = VGGZ34H2PS;
				GENERATE_INFOPLIST_FILE = NO;
				INFOPLIST_FILE = Aiyifan/Resources/Info.plist;
				IPHONEOS_DEPLOYMENT_TARGET = 17.0;
				LD_RUNPATH_SEARCH_PATHS = "$(inherited) @executable_path/Frameworks";
				MARKETING_VERSION = 1.0;
				PRODUCT_BUNDLE_IDENTIFIER = com.john.aiyifan;
				PRODUCT_NAME = "$(TARGET_NAME)";
				SDKROOT = iphoneos;
				SUPPORTED_PLATFORMS = "iphoneos iphonesimulator";
				SUPPORTS_MACCATALYST = NO;
				SWIFT_VERSION = 6.0;
				TARGETED_DEVICE_FAMILY = "1,2";
				VALIDATE_PRODUCT = YES;
			};
			name = Release;
		};
		BCF141A43399133169F4DC50 /* Debug */ = {
			isa = XCBuildConfiguration;
			buildSettings = {
				ASSETCATALOG_COMPILER_APPICON_NAME = "";
				ASSETCATALOG_COMPILER_GLOBAL_ACCENT_COLOR_NAME = AccentColor;
				CLANG_ENABLE_OBJC_WEAK = NO;
				CODE_SIGN_ENTITLEMENTS = Aiyifan/Aiyifan.entitlements;
				CODE_SIGN_STYLE = Automatic;
				CURRENT_PROJECT_VERSION = 1;
				DEVELOPMENT_TEAM = VGGZ34H2PS;
				GENERATE_INFOPLIST_FILE = NO;
				INFOPLIST_FILE = Aiyifan/Resources/Info.plist;
				IPHONEOS_DEPLOYMENT_TARGET = 17.0;
				LD_RUNPATH_SEARCH_PATHS = "$(inherited) @executable_path/Frameworks";
				MARKETING_VERSION = 1.0;
				PRODUCT_BUNDLE_IDENTIFIER = com.john.aiyifan;
				PRODUCT_NAME = "$(TARGET_NAME)";
				SDKROOT = iphoneos;
				SUPPORTED_PLATFORMS = "iphoneos iphonesimulator";
				SUPPORTS_MACCATALYST = NO;
				SWIFT_VERSION = 6.0;
				TARGETED_DEVICE_FAMILY = "1,2";
			};
			name = Debug;
		};
		F940301A0564CE5FE762E071 /* Release */ = {
			isa = XCBuildConfiguration;
			buildSettings = {
				ALWAYS_SEARCH_USER_PATHS = NO;
				CLANG_ANALYZER_NONNULL = YES;
				CLANG_ANALYZER_NUMBER_OBJECT_CONVERSION = YES_AGGRESSIVE;
				CLANG_CXX_LANGUAGE_STANDARD = "gnu++14";
				CLANG_CXX_LIBRARY = "libc++";
				CLANG_ENABLE_MODULES = YES;
				CLANG_ENABLE_OBJC_ARC = YES;
				CLANG_ENABLE_OBJC_WEAK = YES;
				CLANG_WARN_BLOCK_CAPTURE_AUTORELEASING = YES;
				CLANG_WARN_BOOL_CONVERSION = YES;
				CLANG_WARN_COMMA = YES;
				CLANG_WARN_CONSTANT_CONVERSION = YES;
				CLANG_WARN_DEPRECATED_OBJC_IMPLEMENTATIONS = YES;
				CLANG_WARN_DIRECT_OBJC_ISA_USAGE = YES_ERROR;
				CLANG_WARN_DOCUMENTATION_COMMENTS = YES;
				CLANG_WARN_EMPTY_BODY = YES;
				CLANG_WARN_ENUM_CONVERSION = YES;
				CLANG_WARN_INFINITE_RECURSION = YES;
				CLANG_WARN_INT_CONVERSION = YES;
				CLANG_WARN_NON_LITERAL_NULL_CONVERSION = YES;
				CLANG_WARN_OBJC_IMPLICIT_RETAIN_SELF = YES;
				CLANG_WARN_OBJC_LITERAL_CONVERSION = YES;
				CLANG_WARN_OBJC_ROOT_CLASS = YES_ERROR;
				CLANG_WARN_QUOTED_INCLUDE_IN_FRAMEWORK_HEADER = YES;
				CLANG_WARN_RANGE_LOOP_ANALYSIS = YES;
				CLANG_WARN_STRICT_PROTOTYPES = YES;
				CLANG_WARN_SUSPICIOUS_MOVE = YES;
				CLANG_WARN_UNGUARDED_AVAILABILITY = YES_AGGRESSIVE;
				CLANG_WARN_UNREACHABLE_CODE = YES;
				CLANG_WARN__DUPLICATE_METHOD_MATCH = YES;
				COPY_PHASE_STRIP = NO;
				DEBUG_INFORMATION_FORMAT = "dwarf-with-dsym";
				ENABLE_NS_ASSERTIONS = NO;
				ENABLE_STRICT_OBJC_MSGSEND = YES;
				GCC_C_LANGUAGE_STANDARD = gnu11;
				GCC_NO_COMMON_BLOCKS = YES;
				GCC_WARN_64_TO_32_BIT_CONVERSION = YES;
				GCC_WARN_ABOUT_RETURN_TYPE = YES_ERROR;
				GCC_WARN_UNDECLARED_SELECTOR = YES;
				GCC_WARN_UNINITIALIZED_AUTOS = YES_AGGRESSIVE;
				GCC_WARN_UNUSED_FUNCTION = YES;
				GCC_WARN_UNUSED_VARIABLE = YES;
				IPHONEOS_DEPLOYMENT_TARGET = 17.0;
				MTL_ENABLE_DEBUG_INFO = NO;
				MTL_FAST_MATH = YES;
				PRODUCT_NAME = "$(TARGET_NAME)";
				SWIFT_COMPILATION_MODE = wholemodule;
				SWIFT_OPTIMIZATION_LEVEL = "-O";
				SWIFT_VERSION = 6.0;
			};
			name = Release;
		};
/* End XCBuildConfiguration section */

/* Begin XCConfigurationList section */
		264F67C92C4030A5E19D997A /* Build configuration list for PBXProject "Aiyifan" */ = {
			isa = XCConfigurationList;
			buildConfigurations = (
				870C1AD3C437558BAEDF9D7B /* Debug */,
				F940301A0564CE5FE762E071 /* Release */,
			);
			defaultConfigurationIsVisible = 0;
			defaultConfigurationName = Release;
		};
		55E2FEB7A09B7F4459B3F2A2 /* Build configuration list for PBXNativeTarget "AiyifanTests" */ = {
			isa = XCConfigurationList;
			buildConfigurations = (
				6B7AD3F9025C5605A0DB815B /* Release */,
				2B1D7ED0DD0B1478AEDB4478 /* Debug */,
			);
			defaultConfigurationIsVisible = 0;
			defaultConfigurationName = Release;
		};
		9A707FC4D668E419072C3C8D /* Build configuration list for PBXNativeTarget "Aiyifan" */ = {
			isa = XCConfigurationList;
			buildConfigurations = (
				87DC447CC17D822DB4B005AB /* Release */,
				BCF141A43399133169F4DC50 /* Debug */,
			);
			defaultConfigurationIsVisible = 0;
			defaultConfigurationName = Release;
		};
		9E32F8EEE29C1E328128C28D /* Build configuration list for PBXNativeTarget "AiyifanUITests" */ = {
			isa = XCConfigurationList;
			buildConfigurations = (
				6A7A68E22B1F7AB2291ABECD /* Release */,
				6602111B8D762BF4834E4E63 /* Debug */,
			);
			defaultConfigurationIsVisible = 0;
			defaultConfigurationName = Release;
		};
/* End XCConfigurationList section */
	};
	rootObject = 772B6EB0AAAE8F4D9B5622A6 /* Project object */;
}
