// !$*UTF8*$!
{
	archiveVersion = 1;
	classes = {
	};
	objectVersion = 46;
	objects = {

/* Begin PBXBuildFile section */
		0090E33AFB389827DAF7B8B8 /* NativePlayerView.swift in Sources */ = {isa = PBXBuildFile; fileRef = 398871B6A17BEEC8A8ACF7E0 /* NativePlayerView.swift */; };
		0498C62896EBB67F13ED77EC /* WebViewPopupPolicyTests.swift in Sources */ = {isa = PBXBuildFile; fileRef = 16FB736C6B6B402AB3FCD57A /* WebViewPopupPolicyTests.swift */; };
		086854224DF46CFB4E1107D2 /* LibraryDiscovery.swift in Sources */ = {isa = PBXBuildFile; fileRef = C94A69DEB42495F2A44E175B /* LibraryDiscovery.swift */; };
		0C5460E2B9DB64AF198EB7E9 /* LibraryFeaturesTests.swift in Sources */ = {isa = PBXBuildFile; fileRef = B0F6D939BC0C8143664D56DE /* LibraryFeaturesTests.swift */; };
		0F405922079ABAB262FA44F3 /* AiyifanLatestTapTests.swift in Sources */ = {isa = PBXBuildFile; fileRef = 14949DD0672FE307E0C96021 /* AiyifanLatestTapTests.swift */; };
		20B8FB462FDAB241E426D484 /* SavedItemsStore.swift in Sources */ = {isa = PBXBuildFile; fileRef = E7A59D571C3595650C085FB7 /* SavedItemsStore.swift */; };
		20EF528F898C7C76F27751B5 /* AiyifanFeedService.swift in Sources */ = {isa = PBXBuildFile; fileRef = 9A786EB99112E776AA1DC7A7 /* AiyifanFeedService.swift */; };
		23C44363FDB15F4F519C68E0 /* Foundation.framework in Frameworks */ = {isa = PBXBuildFile; fileRef = 699A333066EEFE87190EDE68 /* Foundation.framework */; };
		300A0A10F11CD24704E91171 /* AiyifanItemURLTests.swift in Sources */ = {isa = PBXBuildFile; fileRef = EB5F270CC3D654E0E08663F6 /* AiyifanItemURLTests.swift */; };
		413D5C500AD354F52C12A872 /* PlayedItemsStoreTests.swift in Sources */ = {isa = PBXBuildFile; fileRef = DEAB5B1E749472D9F479FEAA /* PlayedItemsStoreTests.swift */; };
		5C850C3DEE978205E286AC4E /* WebView.swift in Sources */ = {isa = PBXBuildFile; fileRef = 7E45561093750160B0EF8B77 /* WebView.swift */; };
		604C8F8247D05EF0EACDADA7 /* PosterImage.swift in Sources */ = {isa = PBXBuildFile; fileRef = 092C7E99C9DB86B62972A008 /* PosterImage.swift */; };
		62E098797F46D7C3BA3D3BAB /* Foundation.framework in Frameworks */ = {isa = PBXBuildFile; fileRef = 699A333066EEFE87190EDE68 /* Foundation.framework */; };
		6F8FBBF1155BC40F55DD2377 /* libPods-Aiyifan.a in Frameworks */ = {isa = PBXBuildFile; fileRef = E15E251F760CEAC0AD0AA500 /* libPods-Aiyifan.a */; };
		70B808A688259C05C2D81DE8 /* EpisodeNavigator.swift in Sources */ = {isa = PBXBuildFile; fileRef = 803CFA489CC608E68AA4883F /* EpisodeNavigator.swift */; };
		73EAB0B5E52CC8DBE6189B9B /* libPods-AiyifanTests.a in Frameworks */ = {isa = PBXBuildFile; fileRef = 9FCDC30D0CF9062156201E51 /* libPods-AiyifanTests.a */; };
		74371B6CB6E422A38D2A2B80 /* Foundation.framework in Frameworks */ = {isa = PBXBuildFile; fileRef = 699A333066EEFE87190EDE68 /* Foundation.framework */; };
		8D4207E9B5C3F78D4604F96D /* PlayedItemsStore.swift in Sources */ = {isa = PBXBuildFile; fileRef = 8FA92D4130FC9E4ABB715B50 /* PlayedItemsStore.swift */; };
		983370C69EB4EEDEC110F971 /* NativePlaybackResolverTests.swift in Sources */ = {isa = PBXBuildFile; fileRef = 7B6F2064711C8EDA3D465D8A /* NativePlaybackResolverTests.swift */; };
		98E6FF4E27EE5FB84DFE95EF /* BrowserView.swift in Sources */ = {isa = PBXBuildFile; fileRef = E5F77C21B8B263FD3D017268 /* BrowserView.swift */; };
		99348C33BF50D91C174EAED2 /* PlayedItemsView.swift in Sources */ = {isa = PBXBuildFile; fileRef = 648F96120F8D8A7BA70C0E73 /* PlayedItemsView.swift */; };
		A7673B45771FB7FA57174799 /* BrowserViewModel.swift in Sources */ = {isa = PBXBuildFile; fileRef = 91AF98C1A9B245E03A7B47C5 /* BrowserViewModel.swift */; };
		AC7F611101138CDCC4F1C118 /* WebViewLoadTrackerTests.swift in Sources */ = {isa = PBXBuildFile; fileRef = 8AB14CDD0CAFEC8B45186DBE /* WebViewLoadTrackerTests.swift */; };
		AEC9721616B16B8CCBD2F5A1 /* libPods-AiyifanUITests.a in Frameworks */ = {isa = PBXBuildFile; fileRef = C0E0BA43A9EA89AFC6E533E2 /* libPods-AiyifanUITests.a */; };
		AF3F05FA17EF73D0C9DB1B42 /* NativePlaybackResolver.swift in Sources */ = {isa = PBXBuildFile; fileRef = 88ABACCB15ECA8A2F3F24C5F /* NativePlaybackResolver.swift */; };
		B4E34BAD3C7DB5D0DB89C6CA /* AiyifanApp.swift in Sources */ = {isa = PBXBuildFile; fileRef = 57D79A58A3ED1D98C50B1BC8 /* AiyifanApp.swift */; };
		B590778379B76AEE3FD2198F /* CastingTests.swift in Sources */ = {isa = PBXBuildFile; fileRef = CA1684C5C7E3F4176B6D1360 /* CastingTests.swift */; };
		BA73B62A04B52849ABF91A2F /* AiyifanItem.swift in Sources */ = {isa = PBXBuildFile; fileRef = 70957A2E99A2085A8213A3C1 /* AiyifanItem.swift */; };
		C76762D5953540918D3295A9 /* AiyifanCategory.swift in Sources */ = {isa = PBXBuildFile; fileRef = 9DEDD7D6876DCABBDF66C6A5 /* AiyifanCategory.swift */; };
		D79AF8695F70E56D7573AD22 /* NativePlayerViewModelTests.swift in Sources */ = {isa = PBXBuildFile; fileRef = 81C09D57FDB01D6F1A2176EB /* NativePlayerViewModelTests.swift */; };
		DEA72AD9067C78AEBBA0FE62 /* Episode.swift in Sources */ = {isa = PBXBuildFile; fileRef = B5CB17137BFA47CC83C3B851 /* Episode.swift */; };
		EAC94B94C131CFEDC6E0A0D1 /* SavedItemsStoreTests.swift in Sources */ = {isa = PBXBuildFile; fileRef = 9E0756E182AEA3AA3C7068B8 /* SavedItemsStoreTests.swift */; };
		FDE8493017B6CAB7E66ABCFD /* Casting.swift in Sources */ = {isa = PBXBuildFile; fileRef = 5AD29047EFB9A86FE4F9780C /* Casting.swift */; };
/* End PBXBuildFile section */

/* Begin PBXContainerItemProxy section */
		31EFAEF112DB9582E1F06960 /* PBXContainerItemProxy */ = {
			isa = PBXContainerItemProxy;
			containerPortal = C9EB2942C0A73429E8DDBD82 /* Project object */;
			proxyType = 1;
			remoteGlobalIDString = 063183B8DFE866059F5CF9A7;
			remoteInfo = Aiyifan;
		};
		D05F0DF4DAFCF867B9BB86AA /* PBXContainerItemProxy */ = {
			isa = PBXContainerItemProxy;
			containerPortal = C9EB2942C0A73429E8DDBD82 /* Project object */;
			proxyType = 1;
			remoteGlobalIDString = 063183B8DFE866059F5CF9A7;
			remoteInfo = Aiyifan;
		};
/* End PBXContainerItemProxy section */

/* Begin PBXFileReference section */
		01180C892BD9C715082A8852 /* Aiyifan.app */ = {isa = PBXFileReference; explicitFileType = wrapper.application; includeInIndex = 0; path = Aiyifan.app; sourceTree = BUILT_PRODUCTS_DIR; };
		092C7E99C9DB86B62972A008 /* PosterImage.swift */ = {isa = PBXFileReference; includeInIndex = 1; lastKnownFileType = sourcecode.swift; path = PosterImage.swift; sourceTree = "<group>"; };
		14949DD0672FE307E0C96021 /* AiyifanLatestTapTests.swift */ = {isa = PBXFileReference; includeInIndex = 1; lastKnownFileType = sourcecode.swift; path = AiyifanLatestTapTests.swift; sourceTree = "<group>"; };
		16FB736C6B6B402AB3FCD57A /* WebViewPopupPolicyTests.swift */ = {isa = PBXFileReference; includeInIndex = 1; lastKnownFileType = sourcecode.swift; path = WebViewPopupPolicyTests.swift; sourceTree = "<group>"; };
		35AB444C9001C1960A80578D /* AiyifanTests.xctest */ = {isa = PBXFileReference; explicitFileType = wrapper.cfbundle; includeInIndex = 0; path = AiyifanTests.xctest; sourceTree = BUILT_PRODUCTS_DIR; };
		36A395E8230725E5B7807C48 /* Pods-AiyifanTests.release.xcconfig */ = {isa = PBXFileReference; includeInIndex = 1; lastKnownFileType = text.xcconfig; name = "Pods-AiyifanTests.release.xcconfig"; path = "Target Support Files/Pods-AiyifanTests/Pods-AiyifanTests.release.xcconfig"; sourceTree = "<group>"; };
		398871B6A17BEEC8A8ACF7E0 /* NativePlayerView.swift */ = {isa = PBXFileReference; includeInIndex = 1; lastKnownFileType = sourcecode.swift; path = NativePlayerView.swift; sourceTree = "<group>"; };
		4060FA53E8D8869178C2A21E /* Pods-AiyifanUITests.debug.xcconfig */ = {isa = PBXFileReference; includeInIndex = 1; lastKnownFileType = text.xcconfig; name = "Pods-AiyifanUITests.debug.xcconfig"; path = "Target Support Files/Pods-AiyifanUITests/Pods-AiyifanUITests.debug.xcconfig"; sourceTree = "<group>"; };
		57D79A58A3ED1D98C50B1BC8 /* AiyifanApp.swift */ = {isa = PBXFileReference; includeInIndex = 1; lastKnownFileType = sourcecode.swift; path = AiyifanApp.swift; sourceTree = "<group>"; };
		5AD29047EFB9A86FE4F9780C /* Casting.swift */ = {isa = PBXFileReference; includeInIndex = 1; lastKnownFileType = sourcecode.swift; path = Casting.swift; sourceTree = "<group>"; };
		648F96120F8D8A7BA70C0E73 /* PlayedItemsView.swift */ = {isa = PBXFileReference; includeInIndex = 1; lastKnownFileType = sourcecode.swift; path = PlayedItemsView.swift; sourceTree = "<group>"; };
		699A333066EEFE87190EDE68 /* Foundation.framework */ = {isa = PBXFileReference; lastKnownFileType = wrapper.framework; name = Foundation.framework; path = Platforms/iPhoneOS.platform/Developer/SDKs/iPhoneOS18.0.sdk/System/Library/Frameworks/Foundation.framework; sourceTree = DEVELOPER_DIR; };
		6F047FA39DC4791E6B621520 /* Aiyifan.entitlements */ = {isa = PBXFileReference; includeInIndex = 1; lastKnownFileType = text.plist.entitlements; path = Aiyifan.entitlements; sourceTree = "<group>"; };
		70957A2E99A2085A8213A3C1 /* AiyifanItem.swift */ = {isa = PBXFileReference; includeInIndex = 1; lastKnownFileType = sourcecode.swift; path = AiyifanItem.swift; sourceTree = "<group>"; };
		7B6F2064711C8EDA3D465D8A /* NativePlaybackResolverTests.swift */ = {isa = PBXFileReference; includeInIndex = 1; lastKnownFileType = sourcecode.swift; path = NativePlaybackResolverTests.swift; sourceTree = "<group>"; };
		7C8125F7D615ACC7E015FD12 /* Pods-AiyifanTests.debug.xcconfig */ = {isa = PBXFileReference; includeInIndex = 1; lastKnownFileType = text.xcconfig; name = "Pods-AiyifanTests.debug.xcconfig"; path = "Target Support Files/Pods-AiyifanTests/Pods-AiyifanTests.debug.xcconfig"; sourceTree = "<group>"; };
		7E45561093750160B0EF8B77 /* WebView.swift */ = {isa = PBXFileReference; includeInIndex = 1; lastKnownFileType = sourcecode.swift; path = WebView.swift; sourceTree = "<group>"; };
		803CFA489CC608E68AA4883F /* EpisodeNavigator.swift */ = {isa = PBXFileReference; includeInIndex = 1; lastKnownFileType = sourcecode.swift; path = EpisodeNavigator.swift; sourceTree = "<group>"; };
		81C09D57FDB01D6F1A2176EB /* NativePlayerViewModelTests.swift */ = {isa = PBXFileReference; includeInIndex = 1; lastKnownFileType = sourcecode.swift; path = NativePlayerViewModelTests.swift; sourceTree = "<group>"; };
		88ABACCB15ECA8A2F3F24C5F /* NativePlaybackResolver.swift */ = {isa = PBXFileReference; includeInIndex = 1; lastKnownFileType = sourcecode.swift; path = NativePlaybackResolver.swift; sourceTree = "<group>"; };
		8AB14CDD0CAFEC8B45186DBE /* WebViewLoadTrackerTests.swift */ = {isa = PBXFileReference; includeInIndex = 1; lastKnownFileType = sourcecode.swift; path = WebViewLoadTrackerTests.swift; sourceTree = "<group>"; };
		8FA92D4130FC9E4ABB715B50 /* PlayedItemsStore.swift */ = {isa = PBXFileReference; includeInIndex = 1; lastKnownFileType = sourcecode.swift; path = PlayedItemsStore.swift; sourceTree = "<group>"; };
		91AF98C1A9B245E03A7B47C5 /* BrowserViewModel.swift */ = {isa = PBXFileReference; includeInIndex = 1; lastKnownFileType = sourcecode.swift; path = BrowserViewModel.swift; sourceTree = "<group>"; };
		9A786EB99112E776AA1DC7A7 /* AiyifanFeedService.swift */ = {isa = PBXFileReference; includeInIndex = 1; lastKnownFileType = sourcecode.swift; path = AiyifanFeedService.swift; sourceTree = "<group>"; };
		9DEDD7D6876DCABBDF66C6A5 /* AiyifanCategory.swift */ = {isa = PBXFileReference; includeInIndex = 1; lastKnownFileType = sourcecode.swift; path = AiyifanCategory.swift; sourceTree = "<group>"; };
		9E0756E182AEA3AA3C7068B8 /* SavedItemsStoreTests.swift */ = {isa = PBXFileReference; includeInIndex = 1; lastKnownFileType = sourcecode.swift; path = SavedItemsStoreTests.swift; sourceTree = "<group>"; };
		9FCDC30D0CF9062156201E51 /* libPods-AiyifanTests.a */ = {isa = PBXFileReference; explicitFileType = archive.ar; includeInIndex = 0; path = "libPods-AiyifanTests.a"; sourceTree = BUILT_PRODUCTS_DIR; };
		AF971DBDB82AFA8A236A1BB2 /* Info.plist */ = {isa = PBXFileReference; includeInIndex = 1; lastKnownFileType = text.plist.xml; path = Info.plist; sourceTree = "<group>"; };
		B0F6D939BC0C8143664D56DE /* LibraryFeaturesTests.swift */ = {isa = PBXFileReference; includeInIndex = 1; lastKnownFileType = sourcecode.swift; path = LibraryFeaturesTests.swift; sourceTree = "<group>"; };
		B5CB17137BFA47CC83C3B851 /* Episode.swift */ = {isa = PBXFileReference; includeInIndex = 1; lastKnownFileType = sourcecode.swift; path = Episode.swift; sourceTree = "<group>"; };
		B7343D1BC2E80A3A683DFA5D /* Pods-AiyifanUITests.release.xcconfig */ = {isa = PBXFileReference; includeInIndex = 1; lastKnownFileType = text.xcconfig; name = "Pods-AiyifanUITests.release.xcconfig"; path = "Target Support Files/Pods-AiyifanUITests/Pods-AiyifanUITests.release.xcconfig"; sourceTree = "<group>"; };
		C0E0BA43A9EA89AFC6E533E2 /* libPods-AiyifanUITests.a */ = {isa = PBXFileReference; explicitFileType = archive.ar; includeInIndex = 0; path = "libPods-AiyifanUITests.a"; sourceTree = BUILT_PRODUCTS_DIR; };
		C94A69DEB42495F2A44E175B /* LibraryDiscovery.swift */ = {isa = PBXFileReference; includeInIndex = 1; lastKnownFileType = sourcecode.swift; path = LibraryDiscovery.swift; sourceTree = "<group>"; };
		CA1684C5C7E3F4176B6D1360 /* CastingTests.swift */ = {isa = PBXFileReference; includeInIndex = 1; lastKnownFileType = sourcecode.swift; path = CastingTests.swift; sourceTree = "<group>"; };
		CF6990B2C5E340B7EF499FE8 /* Pods-Aiyifan.debug.xcconfig */ = {isa = PBXFileReference; includeInIndex = 1; lastKnownFileType = text.xcconfig; name = "Pods-Aiyifan.debug.xcconfig"; path = "Target Support Files/Pods-Aiyifan/Pods-Aiyifan.debug.xcconfig"; sourceTree = "<group>"; };
		D093A28D432080EC7A77BEF1 /* AiyifanUITests.xctest */ = {isa = PBXFileReference; explicitFileType = wrapper.cfbundle; includeInIndex = 0; path = AiyifanUITests.xctest; sourceTree = BUILT_PRODUCTS_DIR; };
		D2462858B329B4739B85BB23 /* Pods-Aiyifan.release.xcconfig */ = {isa = PBXFileReference; includeInIndex = 1; lastKnownFileType = text.xcconfig; name = "Pods-Aiyifan.release.xcconfig"; path = "Target Support Files/Pods-Aiyifan/Pods-Aiyifan.release.xcconfig"; sourceTree = "<group>"; };
		DEAB5B1E749472D9F479FEAA /* PlayedItemsStoreTests.swift */ = {isa = PBXFileReference; includeInIndex = 1; lastKnownFileType = sourcecode.swift; path = PlayedItemsStoreTests.swift; sourceTree = "<group>"; };
		E15E251F760CEAC0AD0AA500 /* libPods-Aiyifan.a */ = {isa = PBXFileReference; explicitFileType = archive.ar; includeInIndex = 0; path = "libPods-Aiyifan.a"; sourceTree = BUILT_PRODUCTS_DIR; };
		E5F77C21B8B263FD3D017268 /* BrowserView.swift */ = {isa = PBXFileReference; includeInIndex = 1; lastKnownFileType = sourcecode.swift; path = BrowserView.swift; sourceTree = "<group>"; };
		E7A59D571C3595650C085FB7 /* SavedItemsStore.swift */ = {isa = PBXFileReference; includeInIndex = 1; lastKnownFileType = sourcecode.swift; path = SavedItemsStore.swift; sourceTree = "<group>"; };
		EB5F270CC3D654E0E08663F6 /* AiyifanItemURLTests.swift */ = {isa = PBXFileReference; includeInIndex = 1; lastKnownFileType = sourcecode.swift; path = AiyifanItemURLTests.swift; sourceTree = "<group>"; };
/* End PBXFileReference section */

/* Begin PBXFrameworksBuildPhase section */
		2DCF3AFDACD8ABB1492A68A3 /* Frameworks */ = {
			isa = PBXFrameworksBuildPhase;
			buildActionMask = 2147483647;
			files = (
				62E098797F46D7C3BA3D3BAB /* Foundation.framework in Frameworks */,
				73EAB0B5E52CC8DBE6189B9B /* libPods-AiyifanTests.a in Frameworks */,
			);
			runOnlyForDeploymentPostprocessing = 0;
		};
		62775A1C0C81929A35E8C28A /* Frameworks */ = {
			isa = PBXFrameworksBuildPhase;
			buildActionMask = 2147483647;
			files = (
				23C44363FDB15F4F519C68E0 /* Foundation.framework in Frameworks */,
				6F8FBBF1155BC40F55DD2377 /* libPods-Aiyifan.a in Frameworks */,
			);
			runOnlyForDeploymentPostprocessing = 0;
		};
		B00F417374BEDEB8F0122E06 /* Frameworks */ = {
			isa = PBXFrameworksBuildPhase;
			buildActionMask = 2147483647;
			files = (
				74371B6CB6E422A38D2A2B80 /* Foundation.framework in Frameworks */,
				AEC9721616B16B8CCBD2F5A1 /* libPods-AiyifanUITests.a in Frameworks */,
			);
			runOnlyForDeploymentPostprocessing = 0;
		};
/* End PBXFrameworksBuildPhase section */

/* Begin PBXGroup section */
		1EE421EF6A87BE3BB1B7AAF2 /* Products */ = {
			isa = PBXGroup;
			children = (
				01180C892BD9C715082A8852 /* Aiyifan.app */,
				35AB444C9001C1960A80578D /* AiyifanTests.xctest */,
				D093A28D432080EC7A77BEF1 /* AiyifanUITests.xctest */,
			);
			name = Products;
			sourceTree = "<group>";
		};
		2CD8BF29099F019410468B1E /* AiyifanUITests */ = {
			isa = PBXGroup;
			children = (
				14949DD0672FE307E0C96021 /* AiyifanLatestTapTests.swift */,
			);
			name = AiyifanUITests;
			path = AiyifanUITests;
			sourceTree = "<group>";
		};
		4166A934503F8E75EBA6249D /* iOS */ = {
			isa = PBXGroup;
			children = (
				699A333066EEFE87190EDE68 /* Foundation.framework */,
			);
			name = iOS;
			sourceTree = "<group>";
		};
		835CF224A02C0FE843055027 /* Pods */ = {
			isa = PBXGroup;
			children = (
				D2462858B329B4739B85BB23 /* Pods-Aiyifan.release.xcconfig */,
				CF6990B2C5E340B7EF499FE8 /* Pods-Aiyifan.debug.xcconfig */,
				36A395E8230725E5B7807C48 /* Pods-AiyifanTests.release.xcconfig */,
				7C8125F7D615ACC7E015FD12 /* Pods-AiyifanTests.debug.xcconfig */,
				B7343D1BC2E80A3A683DFA5D /* Pods-AiyifanUITests.release.xcconfig */,
				4060FA53E8D8869178C2A21E /* Pods-AiyifanUITests.debug.xcconfig */,
			);
			name = Pods;
			path = Pods;
			sourceTree = "<group>";
		};
		8F2822B13A536D9A368C907E /* AiyifanTests */ = {
			isa = PBXGroup;
			children = (
				EB5F270CC3D654E0E08663F6 /* AiyifanItemURLTests.swift */,
				CA1684C5C7E3F4176B6D1360 /* CastingTests.swift */,
				B0F6D939BC0C8143664D56DE /* LibraryFeaturesTests.swift */,
				7B6F2064711C8EDA3D465D8A /* NativePlaybackResolverTests.swift */,
				81C09D57FDB01D6F1A2176EB /* NativePlayerViewModelTests.swift */,
				DEAB5B1E749472D9F479FEAA /* PlayedItemsStoreTests.swift */,
				9E0756E182AEA3AA3C7068B8 /* SavedItemsStoreTests.swift */,
				8AB14CDD0CAFEC8B45186DBE /* WebViewLoadTrackerTests.swift */,
				16FB736C6B6B402AB3FCD57A /* WebViewPopupPolicyTests.swift */,
			);
			name = AiyifanTests;
			path = AiyifanTests;
			sourceTree = "<group>";
		};
		935F87786BA2EC51F5EC8F64 /* Frameworks */ = {
			isa = PBXGroup;
			children = (
				4166A934503F8E75EBA6249D /* iOS */,
				E15E251F760CEAC0AD0AA500 /* libPods-Aiyifan.a */,
				9FCDC30D0CF9062156201E51 /* libPods-AiyifanTests.a */,
				C0E0BA43A9EA89AFC6E533E2 /* libPods-AiyifanUITests.a */,
			);
			name = Frameworks;
			sourceTree = "<group>";
		};
		C021F71A818A62129D8DA60C /* App */ = {
			isa = PBXGroup;
			children = (
				57D79A58A3ED1D98C50B1BC8 /* AiyifanApp.swift */,
				9DEDD7D6876DCABBDF66C6A5 /* AiyifanCategory.swift */,
				9A786EB99112E776AA1DC7A7 /* AiyifanFeedService.swift */,
				70957A2E99A2085A8213A3C1 /* AiyifanItem.swift */,
				E5F77C21B8B263FD3D017268 /* BrowserView.swift */,
				91AF98C1A9B245E03A7B47C5 /* BrowserViewModel.swift */,
				5AD29047EFB9A86FE4F9780C /* Casting.swift */,
				B5CB17137BFA47CC83C3B851 /* Episode.swift */,
				803CFA489CC608E68AA4883F /* EpisodeNavigator.swift */,
				C94A69DEB42495F2A44E175B /* LibraryDiscovery.swift */,
				88ABACCB15ECA8A2F3F24C5F /* NativePlaybackResolver.swift */,
				398871B6A17BEEC8A8ACF7E0 /* NativePlayerView.swift */,
				8FA92D4130FC9E4ABB715B50 /* PlayedItemsStore.swift */,
				648F96120F8D8A7BA70C0E73 /* PlayedItemsView.swift */,
				092C7E99C9DB86B62972A008 /* PosterImage.swift */,
				E7A59D571C3595650C085FB7 /* SavedItemsStore.swift */,
				7E45561093750160B0EF8B77 /* WebView.swift */,
			);
			name = App;
			path = App;
			sourceTree = "<group>";
		};
		C36E8C8C9B03C0118FA5D6EE /* Resources */ = {
			isa = PBXGroup;
			children = (
				AF971DBDB82AFA8A236A1BB2 /* Info.plist */,
			);
			name = Resources;
			path = Resources;
			sourceTree = "<group>";
		};
		D7E4346272F4F0903CF84688 = {
			isa = PBXGroup;
			children = (
				1EE421EF6A87BE3BB1B7AAF2 /* Products */,
				935F87786BA2EC51F5EC8F64 /* Frameworks */,
				E271847B573BC0501E9AF114 /* Aiyifan */,
				8F2822B13A536D9A368C907E /* AiyifanTests */,
				2CD8BF29099F019410468B1E /* AiyifanUITests */,
				835CF224A02C0FE843055027 /* Pods */,
			);
			sourceTree = "<group>";
		};
		E271847B573BC0501E9AF114 /* Aiyifan */ = {
			isa = PBXGroup;
			children = (
				C021F71A818A62129D8DA60C /* App */,
				C36E8C8C9B03C0118FA5D6EE /* Resources */,
				6F047FA39DC4791E6B621520 /* Aiyifan.entitlements */,
			);
			name = Aiyifan;
			path = Aiyifan;
			sourceTree = "<group>";
		};
/* End PBXGroup section */

/* Begin PBXNativeTarget section */
		063183B8DFE866059F5CF9A7 /* Aiyifan */ = {
			isa = PBXNativeTarget;
			buildConfigurationList = FF71507B89911A4BA2B76CF2 /* Build configuration list for PBXNativeTarget "Aiyifan" */;
			buildPhases = (
				E4EF3EC14D62E276DF98F836 /* [CP] Check Pods Manifest.lock */,
				07F4FCE0161AC0A923B6B5F1 /* Sources */,
				62775A1C0C81929A35E8C28A /* Frameworks */,
				E3320C801F9C7DC9C6BBF48B /* Resources */,
				E5312020E0598AED27679AA6 /* [CP] Copy Pods Resources */,
			);
			buildRules = (
			);
			dependencies = (
			);
			name = Aiyifan;
			productName = Aiyifan;
			productReference = 01180C892BD9C715082A8852 /* Aiyifan.app */;
			productType = "com.apple.product-type.application";
		};
		08BC976E3646FF11B34B0165 /* AiyifanTests */ = {
			isa = PBXNativeTarget;
			buildConfigurationList = CE3D46FA927EB1D37177D6BF /* Build configuration list for PBXNativeTarget "AiyifanTests" */;
			buildPhases = (
				CDDC4F8B674940C274F2BC5C /* [CP] Check Pods Manifest.lock */,
				FFA6503F7FE826D9D4266E57 /* Sources */,
				2DCF3AFDACD8ABB1492A68A3 /* Frameworks */,
				F53F6A52960BF4812B4E49A6 /* Resources */,
			);
			buildRules = (
			);
			dependencies = (
				CFEEF457580D7D8182FE78F2 /* PBXTargetDependency */,
			);
			name = AiyifanTests;
			productName = AiyifanTests;
			productReference = 35AB444C9001C1960A80578D /* AiyifanTests.xctest */;
			productType = "com.apple.product-type.bundle.unit-test";
		};
		3F32C23B393B6ACB469EBFD8 /* AiyifanUITests */ = {
			isa = PBXNativeTarget;
			buildConfigurationList = A8ACBAA0BA4E938E0176D64C /* Build configuration list for PBXNativeTarget "AiyifanUITests" */;
			buildPhases = (
				A0F5DC1A7516F33DE41A8887 /* [CP] Check Pods Manifest.lock */,
				834075FDC89A65A95330BAB8 /* Sources */,
				B00F417374BEDEB8F0122E06 /* Frameworks */,
				52741C0189B326DF33F1BA76 /* Resources */,
			);
			buildRules = (
			);
			dependencies = (
				6AE2D735EC6C372C29DCFE21 /* PBXTargetDependency */,
			);
			name = AiyifanUITests;
			productName = AiyifanUITests;
			productReference = D093A28D432080EC7A77BEF1 /* AiyifanUITests.xctest */;
			productType = "com.apple.product-type.bundle.ui-testing";
		};
/* End PBXNativeTarget section */

/* Begin PBXProject section */
		C9EB2942C0A73429E8DDBD82 /* Project object */ = {
			isa = PBXProject;
			attributes = {
				LastSwiftUpdateCheck = 2620;
				LastUpgradeCheck = 2620;
				TargetAttributes = {
					063183B8DFE866059F5CF9A7 = {
						CreatedOnToolsVersion = 26.2;
					};
					08BC976E3646FF11B34B0165 = {
						CreatedOnToolsVersion = 26.2;
						TestTargetID = 063183B8DFE866059F5CF9A7;
					};
					3F32C23B393B6ACB469EBFD8 = {
						CreatedOnToolsVersion = 26.2;
						TestTargetID = 063183B8DFE866059F5CF9A7;
					};
				};
			};
			buildConfigurationList = 968A4DAB2B888E4529ED8F28 /* Build configuration list for PBXProject "Aiyifan" */;
			compatibilityVersion = "Xcode 3.2";
			developmentRegion = en;
			hasScannedForEncodings = 0;
			knownRegions = (
				en,
				Base,
			);
			mainGroup = D7E4346272F4F0903CF84688;
			minimizedProjectReferenceProxies = 0;
			preferredProjectObjectVersion = 77;
			productRefGroup = 1EE421EF6A87BE3BB1B7AAF2 /* Products */;
			projectDirPath = "";
			projectRoot = "";
			targets = (
				063183B8DFE866059F5CF9A7 /* Aiyifan */,
				08BC976E3646FF11B34B0165 /* AiyifanTests */,
				3F32C23B393B6ACB469EBFD8 /* AiyifanUITests */,
			);
		};
/* End PBXProject section */

/* Begin PBXResourcesBuildPhase section */
		52741C0189B326DF33F1BA76 /* Resources */ = {
			isa = PBXResourcesBuildPhase;
			buildActionMask = 2147483647;
			files = (
			);
			runOnlyForDeploymentPostprocessing = 0;
		};
		E3320C801F9C7DC9C6BBF48B /* Resources */ = {
			isa = PBXResourcesBuildPhase;
			buildActionMask = 2147483647;
			files = (
			);
			runOnlyForDeploymentPostprocessing = 0;
		};
		F53F6A52960BF4812B4E49A6 /* Resources */ = {
			isa = PBXResourcesBuildPhase;
			buildActionMask = 2147483647;
			files = (
			);
			runOnlyForDeploymentPostprocessing = 0;
		};
/* End PBXResourcesBuildPhase section */

/* Begin PBXShellScriptBuildPhase section */
		A0F5DC1A7516F33DE41A8887 /* [CP] Check Pods Manifest.lock */ = {
			isa = PBXShellScriptBuildPhase;
			buildActionMask = 2147483647;
			files = (
			);
			inputFileListPaths = (
			);
			inputPaths = (
				"${PODS_PODFILE_DIR_PATH}/Podfile.lock",
				"${PODS_ROOT}/Manifest.lock",
			);
			name = "[CP] Check Pods Manifest.lock";
			outputFileListPaths = (
			);
			outputPaths = (
				"$(DERIVED_FILE_DIR)/Pods-AiyifanUITests-checkManifestLockResult.txt",
			);
			runOnlyForDeploymentPostprocessing = 0;
			shellPath = /bin/sh;
			shellScript = "diff \"${PODS_PODFILE_DIR_PATH}/Podfile.lock\" \"${PODS_ROOT}/Manifest.lock\" > /dev/null\nif [ $? != 0 ] ; then\n    # print error to STDERR\n    echo \"error: The sandbox is not in sync with the Podfile.lock. Run 'pod install' or update your CocoaPods installation.\" >&2\n    exit 1\nfi\n# This output is used by Xcode 'outputs' to avoid re-running this script phase.\necho \"SUCCESS\" > \"${SCRIPT_OUTPUT_FILE_0}\"\n";
			showEnvVarsInLog = 0;
		};
		CDDC4F8B674940C274F2BC5C /* [CP] Check Pods Manifest.lock */ = {
			isa = PBXShellScriptBuildPhase;
			buildActionMask = 2147483647;
			files = (
			);
			inputFileListPaths = (
			);
			inputPaths = (
				"${PODS_PODFILE_DIR_PATH}/Podfile.lock",
				"${PODS_ROOT}/Manifest.lock",
			);
			name = "[CP] Check Pods Manifest.lock";
			outputFileListPaths = (
			);
			outputPaths = (
				"$(DERIVED_FILE_DIR)/Pods-AiyifanTests-checkManifestLockResult.txt",
			);
			runOnlyForDeploymentPostprocessing = 0;
			shellPath = /bin/sh;
			shellScript = "diff \"${PODS_PODFILE_DIR_PATH}/Podfile.lock\" \"${PODS_ROOT}/Manifest.lock\" > /dev/null\nif [ $? != 0 ] ; then\n    # print error to STDERR\n    echo \"error: The sandbox is not in sync with the Podfile.lock. Run 'pod install' or update your CocoaPods installation.\" >&2\n    exit 1\nfi\n# This output is used by Xcode 'outputs' to avoid re-running this script phase.\necho \"SUCCESS\" > \"${SCRIPT_OUTPUT_FILE_0}\"\n";
			showEnvVarsInLog = 0;
		};
		E4EF3EC14D62E276DF98F836 /* [CP] Check Pods Manifest.lock */ = {
			isa = PBXShellScriptBuildPhase;
			buildActionMask = 2147483647;
			files = (
			);
			inputFileListPaths = (
			);
			inputPaths = (
				"${PODS_PODFILE_DIR_PATH}/Podfile.lock",
				"${PODS_ROOT}/Manifest.lock",
			);
			name = "[CP] Check Pods Manifest.lock";
			outputFileListPaths = (
			);
			outputPaths = (
				"$(DERIVED_FILE_DIR)/Pods-Aiyifan-checkManifestLockResult.txt",
			);
			runOnlyForDeploymentPostprocessing = 0;
			shellPath = /bin/sh;
			shellScript = "diff \"${PODS_PODFILE_DIR_PATH}/Podfile.lock\" \"${PODS_ROOT}/Manifest.lock\" > /dev/null\nif [ $? != 0 ] ; then\n    # print error to STDERR\n    echo \"error: The sandbox is not in sync with the Podfile.lock. Run 'pod install' or update your CocoaPods installation.\" >&2\n    exit 1\nfi\n# This output is used by Xcode 'outputs' to avoid re-running this script phase.\necho \"SUCCESS\" > \"${SCRIPT_OUTPUT_FILE_0}\"\n";
			showEnvVarsInLog = 0;
		};
		E5312020E0598AED27679AA6 /* [CP] Copy Pods Resources */ = {
			isa = PBXShellScriptBuildPhase;
			buildActionMask = 2147483647;
			files = (
			);
			inputPaths = (
				"${PODS_ROOT}/Target Support Files/Pods-Aiyifan/Pods-Aiyifan-resources.sh",
				"${PODS_CONFIGURATION_BUILD_DIR}/GTMSessionFetcher/GTMSessionFetcher_Core_Privacy.bundle",
				"${PODS_CONFIGURATION_BUILD_DIR}/GTMSessionFetcher/GTMSessionFetcher_Full_Privacy.bundle",
				"${PODS_ROOT}/google-cast-sdk/GoogleCastSDK-ios-4.8.6_static_xcframework/GoogleCast.xcframework/ios-arm64/GoogleCast.framework/GoogleCastCoreResources.bundle",
				"${PODS_ROOT}/google-cast-sdk/GoogleCastSDK-ios-4.8.6_static_xcframework/GoogleCast.xcframework/ios-arm64/GoogleCast.framework/GoogleCastUIResources.bundle",
				"${PODS_ROOT}/google-cast-sdk/GoogleCastSDK-ios-4.8.6_static_xcframework/GoogleCast.xcframework/ios-arm64/GoogleCast.framework/GoogleCastOptionalUIResources.bundle",
				"${PODS_ROOT}/google-cast-sdk/GoogleCastSDK-ios-4.8.6_static_xcframework/GoogleCast.xcframework/ios-arm64/GoogleCast.framework/MaterialDialogs.bundle",
				"${PODS_ROOT}/google-cast-sdk/GoogleCastSDK-ios-4.8.6_static_xcframework/GoogleCast.xcframework/ios-arm64/GoogleCast.framework/GoogleSansBold.bundle",
				"${PODS_ROOT}/google-cast-sdk/GoogleCastSDK-ios-4.8.6_static_xcframework/GoogleCast.xcframework/ios-arm64/GoogleCast.framework/GoogleSansMedium.bundle",
				"${PODS_ROOT}/google-cast-sdk/GoogleCastSDK-ios-4.8.6_static_xcframework/GoogleCast.xcframework/ios-arm64/GoogleCast.framework/GoogleSansRegular.bundle",
				"${PODS_CONFIGURATION_BUILD_DIR}/google-cast-sdk/GoogleCast.bundle",
			);
			name = "[CP] Copy Pods Resources";
			outputPaths = (
				"${TARGET_BUILD_DIR}/${UNLOCALIZED_RESOURCES_FOLDER_PATH}/GTMSessionFetcher_Core_Privacy.bundle",
				"${TARGET_BUILD_DIR}/${UNLOCALIZED_RESOURCES_FOLDER_PATH}/GTMSessionFetcher_Full_Privacy.bundle",
				"${TARGET_BUILD_DIR}/${UNLOCALIZED_RESOURCES_FOLDER_PATH}/GoogleCastCoreResources.bundle",
				"${TARGET_BUILD_DIR}/${UNLOCALIZED_RESOURCES_FOLDER_PATH}/GoogleCastUIResources.bundle",
				"${TARGET_BUILD_DIR}/${UNLOCALIZED_RESOURCES_FOLDER_PATH}/GoogleCastOptionalUIResources.bundle",
				"${TARGET_BUILD_DIR}/${UNLOCALIZED_RESOURCES_FOLDER_PATH}/MaterialDialogs.bundle",
				"${TARGET_BUILD_DIR}/${UNLOCALIZED_RESOURCES_FOLDER_PATH}/GoogleSansBold.bundle",
				"${TARGET_BUILD_DIR}/${UNLOCALIZED_RESOURCES_FOLDER_PATH}/GoogleSansMedium.bundle",
				"${TARGET_BUILD_DIR}/${UNLOCALIZED_RESOURCES_FOLDER_PATH}/GoogleSansRegular.bundle",
				"${TARGET_BUILD_DIR}/${UNLOCALIZED_RESOURCES_FOLDER_PATH}/GoogleCast.bundle",
			);
			runOnlyForDeploymentPostprocessing = 0;
			shellPath = /bin/sh;
			shellScript = "\"${PODS_ROOT}/Target Support Files/Pods-Aiyifan/Pods-Aiyifan-resources.sh\"\n";
			showEnvVarsInLog = 0;
		};
/* End PBXShellScriptBuildPhase section */

/* Begin PBXSourcesBuildPhase section */
		07F4FCE0161AC0A923B6B5F1 /* Sources */ = {
			isa = PBXSourcesBuildPhase;
			buildActionMask = 2147483647;
			files = (
				B4E34BAD3C7DB5D0DB89C6CA /* AiyifanApp.swift in Sources */,
				C76762D5953540918D3295A9 /* AiyifanCategory.swift in Sources */,
				20EF528F898C7C76F27751B5 /* AiyifanFeedService.swift in Sources */,
				BA73B62A04B52849ABF91A2F /* AiyifanItem.swift in Sources */,
				98E6FF4E27EE5FB84DFE95EF /* BrowserView.swift in Sources */,
				A7673B45771FB7FA57174799 /* BrowserViewModel.swift in Sources */,
				FDE8493017B6CAB7E66ABCFD /* Casting.swift in Sources */,
				DEA72AD9067C78AEBBA0FE62 /* Episode.swift in Sources */,
				70B808A688259C05C2D81DE8 /* EpisodeNavigator.swift in Sources */,
				086854224DF46CFB4E1107D2 /* LibraryDiscovery.swift in Sources */,
				AF3F05FA17EF73D0C9DB1B42 /* NativePlaybackResolver.swift in Sources */,
				0090E33AFB389827DAF7B8B8 /* NativePlayerView.swift in Sources */,
				8D4207E9B5C3F78D4604F96D /* PlayedItemsStore.swift in Sources */,
				99348C33BF50D91C174EAED2 /* PlayedItemsView.swift in Sources */,
				604C8F8247D05EF0EACDADA7 /* PosterImage.swift in Sources */,
				20B8FB462FDAB241E426D484 /* SavedItemsStore.swift in Sources */,
				5C850C3DEE978205E286AC4E /* WebView.swift in Sources */,
			);
			runOnlyForDeploymentPostprocessing = 0;
		};
		834075FDC89A65A95330BAB8 /* Sources */ = {
			isa = PBXSourcesBuildPhase;
			buildActionMask = 2147483647;
			files = (
				0F405922079ABAB262FA44F3 /* AiyifanLatestTapTests.swift in Sources */,
			);
			runOnlyForDeploymentPostprocessing = 0;
		};
		FFA6503F7FE826D9D4266E57 /* Sources */ = {
			isa = PBXSourcesBuildPhase;
			buildActionMask = 2147483647;
			files = (
				300A0A10F11CD24704E91171 /* AiyifanItemURLTests.swift in Sources */,
				B590778379B76AEE3FD2198F /* CastingTests.swift in Sources */,
				0C5460E2B9DB64AF198EB7E9 /* LibraryFeaturesTests.swift in Sources */,
				983370C69EB4EEDEC110F971 /* NativePlaybackResolverTests.swift in Sources */,
				D79AF8695F70E56D7573AD22 /* NativePlayerViewModelTests.swift in Sources */,
				413D5C500AD354F52C12A872 /* PlayedItemsStoreTests.swift in Sources */,
				EAC94B94C131CFEDC6E0A0D1 /* SavedItemsStoreTests.swift in Sources */,
				AC7F611101138CDCC4F1C118 /* WebViewLoadTrackerTests.swift in Sources */,
				0498C62896EBB67F13ED77EC /* WebViewPopupPolicyTests.swift in Sources */,
			);
			runOnlyForDeploymentPostprocessing = 0;
		};
/* End PBXSourcesBuildPhase section */

/* Begin PBXTargetDependency section */
		6AE2D735EC6C372C29DCFE21 /* PBXTargetDependency */ = {
			isa = PBXTargetDependency;
			name = Aiyifan;
			target = 063183B8DFE866059F5CF9A7 /* Aiyifan */;
			targetProxy = 31EFAEF112DB9582E1F06960 /* PBXContainerItemProxy */;
		};
		CFEEF457580D7D8182FE78F2 /* PBXTargetDependency */ = {
			isa = PBXTargetDependency;
			name = Aiyifan;
			target = 063183B8DFE866059F5CF9A7 /* Aiyifan */;
			targetProxy = D05F0DF4DAFCF867B9BB86AA /* PBXContainerItemProxy */;
		};
/* End PBXTargetDependency section */

/* Begin XCBuildConfiguration section */
		20F28290C0071742F53FA68C /* Release */ = {
			isa = XCBuildConfiguration;
			baseConfigurationReference = 36A395E8230725E5B7807C48 /* Pods-AiyifanTests.release.xcconfig */;
			buildSettings = {
				BUNDLE_LOADER = "$(TEST_HOST)";
				CLANG_ENABLE_OBJC_WEAK = NO;
				CODE_SIGN_STYLE = Automatic;
				DEVELOPMENT_TEAM = VGGZ34H2PS;
				GENERATE_INFOPLIST_FILE = YES;
				IPHONEOS_DEPLOYMENT_TARGET = 17.0;
				PRODUCT_BUNDLE_IDENTIFIER = com.john.aiyifan.tests;
				PRODUCT_NAME = "$(TARGET_NAME)";
				SDKROOT = iphoneos;
				SUPPORTED_PLATFORMS = "iphoneos iphonesimulator";
				SWIFT_VERSION = 6.0;
				TARGETED_DEVICE_FAMILY = "1,2";
				TEST_HOST = "$(BUILT_PRODUCTS_DIR)/Aiyifan.app/$(BUNDLE_EXECUTABLE_FOLDER_PATH)/Aiyifan";
				VALIDATE_PRODUCT = YES;
			};
			name = Release;
		};
		2E92A602E2A1F715A10C6E17 /* Debug */ = {
			isa = XCBuildConfiguration;
			baseConfigurationReference = 4060FA53E8D8869178C2A21E /* Pods-AiyifanUITests.debug.xcconfig */;
			buildSettings = {
				CLANG_ENABLE_OBJC_WEAK = NO;
				CODE_SIGN_STYLE = Automatic;
				DEVELOPMENT_TEAM = VGGZ34H2PS;
				GENERATE_INFOPLIST_FILE = YES;
				IPHONEOS_DEPLOYMENT_TARGET = 17.0;
				PRODUCT_BUNDLE_IDENTIFIER = com.john.aiyifan.uitests;
				PRODUCT_NAME = "$(TARGET_NAME)";
				SDKROOT = iphoneos;
				SUPPORTED_PLATFORMS = "iphoneos iphonesimulator";
				SWIFT_VERSION = 6.0;
				TARGETED_DEVICE_FAMILY = "1,2";
				TEST_TARGET_NAME = Aiyifan;
			};
			name = Debug;
		};
		3497C398F0E090D01C61A43E /* Debug */ = {
			isa = XCBuildConfiguration;
			buildSettings = {
				ALWAYS_SEARCH_USER_PATHS = NO;
				CLANG_ANALYZER_NONNULL = YES;
				CLANG_ANALYZER_NUMBER_OBJECT_CONVERSION = YES_AGGRESSIVE;
				CLANG_CXX_LANGUAGE_STANDARD = "gnu++14";
				CLANG_CXX_LIBRARY = "libc++";
				CLANG_ENABLE_MODULES = YES;
				CLANG_ENABLE_OBJC_ARC = YES;
				CLANG_ENABLE_OBJC_WEAK = YES;
				CLANG_WARN_BLOCK_CAPTURE_AUTORELEASING = YES;
				CLANG_WARN_BOOL_CONVERSION = YES;
				CLANG_WARN_COMMA = YES;
				CLANG_WARN_CONSTANT_CONVERSION = YES;
				CLANG_WARN_DEPRECATED_OBJC_IMPLEMENTATIONS = YES;
				CLANG_WARN_DIRECT_OBJC_ISA_USAGE = YES_ERROR;
				CLANG_WARN_DOCUMENTATION_COMMENTS = YES;
				CLANG_WARN_EMPTY_BODY = YES;
				CLANG_WARN_ENUM_CONVERSION = YES;
				CLANG_WARN_INFINITE_RECURSION = YES;
				CLANG_WARN_INT_CONVERSION = YES;
				CLANG_WARN_NON_LITERAL_NULL_CONVERSION = YES;
				CLANG_WARN_OBJC_IMPLICIT_RETAIN_SELF = YES;
				CLANG_WARN_OBJC_LITERAL_CONVERSION = YES;
				CLANG_WARN_OBJC_ROOT_CLASS = YES_ERROR;
				CLANG_WARN_QUOTED_INCLUDE_IN_FRAMEWORK_HEADER = YES;
				CLANG_WARN_RANGE_LOOP_ANALYSIS = YES;
				CLANG_WARN_STRICT_PROTOTYPES = YES;
				CLANG_WARN_SUSPICIOUS_MOVE = YES;
				CLANG_WARN_UNGUARDED_AVAILABILITY = YES_AGGRESSIVE;
				CLANG_WARN_UNREACHABLE_CODE = YES;
				CLANG_WARN__DUPLICATE_METHOD_MATCH = YES;
				COPY_PHASE_STRIP = NO;
				DEBUG_INFORMATION_FORMAT = dwarf;
				ENABLE_STRICT_OBJC_MSGSEND = YES;
				ENABLE_TESTABILITY = YES;
				GCC_C_LANGUAGE_STANDARD = gnu11;
				GCC_DYNAMIC_NO_PIC = NO;
				GCC_NO_COMMON_BLOCKS = YES;
				GCC_OPTIMIZATION_LEVEL = 0;
				GCC_PREPROCESSOR_DEFINITIONS = (
					"DEBUG=1",
					"$(inherited)",
				);
				GCC_WARN_64_TO_32_BIT_CONVERSION = YES;
				GCC_WARN_ABOUT_RETURN_TYPE = YES_ERROR;
				GCC_WARN_UNDECLARED_SELECTOR = YES;
				GCC_WARN_UNINITIALIZED_AUTOS = YES_AGGRESSIVE;
				GCC_WARN_UNUSED_FUNCTION = YES;
				GCC_WARN_UNUSED_VARIABLE = YES;
				IPHONEOS_DEPLOYMENT_TARGET = 17.0;
				MTL_ENABLE_DEBUG_INFO = INCLUDE_SOURCE;
				MTL_FAST_MATH = YES;
				ONLY_ACTIVE_ARCH = YES;
				PRODUCT_NAME = "$(TARGET_NAME)";
				SWIFT_ACTIVE_COMPILATION_CONDITIONS = DEBUG;
				SWIFT_OPTIMIZATION_LEVEL = "-Onone";
				SWIFT_VERSION = 6.0;
			};
			name = Debug;
		};
		5874BD76B27DB3B3E66FCA89 /* Release */ = {
			isa = XCBuildConfiguration;
			buildSettings = {
				ALWAYS_SEARCH_USER_PATHS = NO;
				CLANG_ANALYZER_NONNULL = YES;
				CLANG_ANALYZER_NUMBER_OBJECT_CONVERSION = YES_AGGRESSIVE;
				CLANG_CXX_LANGUAGE_STANDARD = "gnu++14";
				CLANG_CXX_LIBRARY = "libc++";
				CLANG_ENABLE_MODULES = YES;
				CLANG_ENABLE_OBJC_ARC = YES;
				CLANG_ENABLE_OBJC_WEAK = YES;
				CLANG_WARN_BLOCK_CAPTURE_AUTORELEASING = YES;
				CLANG_WARN_BOOL_CONVERSION = YES;
				CLANG_WARN_COMMA = YES;
				CLANG_WARN_CONSTANT_CONVERSION = YES;
				CLANG_WARN_DEPRECATED_OBJC_IMPLEMENTATIONS = YES;
				CLANG_WARN_DIRECT_OBJC_ISA_USAGE = YES_ERROR;
				CLANG_WARN_DOCUMENTATION_COMMENTS = YES;
				CLANG_WARN_EMPTY_BODY = YES;
				CLANG_WARN_ENUM_CONVERSION = YES;
				CLANG_WARN_INFINITE_RECURSION = YES;
				CLANG_WARN_INT_CONVERSION = YES;
				CLANG_WARN_NON_LITERAL_NULL_CONVERSION = YES;
				CLANG_WARN_OBJC_IMPLICIT_RETAIN_SELF = YES;
				CLANG_WARN_OBJC_LITERAL_CONVERSION = YES;
				CLANG_WARN_OBJC_ROOT_CLASS = YES_ERROR;
				CLANG_WARN_QUOTED_INCLUDE_IN_FRAMEWORK_HEADER = YES;
				CLANG_WARN_RANGE_LOOP_ANALYSIS = YES;
				CLANG_WARN_STRICT_PROTOTYPES = YES;
				CLANG_WARN_SUSPICIOUS_MOVE = YES;
				CLANG_WARN_UNGUARDED_AVAILABILITY = YES_AGGRESSIVE;
				CLANG_WARN_UNREACHABLE_CODE = YES;
				CLANG_WARN__DUPLICATE_METHOD_MATCH = YES;
				COPY_PHASE_STRIP = NO;
				DEBUG_INFORMATION_FORMAT = "dwarf-with-dsym";
				ENABLE_NS_ASSERTIONS = NO;
				ENABLE_STRICT_OBJC_MSGSEND = YES;
				GCC_C_LANGUAGE_STANDARD = gnu11;
				GCC_NO_COMMON_BLOCKS = YES;
				GCC_WARN_64_TO_32_BIT_CONVERSION = YES;
				GCC_WARN_ABOUT_RETURN_TYPE = YES_ERROR;
				GCC_WARN_UNDECLARED_SELECTOR = YES;
				GCC_WARN_UNINITIALIZED_AUTOS = YES_AGGRESSIVE;
				GCC_WARN_UNUSED_FUNCTION = YES;
				GCC_WARN_UNUSED_VARIABLE = YES;
				IPHONEOS_DEPLOYMENT_TARGET = 17.0;
				MTL_ENABLE_DEBUG_INFO = NO;
				MTL_FAST_MATH = YES;
				PRODUCT_NAME = "$(TARGET_NAME)";
				SWIFT_COMPILATION_MODE = wholemodule;
				SWIFT_OPTIMIZATION_LEVEL = "-O";
				SWIFT_VERSION = 6.0;
			};
			name = Release;
		};
		5A46630CB7A4C43266A24F3B /* Release */ = {
			isa = XCBuildConfiguration;
			baseConfigurationReference = D2462858B329B4739B85BB23 /* Pods-Aiyifan.release.xcconfig */;
			buildSettings = {
				ASSETCATALOG_COMPILER_APPICON_NAME = "";
				ASSETCATALOG_COMPILER_GLOBAL_ACCENT_COLOR_NAME = AccentColor;
				CLANG_ENABLE_OBJC_WEAK = NO;
				CODE_SIGN_ENTITLEMENTS = Aiyifan/Aiyifan.entitlements;
				CODE_SIGN_STYLE = Automatic;
				CURRENT_PROJECT_VERSION = 1;
				DEVELOPMENT_TEAM = VGGZ34H2PS;
				GENERATE_INFOPLIST_FILE = NO;
				INFOPLIST_FILE = Aiyifan/Resources/Info.plist;
				IPHONEOS_DEPLOYMENT_TARGET = 17.0;
				LD_RUNPATH_SEARCH_PATHS = "$(inherited) @executable_path/Frameworks";
				MARKETING_VERSION = 1.0;
				PRODUCT_BUNDLE_IDENTIFIER = com.john.aiyifan;
				PRODUCT_NAME = "$(TARGET_NAME)";
				SDKROOT = iphoneos;
				SUPPORTED_PLATFORMS = "iphoneos iphonesimulator";
				SUPPORTS_MACCATALYST = NO;
				SWIFT_VERSION = 6.0;
				TARGETED_DEVICE_FAMILY = "1,2";
				VALIDATE_PRODUCT = YES;
			};
			name = Release;
		};
		67B629D545794B0F4C935995 /* Release */ = {
			isa = XCBuildConfiguration;
			baseConfigurationReference = B7343D1BC2E80A3A683DFA5D /* Pods-AiyifanUITests.release.xcconfig */;
			buildSettings = {
				CLANG_ENABLE_OBJC_WEAK = NO;
				CODE_SIGN_STYLE = Automatic;
				DEVELOPMENT_TEAM = VGGZ34H2PS;
				GENERATE_INFOPLIST_FILE = YES;
				IPHONEOS_DEPLOYMENT_TARGET = 17.0;
				PRODUCT_BUNDLE_IDENTIFIER = com.john.aiyifan.uitests;
				PRODUCT_NAME = "$(TARGET_NAME)";
				SDKROOT = iphoneos;
				SUPPORTED_PLATFORMS = "iphoneos iphonesimulator";
				SWIFT_VERSION = 6.0;
				TARGETED_DEVICE_FAMILY = "1,2";
				TEST_TARGET_NAME = Aiyifan;
				VALIDATE_PRODUCT = YES;
			};
			name = Release;
		};
		778843FAC04C0BA0C3676BBF /* Debug */ = {
			isa = XCBuildConfiguration;
			baseConfigurationReference = 7C8125F7D615ACC7E015FD12 /* Pods-AiyifanTests.debug.xcconfig */;
			buildSettings = {
				BUNDLE_LOADER = "$(TEST_HOST)";
				CLANG_ENABLE_OBJC_WEAK = NO;
				CODE_SIGN_STYLE = Automatic;
				DEVELOPMENT_TEAM = VGGZ34H2PS;
				GENERATE_INFOPLIST_FILE = YES;
				IPHONEOS_DEPLOYMENT_TARGET = 17.0;
				PRODUCT_BUNDLE_IDENTIFIER = com.john.aiyifan.tests;
				PRODUCT_NAME = "$(TARGET_NAME)";
				SDKROOT = iphoneos;
				SUPPORTED_PLATFORMS = "iphoneos iphonesimulator";
				SWIFT_VERSION = 6.0;
				TARGETED_DEVICE_FAMILY = "1,2";
				TEST_HOST = "$(BUILT_PRODUCTS_DIR)/Aiyifan.app/$(BUNDLE_EXECUTABLE_FOLDER_PATH)/Aiyifan";
			};
			name = Debug;
		};
		E885667E7E26FBED0F9D9A0D /* Debug */ = {
			isa = XCBuildConfiguration;
			baseConfigurationReference = CF6990B2C5E340B7EF499FE8 /* Pods-Aiyifan.debug.xcconfig */;
			buildSettings = {
				ASSETCATALOG_COMPILER_APPICON_NAME = "";
				ASSETCATALOG_COMPILER_GLOBAL_ACCENT_COLOR_NAME = AccentColor;
				CLANG_ENABLE_OBJC_WEAK = NO;
				CODE_SIGN_ENTITLEMENTS = Aiyifan/Aiyifan.entitlements;
				CODE_SIGN_STYLE = Automatic;
				CURRENT_PROJECT_VERSION = 1;
				DEVELOPMENT_TEAM = VGGZ34H2PS;
				GENERATE_INFOPLIST_FILE = NO;
				INFOPLIST_FILE = Aiyifan/Resources/Info.plist;
				IPHONEOS_DEPLOYMENT_TARGET = 17.0;
				LD_RUNPATH_SEARCH_PATHS = "$(inherited) @executable_path/Frameworks";
				MARKETING_VERSION = 1.0;
				PRODUCT_BUNDLE_IDENTIFIER = com.john.aiyifan;
				PRODUCT_NAME = "$(TARGET_NAME)";
				SDKROOT = iphoneos;
				SUPPORTED_PLATFORMS = "iphoneos iphonesimulator";
				SUPPORTS_MACCATALYST = NO;
				SWIFT_VERSION = 6.0;
				TARGETED_DEVICE_FAMILY = "1,2";
			};
			name = Debug;
		};
/* End XCBuildConfiguration section */

/* Begin XCConfigurationList section */
		968A4DAB2B888E4529ED8F28 /* Build configuration list for PBXProject "Aiyifan" */ = {
			isa = XCConfigurationList;
			buildConfigurations = (
				3497C398F0E090D01C61A43E /* Debug */,
				5874BD76B27DB3B3E66FCA89 /* Release */,
			);
			defaultConfigurationIsVisible = 0;
			defaultConfigurationName = Release;
		};
		A8ACBAA0BA4E938E0176D64C /* Build configuration list for PBXNativeTarget "AiyifanUITests" */ = {
			isa = XCConfigurationList;
			buildConfigurations = (
				67B629D545794B0F4C935995 /* Release */,
				2E92A602E2A1F715A10C6E17 /* Debug */,
			);
			defaultConfigurationIsVisible = 0;
			defaultConfigurationName = Release;
		};
		CE3D46FA927EB1D37177D6BF /* Build configuration list for PBXNativeTarget "AiyifanTests" */ = {
			isa = XCConfigurationList;
			buildConfigurations = (
				20F28290C0071742F53FA68C /* Release */,
				778843FAC04C0BA0C3676BBF /* Debug */,
			);
			defaultConfigurationIsVisible = 0;
			defaultConfigurationName = Release;
		};
		FF71507B89911A4BA2B76CF2 /* Build configuration list for PBXNativeTarget "Aiyifan" */ = {
			isa = XCConfigurationList;
			buildConfigurations = (
				5A46630CB7A4C43266A24F3B /* Release */,
				E885667E7E26FBED0F9D9A0D /* Debug */,
			);
			defaultConfigurationIsVisible = 0;
			defaultConfigurationName = Release;
		};
/* End XCConfigurationList section */
	};
	rootObject = C9EB2942C0A73429E8DDBD82 /* Project object */;
}
